{
  "version": 4,
  "terraform_version": "1.6.0",
  "serial": 716,
  "lineage": "d55a2281-fd70-56db-9007-4a41ef8b8493",
  "outputs": {
    "AppserverPublicIP": {
      "value": "18.118.210.219",
      "type": "string"
    },
    "DBServerPrivateIP": {
      "value": "10.0.3.127",
      "type": "string"
    },
    "MQServerPrivateIP": {
      "value": "10.0.3.156",
      "type": "string"
    },
    "MemCServerPrivateIP": {
      "value": "10.0.3.126",
      "type": "string"
    }
  },
  "resources": [
    {
      "mode": "data",
      "type": "aws_iam_policy_document",
      "name": "assume_role",
      "provider": "provider[\"registry.terraform.io/hashicorp/aws\"]",
      "instances": [
        {
          "schema_version": 0,
          "attributes": {
            "id": "4250039221",
            "json": "{\n  \"Version\": \"2012-10-17\",\n  \"Statement\": [\n    {\n      \"Effect\": \"Allow\",\n      \"Action\": \"sts:AssumeRole\",\n      \"Principal\": {\n        \"Service\": \"codedeploy.amazonaws.com\"\n      }\n    }\n  ]\n}",
            "override_policy_documents": null,
            "policy_id": null,
            "source_policy_documents": null,
            "statement": [
              {
                "actions": [
                  "sts:AssumeRole"
                ],
                "condition": [],
                "effect": "Allow",
                "not_actions": [],
                "not_principals": [],
                "not_resources": [],
                "principals": [
                  {
                    "identifiers": [
                      "codedeploy.amazonaws.com"
                    ],
                    "type": "Service"
                  }
                ],
                "resources": [],
                "sid": ""
              }
            ],
            "version": "2012-10-17"
          },
          "sensitive_attributes": []
        }
      ]
    },
    {
      "mode": "managed",
      "type": "aws_autoscaling_group",
      "name": "vprofile-asg",
      "provider": "provider[\"registry.terraform.io/hashicorp/aws\"]",
      "instances": [
        {
          "schema_version": 1,
          "attributes": {
            "arn": "arn:aws:autoscaling:us-east-2:733922282178:autoScalingGroup:f5d33cb4-2a19-447e-85e3-ab70a0a9558b:autoScalingGroupName/vprofile-asg",
            "availability_zones": [
              "us-east-2a",
              "us-east-2b"
            ],
            "capacity_rebalance": false,
            "context": "",
            "default_cooldown": 300,
            "default_instance_warmup": 0,
            "desired_capacity": 3,
            "desired_capacity_type": "",
            "enabled_metrics": null,
            "force_delete": true,
            "force_delete_warm_pool": false,
            "health_check_grace_period": 300,
            "health_check_type": "ELB",
            "id": "vprofile-asg",
            "ignore_failed_scaling_activities": false,
            "initial_lifecycle_hook": [],
            "instance_refresh": [],
            "launch_configuration": "",
            "launch_template": [
              {
                "id": "lt-0628090a115c9ed34",
                "name": "vprofile-lauch-template",
                "version": "1"
              }
            ],
            "load_balancers": [],
            "max_instance_lifetime": 0,
            "max_size": 5,
            "metrics_granularity": "1Minute",
            "min_elb_capacity": null,
            "min_size": 2,
            "mixed_instances_policy": [],
            "name": "vprofile-asg",
            "name_prefix": "",
            "placement_group": "",
            "predicted_capacity": 0,
            "protect_from_scale_in": false,
            "service_linked_role_arn": "arn:aws:iam::733922282178:role/aws-service-role/autoscaling.amazonaws.com/AWSServiceRoleForAutoScaling",
            "suspended_processes": null,
            "tag": [],
            "target_group_arns": [
              "arn:aws:elasticloadbalancing:us-east-2:733922282178:targetgroup/vprofile-targetgroup/ad98617a5056aa9c"
            ],
            "termination_policies": null,
            "timeouts": null,
            "traffic_source": [
              {
                "identifier": "arn:aws:elasticloadbalancing:us-east-2:733922282178:targetgroup/vprofile-targetgroup/ad98617a5056aa9c",
                "type": "elbv2"
              }
            ],
            "vpc_zone_identifier": [
              "subnet-02ba7fdcca81ee47a",
              "subnet-0b259dfd1f02f7c14"
            ],
            "wait_for_capacity_timeout": "10m",
            "wait_for_elb_capacity": null,
            "warm_pool": [],
            "warm_pool_size": 0
          },
          "sensitive_attributes": [],
          "private": "eyJlMmJmYjczMC1lY2FhLTExZTYtOGY4OC0zNDM2M2JjN2M0YzAiOnsiZGVsZXRlIjo2MDAwMDAwMDAwMDAsInVwZGF0ZSI6NjAwMDAwMDAwMDAwfSwic2NoZW1hX3ZlcnNpb24iOiIxIn0=",
          "dependencies": [
            "aws_iam_instance_profile.vprofile-instance-profile",
            "aws_iam_role.vprofile-instance-role",
            "aws_launch_template.vprofile-lauch-template",
            "aws_lb_target_group.vprofile-targetgroup",
            "aws_security_group.SG-appserver",
            "aws_subnet.public_subnet_2a",
            "aws_subnet.public_subnet_2b",
            "aws_vpc.main"
          ]
        }
      ]
    },
    {
      "mode": "managed",
      "type": "aws_autoscaling_policy",
      "name": "vprofile-asg-policy",
      "provider": "provider[\"registry.terraform.io/hashicorp/aws\"]",
      "instances": [
        {
          "schema_version": 0,
          "attributes": {
            "adjustment_type": "",
            "arn": "arn:aws:autoscaling:us-east-2:733922282178:scalingPolicy:95fb94f2-8373-47ff-8a4c-7cc85688e509:autoScalingGroupName/vprofile-asg:policyName/vprofile-asg-policy",
            "autoscaling_group_name": "vprofile-asg",
            "cooldown": 0,
            "enabled": true,
            "estimated_instance_warmup": 300,
            "id": "vprofile-asg-policy",
            "metric_aggregation_type": "",
            "min_adjustment_magnitude": 0,
            "name": "vprofile-asg-policy",
            "policy_type": "TargetTrackingScaling",
            "predictive_scaling_configuration": [],
            "scaling_adjustment": 0,
            "step_adjustment": [],
            "target_tracking_configuration": [
              {
                "customized_metric_specification": [],
                "disable_scale_in": false,
                "predefined_metric_specification": [
                  {
                    "predefined_metric_type": "ASGAverageCPUUtilization",
                    "resource_label": ""
                  }
                ],
                "target_value": 25
              }
            ]
          },
          "sensitive_attributes": [],
          "private": "bnVsbA==",
          "dependencies": [
            "aws_autoscaling_group.vprofile-asg",
            "aws_iam_instance_profile.vprofile-instance-profile",
            "aws_iam_role.vprofile-instance-role",
            "aws_launch_template.vprofile-lauch-template",
            "aws_lb_target_group.vprofile-targetgroup",
            "aws_security_group.SG-appserver",
            "aws_subnet.public_subnet_2a",
            "aws_subnet.public_subnet_2b",
            "aws_vpc.main"
          ]
        }
      ]
    },
    {
      "mode": "managed",
      "type": "aws_codedeploy_app",
      "name": "vprofile",
      "provider": "provider[\"registry.terraform.io/hashicorp/aws\"]",
      "instances": [
        {
          "schema_version": 0,
          "attributes": {
            "application_id": "31d39d7a-427a-47e5-8e70-0c4bae9470ba",
            "arn": "arn:aws:codedeploy:us-east-2:733922282178:application:vprofile",
            "compute_platform": "Server",
            "github_account_name": "",
            "id": "31d39d7a-427a-47e5-8e70-0c4bae9470ba:vprofile",
            "linked_to_github": false,
            "name": "vprofile",
            "tags": null,
            "tags_all": {}
          },
          "sensitive_attributes": [],
          "private": "bnVsbA=="
        }
      ]
    },
    {
      "mode": "managed",
      "type": "aws_codedeploy_deployment_group",
      "name": "vproile-codedeployment-group",
      "provider": "provider[\"registry.terraform.io/hashicorp/aws\"]",
      "instances": [
        {
          "schema_version": 0,
          "attributes": {
            "alarm_configuration": [],
            "app_name": "vprofile",
            "arn": "arn:aws:codedeploy:us-east-2:733922282178:deploymentgroup:vprofile/vprofile-codedeployment-group",
            "auto_rollback_configuration": [],
            "autoscaling_groups": [
              "vprofile-asg"
            ],
            "blue_green_deployment_config": [],
            "compute_platform": "Server",
            "deployment_config_name": "CodeDeployDefault.OneAtATime",
            "deployment_group_id": "bdcf90b2-4ddf-491d-a122-57e9e649fa4b",
            "deployment_group_name": "vprofile-codedeployment-group",
            "deployment_style": [
              {
                "deployment_option": "WITH_TRAFFIC_CONTROL",
                "deployment_type": "IN_PLACE"
              }
            ],
            "ec2_tag_filter": [],
            "ec2_tag_set": [],
            "ecs_service": [],
            "id": "bdcf90b2-4ddf-491d-a122-57e9e649fa4b",
            "load_balancer_info": [
              {
                "elb_info": [],
                "target_group_info": [
                  {
                    "name": "vprofile-targetgroup"
                  }
                ],
                "target_group_pair_info": []
              }
            ],
            "on_premises_instance_tag_filter": [],
            "service_role_arn": "arn:aws:iam::733922282178:role/codedeploy-role1",
            "tags": null,
            "tags_all": {},
            "trigger_configuration": []
          },
          "sensitive_attributes": [],
          "private": "bnVsbA==",
          "dependencies": [
            "aws_autoscaling_group.vprofile-asg",
            "aws_codedeploy_app.vprofile",
            "aws_iam_instance_profile.vprofile-instance-profile",
            "aws_iam_role.codedeploy-role1",
            "aws_iam_role.vprofile-instance-role",
            "aws_launch_template.vprofile-lauch-template",
            "aws_lb_target_group.vprofile-targetgroup",
            "aws_security_group.SG-appserver",
            "aws_subnet.public_subnet_2a",
            "aws_subnet.public_subnet_2b",
            "aws_vpc.main",
            "data.aws_iam_policy_document.assume_role"
          ]
        }
      ]
    },
    {
      "mode": "managed",
      "type": "aws_eip",
      "name": "nat_eip",
      "provider": "provider[\"registry.terraform.io/hashicorp/aws\"]",
      "instances": [
        {
          "schema_version": 0,
          "attributes": {
            "address": null,
            "allocation_id": "eipalloc-01d2878c7bd6c8a07",
            "associate_with_private_ip": null,
            "association_id": "",
            "carrier_ip": "",
            "customer_owned_ip": "",
            "customer_owned_ipv4_pool": "",
            "domain": "vpc",
            "id": "eipalloc-01d2878c7bd6c8a07",
            "instance": "",
            "network_border_group": "us-east-2",
            "network_interface": "",
            "private_dns": null,
            "private_ip": "",
            "public_dns": "ec2-3-140-90-124.us-east-2.compute.amazonaws.com",
            "public_ip": "3.140.90.124",
            "public_ipv4_pool": "amazon",
            "tags": {
              "Environment": "terraform-dev",
              "Name": "terraform-dev-nat_eip"
            },
            "tags_all": {
              "Environment": "terraform-dev",
              "Name": "terraform-dev-nat_eip"
            },
            "timeouts": null,
            "vpc": true
          },
          "sensitive_attributes": [],
          "private": "eyJlMmJmYjczMC1lY2FhLTExZTYtOGY4OC0zNDM2M2JjN2M0YzAiOnsiZGVsZXRlIjoxODAwMDAwMDAwMDAsInJlYWQiOjkwMDAwMDAwMDAwMCwidXBkYXRlIjozMDAwMDAwMDAwMDB9fQ==",
          "dependencies": [
            "aws_internet_gateway.igw-terraform",
            "aws_vpc.main"
          ]
        }
      ]
    },
    {
      "mode": "managed",
      "type": "aws_iam_instance_profile",
      "name": "vprofile-instance-profile",
      "provider": "provider[\"registry.terraform.io/hashicorp/aws\"]",
      "instances": [
        {
          "schema_version": 0,
          "attributes": {
            "arn": "arn:aws:iam::733922282178:instance-profile/vprofile-instance-profile",
            "create_date": "2023-10-12T18:21:00Z",
            "id": "vprofile-instance-profile",
            "name": "vprofile-instance-profile",
            "name_prefix": "",
            "path": "/",
            "role": "vprofile-instance-role",
            "tags": null,
            "tags_all": {},
            "unique_id": "AIPA2VYJNJLBBZKX5JAL7"
          },
          "sensitive_attributes": [],
          "private": "bnVsbA==",
          "dependencies": [
            "aws_iam_role.vprofile-instance-role"
          ]
        }
      ]
    },
    {
      "mode": "managed",
      "type": "aws_iam_role",
      "name": "codedeploy-role1",
      "provider": "provider[\"registry.terraform.io/hashicorp/aws\"]",
      "instances": [
        {
          "schema_version": 0,
          "attributes": {
            "arn": "arn:aws:iam::733922282178:role/codedeploy-role1",
            "assume_role_policy": "{\"Statement\":[{\"Action\":\"sts:AssumeRole\",\"Effect\":\"Allow\",\"Principal\":{\"Service\":\"codedeploy.amazonaws.com\"}}],\"Version\":\"2012-10-17\"}",
            "create_date": "2023-10-12T18:21:00Z",
            "description": "",
            "force_detach_policies": false,
            "id": "codedeploy-role1",
            "inline_policy": [],
            "managed_policy_arns": [],
            "max_session_duration": 3600,
            "name": "codedeploy-role1",
            "name_prefix": "",
            "path": "/",
            "permissions_boundary": null,
            "tags": null,
            "tags_all": {},
            "unique_id": "AROA2VYJNJLBCWAJD6G4W"
          },
          "sensitive_attributes": [],
          "private": "bnVsbA==",
          "dependencies": [
            "data.aws_iam_policy_document.assume_role"
          ]
        }
      ]
    },
    {
      "mode": "managed",
      "type": "aws_iam_role",
      "name": "vprofile-codedeploy-role",
      "provider": "provider[\"registry.terraform.io/hashicorp/aws\"]",
      "instances": [
        {
          "schema_version": 0,
          "attributes": {
            "arn": "arn:aws:iam::733922282178:role/vprofile-codedeploy-role",
            "assume_role_policy": "{\"Statement\":[{\"Action\":\"sts:AssumeRole\",\"Effect\":\"Allow\",\"Principal\":{\"Service\":\"codedeploy.amazonaws.com\"},\"Sid\":\"\"}],\"Version\":\"2012-10-17\"}",
            "create_date": "2023-10-12T18:21:00Z",
            "description": "",
            "force_detach_policies": false,
            "id": "vprofile-codedeploy-role",
            "inline_policy": [],
            "managed_policy_arns": [],
            "max_session_duration": 3600,
            "name": "vprofile-codedeploy-role",
            "name_prefix": "",
            "path": "/",
            "permissions_boundary": null,
            "tags": {
              "Environment": "terraform-dev",
              "Name": "vprofile-codedeploy-role"
            },
            "tags_all": {
              "Environment": "terraform-dev",
              "Name": "vprofile-codedeploy-role"
            },
            "unique_id": "AROA2VYJNJLBMM2DGVCOL"
          },
          "sensitive_attributes": [],
          "private": "bnVsbA=="
        }
      ]
    },
    {
      "mode": "managed",
      "type": "aws_iam_role",
      "name": "vprofile-instance-role",
      "provider": "provider[\"registry.terraform.io/hashicorp/aws\"]",
      "instances": [
        {
          "schema_version": 0,
          "attributes": {
            "arn": "arn:aws:iam::733922282178:role/vprofile-instance-role",
            "assume_role_policy": "{\"Statement\":[{\"Action\":\"sts:AssumeRole\",\"Effect\":\"Allow\",\"Principal\":{\"Service\":\"ec2.amazonaws.com\"},\"Sid\":\"\"}],\"Version\":\"2012-10-17\"}",
            "create_date": "2023-10-12T18:21:00Z",
            "description": "",
            "force_detach_policies": false,
            "id": "vprofile-instance-role",
            "inline_policy": [],
            "managed_policy_arns": [],
            "max_session_duration": 3600,
            "name": "vprofile-instance-role",
            "name_prefix": "",
            "path": "/",
            "permissions_boundary": null,
            "tags": {
              "Environment": "terraform-dev",
              "Name": "vprofile-instance-role"
            },
            "tags_all": {
              "Environment": "terraform-dev",
              "Name": "vprofile-instance-role"
            },
            "unique_id": "AROA2VYJNJLBKJNPFNQ2G"
          },
          "sensitive_attributes": [],
          "private": "bnVsbA=="
        }
      ]
    },
    {
      "mode": "managed",
      "type": "aws_iam_role_policy",
      "name": "vprofile-codedeploy-policy",
      "provider": "provider[\"registry.terraform.io/hashicorp/aws\"]",
      "instances": [
        {
          "schema_version": 0,
          "attributes": {
            "id": "vprofile-codedeploy-role:vprofile-codedeploy-policy",
            "name": "vprofile-codedeploy-policy",
            "name_prefix": null,
            "policy": "{\"Version\":\"2012-10-17\",\"Statement\":[{\"Action\":\"codedeploy:*\",\"Effect\":\"Allow\",\"Resource\":\"*\"},{\"Action\":[\"codestar-notifications:CreateNotificationRule\",\"codestar-notifications:DescribeNotificationRule\",\"codestar-notifications:UpdateNotificationRule\",\"codestar-notifications:DeleteNotificationRule\",\"codestar-notifications:Subscribe\",\"codestar-notifications:Unsubscribe\"],\"Condition\":{\"StringLike\":{\"codestar-notifications:NotificationsForResource\":\"arn:aws:codedeploy:*\"}},\"Effect\":\"Allow\",\"Resource\":\"*\",\"Sid\":\"CodeStarNotificationsReadWriteAccess\"},{\"Action\":[\"codestar-notifications:ListNotificationRules\",\"codestar-notifications:ListTargets\",\"codestar-notifications:ListTagsforResource\",\"codestar-notifications:ListEventTypes\"],\"Effect\":\"Allow\",\"Resource\":\"*\",\"Sid\":\"CodeStarNotificationsListAccess\"},{\"Action\":[\"sns:CreateTopic\",\"sns:SetTopicAttributes\"],\"Effect\":\"Allow\",\"Resource\":\"arn:aws:sns:*:*:codestar-notifications*\",\"Sid\":\"CodeStarNotificationsSNSTopicCreateAccess\"},{\"Action\":[\"chatbot:DescribeSlackChannelConfigurations\"],\"Effect\":\"Allow\",\"Resource\":\"*\",\"Sid\":\"CodeStarNotificationsChatbotAccess\"},{\"Action\":[\"sns:ListTopics\"],\"Effect\":\"Allow\",\"Resource\":\"*\",\"Sid\":\"SNSTopicListAccess\"}]}",
            "role": "vprofile-codedeploy-role"
          },
          "sensitive_attributes": [],
          "private": "bnVsbA==",
          "dependencies": [
            "aws_iam_role.vprofile-codedeploy-role"
          ]
        }
      ]
    },
    {
      "mode": "managed",
      "type": "aws_iam_role_policy",
      "name": "vprofile-instance-s3-policy",
      "provider": "provider[\"registry.terraform.io/hashicorp/aws\"]",
      "instances": [
        {
          "schema_version": 0,
          "attributes": {
            "id": "vprofile-instance-role:vprofile-instance-s3-policy",
            "name": "vprofile-instance-s3-policy",
            "name_prefix": null,
            "policy": "{\"Version\":\"2012-10-17\",\"Statement\":[{\"Action\":[\"s3:*\",\"s3-object-lambda:*\"],\"Effect\":\"Allow\",\"Resource\":\"*\"}]}",
            "role": "vprofile-instance-role"
          },
          "sensitive_attributes": [],
          "private": "bnVsbA==",
          "dependencies": [
            "aws_iam_role.vprofile-instance-role"
          ]
        }
      ]
    },
    {
      "mode": "managed",
      "type": "aws_iam_role_policy_attachment",
      "name": "AWSCodeDeployRole",
      "provider": "provider[\"registry.terraform.io/hashicorp/aws\"]",
      "instances": [
        {
          "schema_version": 0,
          "attributes": {
            "id": "codedeploy-role1-20231012182100656400000001",
            "policy_arn": "arn:aws:iam::aws:policy/service-role/AWSCodeDeployRole",
            "role": "codedeploy-role1"
          },
          "sensitive_attributes": [],
          "private": "bnVsbA==",
          "dependencies": [
            "aws_iam_role.codedeploy-role1",
            "data.aws_iam_policy_document.assume_role"
          ]
        }
      ]
    },
    {
      "mode": "managed",
      "type": "aws_instance",
      "name": "vprofile-appserver",
      "provider": "provider[\"registry.terraform.io/hashicorp/aws\"]",
      "instances": [
        {
          "schema_version": 1,
          "attributes": {
            "ami": "ami-024e6efaf93d85776",
            "arn": "arn:aws:ec2:us-east-2:733922282178:instance/i-083665c8875900845",
            "associate_public_ip_address": true,
            "availability_zone": "us-east-2a",
            "capacity_reservation_specification": [
              {
                "capacity_reservation_preference": "open",
                "capacity_reservation_target": []
              }
            ],
            "cpu_core_count": 1,
            "cpu_options": [
              {
                "amd_sev_snp": "",
                "core_count": 1,
                "threads_per_core": 1
              }
            ],
            "cpu_threads_per_core": 1,
            "credit_specification": [
              {
                "cpu_credits": "standard"
              }
            ],
            "disable_api_stop": false,
            "disable_api_termination": false,
            "ebs_block_device": [],
            "ebs_optimized": false,
            "enclave_options": [
              {
                "enabled": false
              }
            ],
            "ephemeral_block_device": [],
            "get_password_data": false,
            "hibernation": false,
            "host_id": "",
            "host_resource_group_arn": null,
            "iam_instance_profile": "",
            "id": "i-083665c8875900845",
            "instance_initiated_shutdown_behavior": "stop",
            "instance_lifecycle": "",
            "instance_market_options": [],
            "instance_state": "running",
            "instance_type": "t2.micro",
            "ipv6_address_count": 0,
            "ipv6_addresses": [],
            "key_name": "mamatha-aws-keypair",
            "launch_template": [],
            "maintenance_options": [
              {
                "auto_recovery": "default"
              }
            ],
            "metadata_options": [
              {
                "http_endpoint": "enabled",
                "http_protocol_ipv6": "disabled",
                "http_put_response_hop_limit": 1,
                "http_tokens": "optional",
                "instance_metadata_tags": "disabled"
              }
            ],
            "monitoring": false,
            "network_interface": [],
            "outpost_arn": "",
            "password_data": "",
            "placement_group": "",
            "placement_partition_number": 0,
            "primary_network_interface_id": "eni-089144a92ac6ac973",
            "private_dns": "ip-10-0-1-30.us-east-2.compute.internal",
            "private_dns_name_options": [
              {
                "enable_resource_name_dns_a_record": false,
                "enable_resource_name_dns_aaaa_record": false,
                "hostname_type": "ip-name"
              }
            ],
            "private_ip": "10.0.1.30",
            "public_dns": "ec2-18-118-210-219.us-east-2.compute.amazonaws.com",
            "public_ip": "18.118.210.219",
            "root_block_device": [
              {
                "delete_on_termination": true,
                "device_name": "/dev/sda1",
                "encrypted": false,
                "iops": 100,
                "kms_key_id": "",
                "tags": {},
                "throughput": 0,
                "volume_id": "vol-0db2b930679654361",
                "volume_size": 8,
                "volume_type": "gp2"
              }
            ],
            "secondary_private_ips": [],
            "security_groups": [],
            "source_dest_check": true,
            "spot_instance_request_id": "",
            "subnet_id": "subnet-0b259dfd1f02f7c14",
            "tags": {
              "Environment": "terraform-dev",
              "Name": "vprofile-appserver"
            },
            "tags_all": {
              "Environment": "terraform-dev",
              "Name": "vprofile-appserver"
            },
            "tenancy": "default",
            "timeouts": null,
            "user_data": "bcc999d314796ba9b48d4f29cb2b45dcae3719c3",
            "user_data_base64": null,
            "user_data_replace_on_change": false,
            "volume_tags": null,
            "vpc_security_group_ids": [
              "sg-0c076cb42a1390895"
            ]
          },
          "sensitive_attributes": [],
          "private": "eyJlMmJmYjczMC1lY2FhLTExZTYtOGY4OC0zNDM2M2JjN2M0YzAiOnsiY3JlYXRlIjo2MDAwMDAwMDAwMDAsImRlbGV0ZSI6MTIwMDAwMDAwMDAwMCwidXBkYXRlIjo2MDAwMDAwMDAwMDB9LCJzY2hlbWFfdmVyc2lvbiI6IjEifQ==",
          "dependencies": [
            "aws_security_group.SG-appserver",
            "aws_subnet.public_subnet_2a",
            "aws_vpc.main"
          ]
        }
      ]
    },
    {
      "mode": "managed",
      "type": "aws_instance",
      "name": "vprofile-dbserver",
      "provider": "provider[\"registry.terraform.io/hashicorp/aws\"]",
      "instances": [
        {
          "schema_version": 1,
          "attributes": {
            "ami": "ami-011d59a275b482a49",
            "arn": "arn:aws:ec2:us-east-2:733922282178:instance/i-005f80059001aff4c",
            "associate_public_ip_address": false,
            "availability_zone": "us-east-2a",
            "capacity_reservation_specification": [
              {
                "capacity_reservation_preference": "open",
                "capacity_reservation_target": []
              }
            ],
            "cpu_core_count": 1,
            "cpu_options": [
              {
                "amd_sev_snp": "",
                "core_count": 1,
                "threads_per_core": 1
              }
            ],
            "cpu_threads_per_core": 1,
            "credit_specification": [
              {
                "cpu_credits": "standard"
              }
            ],
            "disable_api_stop": false,
            "disable_api_termination": false,
            "ebs_block_device": [],
            "ebs_optimized": false,
            "enclave_options": [
              {
                "enabled": false
              }
            ],
            "ephemeral_block_device": [],
            "get_password_data": false,
            "hibernation": false,
            "host_id": "",
            "host_resource_group_arn": null,
            "iam_instance_profile": "",
            "id": "i-005f80059001aff4c",
            "instance_initiated_shutdown_behavior": "stop",
            "instance_lifecycle": "",
            "instance_market_options": [],
            "instance_state": "running",
            "instance_type": "t2.micro",
            "ipv6_address_count": 0,
            "ipv6_addresses": [],
            "key_name": "mamatha-aws-keypair",
            "launch_template": [],
            "maintenance_options": [
              {
                "auto_recovery": "default"
              }
            ],
            "metadata_options": [
              {
                "http_endpoint": "enabled",
                "http_protocol_ipv6": "disabled",
                "http_put_response_hop_limit": 1,
                "http_tokens": "optional",
                "instance_metadata_tags": "disabled"
              }
            ],
            "monitoring": false,
            "network_interface": [],
            "outpost_arn": "",
            "password_data": "",
            "placement_group": "",
            "placement_partition_number": 0,
            "primary_network_interface_id": "eni-0e38c3038a49a4923",
            "private_dns": "ip-10-0-3-127.us-east-2.compute.internal",
            "private_dns_name_options": [
              {
                "enable_resource_name_dns_a_record": false,
                "enable_resource_name_dns_aaaa_record": false,
                "hostname_type": "ip-name"
              }
            ],
            "private_ip": "10.0.3.127",
            "public_dns": "",
            "public_ip": "",
            "root_block_device": [
              {
                "delete_on_termination": true,
                "device_name": "/dev/sda1",
                "encrypted": false,
                "iops": 100,
                "kms_key_id": "",
                "tags": {},
                "throughput": 0,
                "volume_id": "vol-099749fb9c57893ac",
                "volume_size": 10,
                "volume_type": "gp2"
              }
            ],
            "secondary_private_ips": [],
            "security_groups": [],
            "source_dest_check": true,
            "spot_instance_request_id": "",
            "subnet_id": "subnet-0c1c9fec2cb1e156e",
            "tags": {
              "Environment": "terraform-dev",
              "Name": "vprofile-dbserver"
            },
            "tags_all": {
              "Environment": "terraform-dev",
              "Name": "vprofile-dbserver"
            },
            "tenancy": "default",
            "timeouts": null,
            "user_data": "d4b2286fa05ad2927d8af1dce6d92d28951a5d2c",
            "user_data_base64": null,
            "user_data_replace_on_change": false,
            "volume_tags": null,
            "vpc_security_group_ids": [
              "sg-05cb0b8a913bc1525"
            ]
          },
          "sensitive_attributes": [],
          "private": "eyJlMmJmYjczMC1lY2FhLTExZTYtOGY4OC0zNDM2M2JjN2M0YzAiOnsiY3JlYXRlIjo2MDAwMDAwMDAwMDAsImRlbGV0ZSI6MTIwMDAwMDAwMDAwMCwidXBkYXRlIjo2MDAwMDAwMDAwMDB9LCJzY2hlbWFfdmVyc2lvbiI6IjEifQ==",
          "dependencies": [
            "aws_eip.nat_eip",
            "aws_internet_gateway.igw-terraform",
            "aws_nat_gateway.nat_gateway-terraformdev",
            "aws_security_group.SG-appserver",
            "aws_security_group.SG-backend",
            "aws_subnet.private_subnet_2a",
            "aws_subnet.public_subnet_2a",
            "aws_vpc.main"
          ]
        }
      ]
    },
    {
      "mode": "managed",
      "type": "aws_instance",
      "name": "vprofile-memecache",
      "provider": "provider[\"registry.terraform.io/hashicorp/aws\"]",
      "instances": [
        {
          "schema_version": 1,
          "attributes": {
            "ami": "ami-011d59a275b482a49",
            "arn": "arn:aws:ec2:us-east-2:733922282178:instance/i-094548d77061f6b4b",
            "associate_public_ip_address": false,
            "availability_zone": "us-east-2a",
            "capacity_reservation_specification": [
              {
                "capacity_reservation_preference": "open",
                "capacity_reservation_target": []
              }
            ],
            "cpu_core_count": 1,
            "cpu_options": [
              {
                "amd_sev_snp": "",
                "core_count": 1,
                "threads_per_core": 1
              }
            ],
            "cpu_threads_per_core": 1,
            "credit_specification": [
              {
                "cpu_credits": "standard"
              }
            ],
            "disable_api_stop": false,
            "disable_api_termination": false,
            "ebs_block_device": [],
            "ebs_optimized": false,
            "enclave_options": [
              {
                "enabled": false
              }
            ],
            "ephemeral_block_device": [],
            "get_password_data": false,
            "hibernation": false,
            "host_id": "",
            "host_resource_group_arn": null,
            "iam_instance_profile": "",
            "id": "i-094548d77061f6b4b",
            "instance_initiated_shutdown_behavior": "stop",
            "instance_lifecycle": "",
            "instance_market_options": [],
            "instance_state": "running",
            "instance_type": "t2.micro",
            "ipv6_address_count": 0,
            "ipv6_addresses": [],
            "key_name": "mamatha-aws-keypair",
            "launch_template": [],
            "maintenance_options": [
              {
                "auto_recovery": "default"
              }
            ],
            "metadata_options": [
              {
                "http_endpoint": "enabled",
                "http_protocol_ipv6": "disabled",
                "http_put_response_hop_limit": 1,
                "http_tokens": "optional",
                "instance_metadata_tags": "disabled"
              }
            ],
            "monitoring": false,
            "network_interface": [],
            "outpost_arn": "",
            "password_data": "",
            "placement_group": "",
            "placement_partition_number": 0,
            "primary_network_interface_id": "eni-0aad75202c5e34573",
            "private_dns": "ip-10-0-3-126.us-east-2.compute.internal",
            "private_dns_name_options": [
              {
                "enable_resource_name_dns_a_record": false,
                "enable_resource_name_dns_aaaa_record": false,
                "hostname_type": "ip-name"
              }
            ],
            "private_ip": "10.0.3.126",
            "public_dns": "",
            "public_ip": "",
            "root_block_device": [
              {
                "delete_on_termination": true,
                "device_name": "/dev/sda1",
                "encrypted": false,
                "iops": 100,
                "kms_key_id": "",
                "tags": {},
                "throughput": 0,
                "volume_id": "vol-007f054a79765f994",
                "volume_size": 10,
                "volume_type": "gp2"
              }
            ],
            "secondary_private_ips": [],
            "security_groups": [],
            "source_dest_check": true,
            "spot_instance_request_id": "",
            "subnet_id": "subnet-0c1c9fec2cb1e156e",
            "tags": {
              "Environment": "terraform-dev",
              "Name": "vprofile-memecache"
            },
            "tags_all": {
              "Environment": "terraform-dev",
              "Name": "vprofile-memecache"
            },
            "tenancy": "default",
            "timeouts": null,
            "user_data": "3464da6e7b4d37ad66cde1bc0dcda3e68dd79a4d",
            "user_data_base64": null,
            "user_data_replace_on_change": false,
            "volume_tags": null,
            "vpc_security_group_ids": [
              "sg-05cb0b8a913bc1525"
            ]
          },
          "sensitive_attributes": [],
          "private": "eyJlMmJmYjczMC1lY2FhLTExZTYtOGY4OC0zNDM2M2JjN2M0YzAiOnsiY3JlYXRlIjo2MDAwMDAwMDAwMDAsImRlbGV0ZSI6MTIwMDAwMDAwMDAwMCwidXBkYXRlIjo2MDAwMDAwMDAwMDB9LCJzY2hlbWFfdmVyc2lvbiI6IjEifQ==",
          "dependencies": [
            "aws_eip.nat_eip",
            "aws_internet_gateway.igw-terraform",
            "aws_nat_gateway.nat_gateway-terraformdev",
            "aws_security_group.SG-appserver",
            "aws_security_group.SG-backend",
            "aws_subnet.private_subnet_2a",
            "aws_subnet.public_subnet_2a",
            "aws_vpc.main"
          ]
        }
      ]
    },
    {
      "mode": "managed",
      "type": "aws_instance",
      "name": "vprofile-mqserver",
      "provider": "provider[\"registry.terraform.io/hashicorp/aws\"]",
      "instances": [
        {
          "schema_version": 1,
          "attributes": {
            "ami": "ami-011d59a275b482a49",
            "arn": "arn:aws:ec2:us-east-2:733922282178:instance/i-08d9c9fe68ac8e84a",
            "associate_public_ip_address": false,
            "availability_zone": "us-east-2a",
            "capacity_reservation_specification": [
              {
                "capacity_reservation_preference": "open",
                "capacity_reservation_target": []
              }
            ],
            "cpu_core_count": 1,
            "cpu_options": [
              {
                "amd_sev_snp": "",
                "core_count": 1,
                "threads_per_core": 1
              }
            ],
            "cpu_threads_per_core": 1,
            "credit_specification": [
              {
                "cpu_credits": "standard"
              }
            ],
            "disable_api_stop": false,
            "disable_api_termination": false,
            "ebs_block_device": [],
            "ebs_optimized": false,
            "enclave_options": [
              {
                "enabled": false
              }
            ],
            "ephemeral_block_device": [],
            "get_password_data": false,
            "hibernation": false,
            "host_id": "",
            "host_resource_group_arn": null,
            "iam_instance_profile": "",
            "id": "i-08d9c9fe68ac8e84a",
            "instance_initiated_shutdown_behavior": "stop",
            "instance_lifecycle": "",
            "instance_market_options": [],
            "instance_state": "running",
            "instance_type": "t2.micro",
            "ipv6_address_count": 0,
            "ipv6_addresses": [],
            "key_name": "mamatha-aws-keypair",
            "launch_template": [],
            "maintenance_options": [
              {
                "auto_recovery": "default"
              }
            ],
            "metadata_options": [
              {
                "http_endpoint": "enabled",
                "http_protocol_ipv6": "disabled",
                "http_put_response_hop_limit": 1,
                "http_tokens": "optional",
                "instance_metadata_tags": "disabled"
              }
            ],
            "monitoring": false,
            "network_interface": [],
            "outpost_arn": "",
            "password_data": "",
            "placement_group": "",
            "placement_partition_number": 0,
            "primary_network_interface_id": "eni-0d27efdd8e2c8d659",
            "private_dns": "ip-10-0-3-156.us-east-2.compute.internal",
            "private_dns_name_options": [
              {
                "enable_resource_name_dns_a_record": false,
                "enable_resource_name_dns_aaaa_record": false,
                "hostname_type": "ip-name"
              }
            ],
            "private_ip": "10.0.3.156",
            "public_dns": "",
            "public_ip": "",
            "root_block_device": [
              {
                "delete_on_termination": true,
                "device_name": "/dev/sda1",
                "encrypted": false,
                "iops": 100,
                "kms_key_id": "",
                "tags": {},
                "throughput": 0,
                "volume_id": "vol-0e23d7fc67a583218",
                "volume_size": 10,
                "volume_type": "gp2"
              }
            ],
            "secondary_private_ips": [],
            "security_groups": [],
            "source_dest_check": true,
            "spot_instance_request_id": "",
            "subnet_id": "subnet-0c1c9fec2cb1e156e",
            "tags": {
              "Environment": "terraform-dev",
              "Name": "vprofile-mqserver"
            },
            "tags_all": {
              "Environment": "terraform-dev",
              "Name": "vprofile-mqserver"
            },
            "tenancy": "default",
            "timeouts": null,
            "user_data": "f4ca91d61d1b811327f219ab8ab2728342f576da",
            "user_data_base64": null,
            "user_data_replace_on_change": false,
            "volume_tags": null,
            "vpc_security_group_ids": [
              "sg-05cb0b8a913bc1525"
            ]
          },
          "sensitive_attributes": [],
          "private": "eyJlMmJmYjczMC1lY2FhLTExZTYtOGY4OC0zNDM2M2JjN2M0YzAiOnsiY3JlYXRlIjo2MDAwMDAwMDAwMDAsImRlbGV0ZSI6MTIwMDAwMDAwMDAwMCwidXBkYXRlIjo2MDAwMDAwMDAwMDB9LCJzY2hlbWFfdmVyc2lvbiI6IjEifQ==",
          "dependencies": [
            "aws_eip.nat_eip",
            "aws_internet_gateway.igw-terraform",
            "aws_nat_gateway.nat_gateway-terraformdev",
            "aws_security_group.SG-appserver",
            "aws_security_group.SG-backend",
            "aws_subnet.private_subnet_2a",
            "aws_subnet.public_subnet_2a",
            "aws_vpc.main"
          ]
        }
      ]
    },
    {
      "mode": "managed",
      "type": "aws_internet_gateway",
      "name": "igw-terraform",
      "provider": "provider[\"registry.terraform.io/hashicorp/aws\"]",
      "instances": [
        {
          "schema_version": 0,
          "attributes": {
            "arn": "arn:aws:ec2:us-east-2:733922282178:internet-gateway/igw-0671991944382b353",
            "id": "igw-0671991944382b353",
            "owner_id": "733922282178",
            "tags": {
              "Environment": "terraform-dev",
              "Name": "terraform-dev-IGW"
            },
            "tags_all": {
              "Environment": "terraform-dev",
              "Name": "terraform-dev-IGW"
            },
            "timeouts": null,
            "vpc_id": "vpc-04fff6c1ffbc13268"
          },
          "sensitive_attributes": [],
          "private": "eyJlMmJmYjczMC1lY2FhLTExZTYtOGY4OC0zNDM2M2JjN2M0YzAiOnsiY3JlYXRlIjoxMjAwMDAwMDAwMDAwLCJkZWxldGUiOjEyMDAwMDAwMDAwMDAsInVwZGF0ZSI6MTIwMDAwMDAwMDAwMH19",
          "dependencies": [
            "aws_vpc.main"
          ]
        }
      ]
    },
    {
      "mode": "managed",
      "type": "aws_key_pair",
      "name": "test-key",
      "provider": "provider[\"registry.terraform.io/hashicorp/aws\"]",
      "instances": [
        {
          "schema_version": 1,
          "attributes": {
            "arn": "arn:aws:ec2:us-east-2:733922282178:key-pair/test-key",
            "fingerprint": "fb:cc:88:5d:4a:3b:4c:1a:57:0c:bc:b9:0d:ad:ef:9e",
            "id": "test-key",
            "key_name": "test-key",
            "key_name_prefix": "",
            "key_pair_id": "key-0b26a4a850dd09cb9",
            "key_type": "rsa",
            "public_key": "ssh-rsa AAAAB3NzaC1yc2EAAAADAQABAAACAQCtYoIWIgy3GVBAlnpvJXk04KcIS91WzBviO1tKwgLrizyPcpADnAqrQhNTStuLD04C8DqeRtF0J1zudevTYcybfpzz5tSaFSS0cdJ3PGdRxPmscXE4FVx7FCJwniWBBay7lBxWUcB4dBZfH2IGsGPZqDfCkZugE1ABWdvZYXCDbR7b2ikPkTKaqEQIlRtbJsW3Ax2FfRj+l3JOycjoS9zmetgia1oB6/gTwuebHGCbZHKlznGzVnvIOpkqj7OlzvegETwlrJdoIs3NS/0bEDjpKF/WrqA3MI6e1Qi3mvQcant3EUiz0HGijgtW8eOH+BoloOHDyJjn8ePeX1QUhZnndKvoi8kdbtlz83gilxneIfbFEY9IrIBO0M6c+Tmz0XtEHiIO+dxS4xuc9bVt8cmTqMsSebTcYzXucUNpMbqz/hUoN5yiyOVxHCqWPQbsx2D8VvwsEDV7nn3uRxWAHGbnHNQJZ3RUUTUT0hr8SiWLZ2f76dh0hxG+POxq5X8WTfkhydiSbYFw570LYSLOgwf56+ny3J0V2wvxdmFTbvCMghOQUA8gSqYPaG632Yx14809jwReGWX4vtySjpOcaHX76XDCfs5neXtXeZ6NDblvReSGJMCpO8ajO+NpLrZXkThhsUqxncE77a4SMPJBSHjWYt6Y/+94rN6ytz19gwxGlQ==",
            "tags": null,
            "tags_all": {}
          },
          "sensitive_attributes": [],
          "private": "eyJzY2hlbWFfdmVyc2lvbiI6IjEifQ==",
          "dependencies": [
            "tls_private_key.rsa-private-key"
          ]
        }
      ]
    },
    {
      "mode": "managed",
      "type": "aws_launch_template",
      "name": "vprofile-lauch-template",
      "provider": "provider[\"registry.terraform.io/hashicorp/aws\"]",
      "instances": [
        {
          "schema_version": 0,
          "attributes": {
            "arn": "arn:aws:ec2:us-east-2:733922282178:launch-template/lt-0628090a115c9ed34",
            "block_device_mappings": [],
            "capacity_reservation_specification": [],
            "cpu_options": [],
            "credit_specification": [],
            "default_version": 1,
            "description": "",
            "disable_api_stop": false,
            "disable_api_termination": false,
            "ebs_optimized": "",
            "elastic_gpu_specifications": [],
            "elastic_inference_accelerator": [],
            "enclave_options": [],
            "hibernation_options": [],
            "iam_instance_profile": [
              {
                "arn": "",
                "name": "vprofile-instance-profile"
              }
            ],
            "id": "lt-0628090a115c9ed34",
            "image_id": "ami-04e496aabb4626aa7",
            "instance_initiated_shutdown_behavior": "",
            "instance_market_options": [],
            "instance_requirements": [],
            "instance_type": "t2.micro",
            "kernel_id": "",
            "key_name": "mamatha-aws-keypair",
            "latest_version": 1,
            "license_specification": [],
            "maintenance_options": [],
            "metadata_options": [],
            "monitoring": [],
            "name": "vprofile-lauch-template",
            "name_prefix": "",
            "network_interfaces": [],
            "placement": [],
            "private_dns_name_options": [],
            "ram_disk_id": "",
            "security_group_names": null,
            "tag_specifications": [
              {
                "resource_type": "instance",
                "tags": {
                  "Environment": "terraform-dev"
                }
              }
            ],
            "tags": {
              "Environment": "terraform-dev",
              "Name": "vprofile-lauch-template"
            },
            "tags_all": {
              "Environment": "terraform-dev",
              "Name": "vprofile-lauch-template"
            },
            "update_default_version": null,
            "user_data": "",
            "vpc_security_group_ids": [
              "sg-0c076cb42a1390895"
            ]
          },
          "sensitive_attributes": [],
          "private": "bnVsbA==",
          "dependencies": [
            "aws_iam_instance_profile.vprofile-instance-profile",
            "aws_iam_role.vprofile-instance-role",
            "aws_security_group.SG-appserver",
            "aws_vpc.main"
          ]
        }
      ]
    },
    {
      "mode": "managed",
      "type": "aws_lb",
      "name": "vprofile-lb",
      "provider": "provider[\"registry.terraform.io/hashicorp/aws\"]",
      "instances": [
        {
          "schema_version": 0,
          "attributes": {
            "access_logs": [
              {
                "bucket": "",
                "enabled": false,
                "prefix": ""
              }
            ],
            "arn": "arn:aws:elasticloadbalancing:us-east-2:733922282178:loadbalancer/app/vprofile-lb/fd4dc3b65193fe1f",
            "arn_suffix": "app/vprofile-lb/fd4dc3b65193fe1f",
            "customer_owned_ipv4_pool": "",
            "desync_mitigation_mode": "defensive",
            "dns_name": "vprofile-lb-332846692.us-east-2.elb.amazonaws.com",
            "drop_invalid_header_fields": false,
            "enable_cross_zone_load_balancing": true,
            "enable_deletion_protection": false,
            "enable_http2": true,
            "enable_tls_version_and_cipher_suite_headers": false,
            "enable_waf_fail_open": false,
            "enable_xff_client_port": false,
            "id": "arn:aws:elasticloadbalancing:us-east-2:733922282178:loadbalancer/app/vprofile-lb/fd4dc3b65193fe1f",
            "idle_timeout": 60,
            "internal": false,
            "ip_address_type": "ipv4",
            "load_balancer_type": "application",
            "name": "vprofile-lb",
            "name_prefix": null,
            "preserve_host_header": false,
            "security_groups": [
              "sg-0c6eb07604d62c958"
            ],
            "subnet_mapping": [
              {
                "allocation_id": "",
                "ipv6_address": "",
                "outpost_id": "",
                "private_ipv4_address": "",
                "subnet_id": "subnet-02ba7fdcca81ee47a"
              },
              {
                "allocation_id": "",
                "ipv6_address": "",
                "outpost_id": "",
                "private_ipv4_address": "",
                "subnet_id": "subnet-0b259dfd1f02f7c14"
              }
            ],
            "subnets": [
              "subnet-02ba7fdcca81ee47a",
              "subnet-0b259dfd1f02f7c14"
            ],
            "tags": null,
            "tags_all": {},
            "timeouts": null,
            "vpc_id": "vpc-04fff6c1ffbc13268",
            "xff_header_processing_mode": "append",
            "zone_id": "Z3AADJGX6KTTL2"
          },
          "sensitive_attributes": [],
          "private": "eyJlMmJmYjczMC1lY2FhLTExZTYtOGY4OC0zNDM2M2JjN2M0YzAiOnsiY3JlYXRlIjo2MDAwMDAwMDAwMDAsImRlbGV0ZSI6NjAwMDAwMDAwMDAwLCJ1cGRhdGUiOjYwMDAwMDAwMDAwMH19",
          "dependencies": [
            "aws_security_group.SG-elb",
            "aws_subnet.public_subnet_2a",
            "aws_subnet.public_subnet_2b",
            "aws_vpc.main"
          ]
        }
      ]
    },
    {
      "mode": "managed",
      "type": "aws_lb_listener",
      "name": "vprofile-http",
      "provider": "provider[\"registry.terraform.io/hashicorp/aws\"]",
      "instances": [
        {
          "schema_version": 0,
          "attributes": {
            "alpn_policy": null,
            "arn": "arn:aws:elasticloadbalancing:us-east-2:733922282178:listener/app/vprofile-lb/fd4dc3b65193fe1f/a74db04caa661fe7",
            "certificate_arn": null,
            "default_action": [
              {
                "authenticate_cognito": [],
                "authenticate_oidc": [],
                "fixed_response": [],
                "forward": [],
                "order": 1,
                "redirect": [],
                "target_group_arn": "arn:aws:elasticloadbalancing:us-east-2:733922282178:targetgroup/vprofile-targetgroup/ad98617a5056aa9c",
                "type": "forward"
              }
            ],
            "id": "arn:aws:elasticloadbalancing:us-east-2:733922282178:listener/app/vprofile-lb/fd4dc3b65193fe1f/a74db04caa661fe7",
            "load_balancer_arn": "arn:aws:elasticloadbalancing:us-east-2:733922282178:loadbalancer/app/vprofile-lb/fd4dc3b65193fe1f",
            "port": 80,
            "protocol": "HTTP",
            "ssl_policy": "",
            "tags": null,
            "tags_all": {},
            "timeouts": null
          },
          "sensitive_attributes": [],
          "private": "eyJlMmJmYjczMC1lY2FhLTExZTYtOGY4OC0zNDM2M2JjN2M0YzAiOnsicmVhZCI6NjAwMDAwMDAwMDAwfX0=",
          "dependencies": [
            "aws_lb.vprofile-lb",
            "aws_lb_target_group.vprofile-targetgroup",
            "aws_security_group.SG-elb",
            "aws_subnet.public_subnet_2a",
            "aws_subnet.public_subnet_2b",
            "aws_vpc.main"
          ]
        }
      ]
    },
    {
      "mode": "managed",
      "type": "aws_lb_target_group",
      "name": "vprofile-targetgroup",
      "provider": "provider[\"registry.terraform.io/hashicorp/aws\"]",
      "instances": [
        {
          "schema_version": 0,
          "attributes": {
            "arn": "arn:aws:elasticloadbalancing:us-east-2:733922282178:targetgroup/vprofile-targetgroup/ad98617a5056aa9c",
            "arn_suffix": "targetgroup/vprofile-targetgroup/ad98617a5056aa9c",
            "connection_termination": false,
            "deregistration_delay": "300",
            "health_check": [
              {
                "enabled": true,
                "healthy_threshold": 3,
                "interval": 30,
                "matcher": "200",
                "path": "/index.html",
                "port": "8080",
                "protocol": "HTTP",
                "timeout": 5,
                "unhealthy_threshold": 3
              }
            ],
            "id": "arn:aws:elasticloadbalancing:us-east-2:733922282178:targetgroup/vprofile-targetgroup/ad98617a5056aa9c",
            "ip_address_type": "ipv4",
            "lambda_multi_value_headers_enabled": false,
            "load_balancing_algorithm_type": "round_robin",
            "load_balancing_cross_zone_enabled": "use_load_balancer_configuration",
            "name": "vprofile-targetgroup",
            "name_prefix": null,
            "port": 8080,
            "preserve_client_ip": null,
            "protocol": "HTTP",
            "protocol_version": "HTTP1",
            "proxy_protocol_v2": false,
            "slow_start": 0,
            "stickiness": [
              {
                "cookie_duration": 86400,
                "cookie_name": "",
                "enabled": false,
                "type": "lb_cookie"
              }
            ],
            "tags": {
              "Environment": "terraform-dev",
              "Name": "vprofile-targetgroup"
            },
            "tags_all": {
              "Environment": "terraform-dev",
              "Name": "vprofile-targetgroup"
            },
            "target_failover": [
              {
                "on_deregistration": null,
                "on_unhealthy": null
              }
            ],
            "target_type": "instance",
            "vpc_id": "vpc-04fff6c1ffbc13268"
          },
          "sensitive_attributes": [],
          "private": "bnVsbA==",
          "dependencies": [
            "aws_vpc.main"
          ]
        }
      ]
    },
    {
      "mode": "managed",
      "type": "aws_lb_target_group_attachment",
      "name": "vprofile-targetgroup",
      "provider": "provider[\"registry.terraform.io/hashicorp/aws\"]",
      "instances": [
        {
          "schema_version": 0,
          "attributes": {
            "availability_zone": null,
            "id": "arn:aws:elasticloadbalancing:us-east-2:733922282178:targetgroup/vprofile-targetgroup/ad98617a5056aa9c-20231012182154930700000005",
            "port": 8080,
            "target_group_arn": "arn:aws:elasticloadbalancing:us-east-2:733922282178:targetgroup/vprofile-targetgroup/ad98617a5056aa9c",
            "target_id": "i-083665c8875900845"
          },
          "sensitive_attributes": [],
          "private": "bnVsbA==",
          "dependencies": [
            "aws_instance.vprofile-appserver",
            "aws_lb_target_group.vprofile-targetgroup",
            "aws_security_group.SG-appserver",
            "aws_subnet.public_subnet_2a",
            "aws_vpc.main"
          ]
        }
      ]
    },
    {
      "mode": "managed",
      "type": "aws_nat_gateway",
      "name": "nat_gateway-terraformdev",
      "provider": "provider[\"registry.terraform.io/hashicorp/aws\"]",
      "instances": [
        {
          "schema_version": 0,
          "attributes": {
            "allocation_id": "eipalloc-01d2878c7bd6c8a07",
            "association_id": "eipassoc-0d43bd091eda96d47",
            "connectivity_type": "public",
            "id": "nat-07cffa2ebbcd864b0",
            "network_interface_id": "eni-026b74a604935ad7b",
            "private_ip": "10.0.1.245",
            "public_ip": "3.140.90.124",
            "secondary_allocation_ids": null,
            "secondary_private_ip_address_count": 0,
            "secondary_private_ip_addresses": [],
            "subnet_id": "subnet-0b259dfd1f02f7c14",
            "tags": {
              "Environment": "terraform-dev",
              "Name": "nat-gateway-terraform-dev"
            },
            "tags_all": {
              "Environment": "terraform-dev",
              "Name": "nat-gateway-terraform-dev"
            },
            "timeouts": null
          },
          "sensitive_attributes": [],
          "private": "eyJlMmJmYjczMC1lY2FhLTExZTYtOGY4OC0zNDM2M2JjN2M0YzAiOnsiY3JlYXRlIjo2MDAwMDAwMDAwMDAsImRlbGV0ZSI6MTgwMDAwMDAwMDAwMCwidXBkYXRlIjo2MDAwMDAwMDAwMDB9fQ==",
          "dependencies": [
            "aws_eip.nat_eip",
            "aws_internet_gateway.igw-terraform",
            "aws_subnet.public_subnet_2a",
            "aws_vpc.main"
          ]
        }
      ]
    },
    {
      "mode": "managed",
      "type": "aws_route",
      "name": "private_internet_gateway",
      "provider": "provider[\"registry.terraform.io/hashicorp/aws\"]",
      "instances": [
        {
          "schema_version": 0,
          "attributes": {
            "carrier_gateway_id": "",
            "core_network_arn": "",
            "destination_cidr_block": "0.0.0.0/0",
            "destination_ipv6_cidr_block": "",
            "destination_prefix_list_id": "",
            "egress_only_gateway_id": "",
            "gateway_id": "",
            "id": "r-rtb-06a136ee184905b691080289494",
            "instance_id": "",
            "instance_owner_id": "",
            "local_gateway_id": "",
            "nat_gateway_id": "nat-07cffa2ebbcd864b0",
            "network_interface_id": "",
            "origin": "CreateRoute",
            "route_table_id": "rtb-06a136ee184905b69",
            "state": "active",
            "timeouts": null,
            "transit_gateway_id": "",
            "vpc_endpoint_id": "",
            "vpc_peering_connection_id": ""
          },
          "sensitive_attributes": [],
          "private": "eyJlMmJmYjczMC1lY2FhLTExZTYtOGY4OC0zNDM2M2JjN2M0YzAiOnsiY3JlYXRlIjozMDAwMDAwMDAwMDAsImRlbGV0ZSI6MzAwMDAwMDAwMDAwLCJ1cGRhdGUiOjEyMDAwMDAwMDAwMH19",
          "dependencies": [
            "aws_eip.nat_eip",
            "aws_internet_gateway.igw-terraform",
            "aws_nat_gateway.nat_gateway-terraformdev",
            "aws_route_table.private",
            "aws_subnet.public_subnet_2a",
            "aws_vpc.main"
          ]
        }
      ]
    },
    {
      "mode": "managed",
      "type": "aws_route",
      "name": "public_internet_gateway",
      "provider": "provider[\"registry.terraform.io/hashicorp/aws\"]",
      "instances": [
        {
          "schema_version": 0,
          "attributes": {
            "carrier_gateway_id": "",
            "core_network_arn": "",
            "destination_cidr_block": "0.0.0.0/0",
            "destination_ipv6_cidr_block": "",
            "destination_prefix_list_id": "",
            "egress_only_gateway_id": "",
            "gateway_id": "igw-0671991944382b353",
            "id": "r-rtb-01118f0dc4f8716231080289494",
            "instance_id": "",
            "instance_owner_id": "",
            "local_gateway_id": "",
            "nat_gateway_id": "",
            "network_interface_id": "",
            "origin": "CreateRoute",
            "route_table_id": "rtb-01118f0dc4f871623",
            "state": "active",
            "timeouts": null,
            "transit_gateway_id": "",
            "vpc_endpoint_id": "",
            "vpc_peering_connection_id": ""
          },
          "sensitive_attributes": [],
          "private": "eyJlMmJmYjczMC1lY2FhLTExZTYtOGY4OC0zNDM2M2JjN2M0YzAiOnsiY3JlYXRlIjozMDAwMDAwMDAwMDAsImRlbGV0ZSI6MzAwMDAwMDAwMDAwLCJ1cGRhdGUiOjEyMDAwMDAwMDAwMH19",
          "dependencies": [
            "aws_internet_gateway.igw-terraform",
            "aws_route_table.public",
            "aws_vpc.main"
          ]
        }
      ]
    },
    {
      "mode": "managed",
      "type": "aws_route_table",
      "name": "private",
      "provider": "provider[\"registry.terraform.io/hashicorp/aws\"]",
      "instances": [
        {
          "schema_version": 0,
          "attributes": {
            "arn": "arn:aws:ec2:us-east-2:733922282178:route-table/rtb-06a136ee184905b69",
            "id": "rtb-06a136ee184905b69",
            "owner_id": "733922282178",
            "propagating_vgws": [],
            "route": [],
            "tags": {
              "Environment": "terraform-dev",
              "Name": "terraform-dev-private-route-table"
            },
            "tags_all": {
              "Environment": "terraform-dev",
              "Name": "terraform-dev-private-route-table"
            },
            "timeouts": null,
            "vpc_id": "vpc-04fff6c1ffbc13268"
          },
          "sensitive_attributes": [],
          "private": "eyJlMmJmYjczMC1lY2FhLTExZTYtOGY4OC0zNDM2M2JjN2M0YzAiOnsiY3JlYXRlIjozMDAwMDAwMDAwMDAsImRlbGV0ZSI6MzAwMDAwMDAwMDAwLCJ1cGRhdGUiOjEyMDAwMDAwMDAwMH19",
          "dependencies": [
            "aws_vpc.main"
          ]
        }
      ]
    },
    {
      "mode": "managed",
      "type": "aws_route_table",
      "name": "public",
      "provider": "provider[\"registry.terraform.io/hashicorp/aws\"]",
      "instances": [
        {
          "schema_version": 0,
          "attributes": {
            "arn": "arn:aws:ec2:us-east-2:733922282178:route-table/rtb-01118f0dc4f871623",
            "id": "rtb-01118f0dc4f871623",
            "owner_id": "733922282178",
            "propagating_vgws": [],
            "route": [],
            "tags": {
              "Environment": "terraform-dev",
              "Name": "terraform-dev-public-route-table"
            },
            "tags_all": {
              "Environment": "terraform-dev",
              "Name": "terraform-dev-public-route-table"
            },
            "timeouts": null,
            "vpc_id": "vpc-04fff6c1ffbc13268"
          },
          "sensitive_attributes": [],
          "private": "eyJlMmJmYjczMC1lY2FhLTExZTYtOGY4OC0zNDM2M2JjN2M0YzAiOnsiY3JlYXRlIjozMDAwMDAwMDAwMDAsImRlbGV0ZSI6MzAwMDAwMDAwMDAwLCJ1cGRhdGUiOjEyMDAwMDAwMDAwMH19",
          "dependencies": [
            "aws_vpc.main"
          ]
        }
      ]
    },
    {
      "mode": "managed",
      "type": "aws_route_table_association",
      "name": "private",
      "provider": "provider[\"registry.terraform.io/hashicorp/aws\"]",
      "instances": [
        {
          "schema_version": 0,
          "attributes": {
            "gateway_id": "",
            "id": "rtbassoc-06d3a9d71fac2ced1",
            "route_table_id": "rtb-06a136ee184905b69",
            "subnet_id": "subnet-0c1c9fec2cb1e156e",
            "timeouts": null
          },
          "sensitive_attributes": [],
          "private": "eyJlMmJmYjczMC1lY2FhLTExZTYtOGY4OC0zNDM2M2JjN2M0YzAiOnsiY3JlYXRlIjozMDAwMDAwMDAwMDAsImRlbGV0ZSI6MzAwMDAwMDAwMDAwLCJ1cGRhdGUiOjEyMDAwMDAwMDAwMH19",
          "dependencies": [
            "aws_route_table.private",
            "aws_subnet.private_subnet_2a",
            "aws_vpc.main"
          ]
        }
      ]
    },
    {
      "mode": "managed",
      "type": "aws_route_table_association",
      "name": "private1",
      "provider": "provider[\"registry.terraform.io/hashicorp/aws\"]",
      "instances": [
        {
          "schema_version": 0,
          "attributes": {
            "gateway_id": "",
            "id": "rtbassoc-0aad051790e8d07f4",
            "route_table_id": "rtb-06a136ee184905b69",
            "subnet_id": "subnet-0655bd8ab2ff68e99",
            "timeouts": null
          },
          "sensitive_attributes": [],
          "private": "eyJlMmJmYjczMC1lY2FhLTExZTYtOGY4OC0zNDM2M2JjN2M0YzAiOnsiY3JlYXRlIjozMDAwMDAwMDAwMDAsImRlbGV0ZSI6MzAwMDAwMDAwMDAwLCJ1cGRhdGUiOjEyMDAwMDAwMDAwMH19",
          "dependencies": [
            "aws_route_table.private",
            "aws_subnet.private_subnet_2b",
            "aws_vpc.main"
          ]
        }
      ]
    },
    {
      "mode": "managed",
      "type": "aws_route_table_association",
      "name": "public",
      "provider": "provider[\"registry.terraform.io/hashicorp/aws\"]",
      "instances": [
        {
          "schema_version": 0,
          "attributes": {
            "gateway_id": "",
            "id": "rtbassoc-071e9efeb7294164b",
            "route_table_id": "rtb-01118f0dc4f871623",
            "subnet_id": "subnet-0b259dfd1f02f7c14",
            "timeouts": null
          },
          "sensitive_attributes": [],
          "private": "eyJlMmJmYjczMC1lY2FhLTExZTYtOGY4OC0zNDM2M2JjN2M0YzAiOnsiY3JlYXRlIjozMDAwMDAwMDAwMDAsImRlbGV0ZSI6MzAwMDAwMDAwMDAwLCJ1cGRhdGUiOjEyMDAwMDAwMDAwMH19",
          "dependencies": [
            "aws_route_table.public",
            "aws_subnet.public_subnet_2a",
            "aws_vpc.main"
          ]
        }
      ]
    },
    {
      "mode": "managed",
      "type": "aws_route_table_association",
      "name": "public1",
      "provider": "provider[\"registry.terraform.io/hashicorp/aws\"]",
      "instances": [
        {
          "schema_version": 0,
          "attributes": {
            "gateway_id": "",
            "id": "rtbassoc-08125d0ba642cfc07",
            "route_table_id": "rtb-01118f0dc4f871623",
            "subnet_id": "subnet-02ba7fdcca81ee47a",
            "timeouts": null
          },
          "sensitive_attributes": [],
          "private": "eyJlMmJmYjczMC1lY2FhLTExZTYtOGY4OC0zNDM2M2JjN2M0YzAiOnsiY3JlYXRlIjozMDAwMDAwMDAwMDAsImRlbGV0ZSI6MzAwMDAwMDAwMDAwLCJ1cGRhdGUiOjEyMDAwMDAwMDAwMH19",
          "dependencies": [
            "aws_route_table.public",
            "aws_subnet.public_subnet_2b",
            "aws_vpc.main"
          ]
        }
      ]
    },
    {
      "mode": "managed",
      "type": "aws_s3_bucket",
      "name": "vprofile-s3bucket",
      "provider": "provider[\"registry.terraform.io/hashicorp/aws\"]",
      "instances": [
        {
          "schema_version": 0,
          "attributes": {
            "acceleration_status": "",
            "acl": null,
            "arn": "arn:aws:s3:::vprofile-s3bucket",
            "bucket": "vprofile-s3bucket",
            "bucket_domain_name": "vprofile-s3bucket.s3.amazonaws.com",
            "bucket_prefix": "",
            "bucket_regional_domain_name": "vprofile-s3bucket.s3.us-east-2.amazonaws.com",
            "cors_rule": [],
            "force_destroy": true,
            "grant": [
              {
                "id": "8f7d632b7113f3dfb548de18ffbbf46c03b098e4ae159328997cba89383a2b6f",
                "permissions": [
                  "FULL_CONTROL"
                ],
                "type": "CanonicalUser",
                "uri": ""
              }
            ],
            "hosted_zone_id": "Z2O1EMRO9K5GLX",
            "id": "vprofile-s3bucket",
            "lifecycle_rule": [],
            "logging": [],
            "object_lock_configuration": [],
            "object_lock_enabled": false,
            "policy": "",
            "region": "us-east-2",
            "replication_configuration": [],
            "request_payer": "BucketOwner",
            "server_side_encryption_configuration": [
              {
                "rule": [
                  {
                    "apply_server_side_encryption_by_default": [
                      {
                        "kms_master_key_id": "",
                        "sse_algorithm": "AES256"
                      }
                    ],
                    "bucket_key_enabled": false
                  }
                ]
              }
            ],
            "tags": null,
            "tags_all": {},
            "timeouts": null,
            "versioning": [
              {
                "enabled": false,
                "mfa_delete": false
              }
            ],
            "website": [],
            "website_domain": null,
            "website_endpoint": null
          },
          "sensitive_attributes": [],
          "private": "eyJlMmJmYjczMC1lY2FhLTExZTYtOGY4OC0zNDM2M2JjN2M0YzAiOnsiY3JlYXRlIjoxMjAwMDAwMDAwMDAwLCJkZWxldGUiOjM2MDAwMDAwMDAwMDAsInJlYWQiOjEyMDAwMDAwMDAwMDAsInVwZGF0ZSI6MTIwMDAwMDAwMDAwMH19"
        }
      ]
    },
    {
      "mode": "managed",
      "type": "aws_s3_bucket_versioning",
      "name": "vprofile-s3bucket",
      "provider": "provider[\"registry.terraform.io/hashicorp/aws\"]",
      "instances": [
        {
          "schema_version": 0,
          "attributes": {
            "bucket": "vprofile-s3bucket",
            "expected_bucket_owner": "",
            "id": "vprofile-s3bucket",
            "mfa": null,
            "versioning_configuration": [
              {
                "mfa_delete": "",
                "status": "Enabled"
              }
            ]
          },
          "sensitive_attributes": [],
          "private": "bnVsbA==",
          "dependencies": [
            "aws_s3_bucket.vprofile-s3bucket"
          ]
        }
      ]
    },
    {
      "mode": "managed",
      "type": "aws_security_group",
      "name": "SG-appserver",
      "provider": "provider[\"registry.terraform.io/hashicorp/aws\"]",
      "instances": [
        {
          "schema_version": 1,
          "attributes": {
            "arn": "arn:aws:ec2:us-east-2:733922282178:security-group/sg-0c076cb42a1390895",
            "description": "Managed by Terraform",
            "egress": [
              {
                "cidr_blocks": [
                  "0.0.0.0/0"
                ],
                "description": "",
                "from_port": 0,
                "ipv6_cidr_blocks": [],
                "prefix_list_ids": [],
                "protocol": "-1",
                "security_groups": [],
                "self": false,
                "to_port": 0
              }
            ],
            "id": "sg-0c076cb42a1390895",
            "ingress": [
              {
                "cidr_blocks": [
                  "0.0.0.0/0"
                ],
                "description": "",
                "from_port": 22,
                "ipv6_cidr_blocks": [],
                "prefix_list_ids": [],
                "protocol": "tcp",
                "security_groups": [],
                "self": false,
                "to_port": 22
              },
              {
                "cidr_blocks": [
                  "0.0.0.0/0"
                ],
                "description": "",
                "from_port": 8080,
                "ipv6_cidr_blocks": [],
                "prefix_list_ids": [],
                "protocol": "tcp",
                "security_groups": [],
                "self": false,
                "to_port": 8080
              }
            ],
            "name": "SG-appserver",
            "name_prefix": "",
            "owner_id": "733922282178",
            "revoke_rules_on_delete": false,
            "tags": {
              "Environment": "terraform-dev",
              "Name": "SG-appserver"
            },
            "tags_all": {
              "Environment": "terraform-dev",
              "Name": "SG-appserver"
            },
            "timeouts": null,
            "vpc_id": "vpc-04fff6c1ffbc13268"
          },
          "sensitive_attributes": [],
          "private": "eyJlMmJmYjczMC1lY2FhLTExZTYtOGY4OC0zNDM2M2JjN2M0YzAiOnsiY3JlYXRlIjo2MDAwMDAwMDAwMDAsImRlbGV0ZSI6OTAwMDAwMDAwMDAwfSwic2NoZW1hX3ZlcnNpb24iOiIxIn0=",
          "dependencies": [
            "aws_vpc.main"
          ]
        }
      ]
    },
    {
      "mode": "managed",
      "type": "aws_security_group",
      "name": "SG-backend",
      "provider": "provider[\"registry.terraform.io/hashicorp/aws\"]",
      "instances": [
        {
          "schema_version": 1,
          "attributes": {
            "arn": "arn:aws:ec2:us-east-2:733922282178:security-group/sg-05cb0b8a913bc1525",
            "description": "Managed by Terraform",
            "egress": [
              {
                "cidr_blocks": [
                  "0.0.0.0/0"
                ],
                "description": "",
                "from_port": 0,
                "ipv6_cidr_blocks": [],
                "prefix_list_ids": [],
                "protocol": "-1",
                "security_groups": [],
                "self": false,
                "to_port": 0
              }
            ],
            "id": "sg-05cb0b8a913bc1525",
            "ingress": [
              {
                "cidr_blocks": [],
                "description": "",
                "from_port": 0,
                "ipv6_cidr_blocks": [],
                "prefix_list_ids": [],
                "protocol": "-1",
                "security_groups": [],
                "self": true,
                "to_port": 0
              },
              {
                "cidr_blocks": [],
                "description": "",
                "from_port": 11211,
                "ipv6_cidr_blocks": [],
                "prefix_list_ids": [],
                "protocol": "tcp",
                "security_groups": [
                  "sg-0c076cb42a1390895"
                ],
                "self": false,
                "to_port": 11211
              },
              {
                "cidr_blocks": [],
                "description": "",
                "from_port": 22,
                "ipv6_cidr_blocks": [],
                "prefix_list_ids": [],
                "protocol": "tcp",
                "security_groups": [
                  "sg-0c076cb42a1390895"
                ],
                "self": false,
                "to_port": 22
              },
              {
                "cidr_blocks": [],
                "description": "",
                "from_port": 3306,
                "ipv6_cidr_blocks": [],
                "prefix_list_ids": [],
                "protocol": "tcp",
                "security_groups": [
                  "sg-0c076cb42a1390895"
                ],
                "self": false,
                "to_port": 3306
              },
              {
                "cidr_blocks": [],
                "description": "",
                "from_port": 5672,
                "ipv6_cidr_blocks": [],
                "prefix_list_ids": [],
                "protocol": "tcp",
                "security_groups": [
                  "sg-0c076cb42a1390895"
                ],
                "self": false,
                "to_port": 5672
              }
            ],
            "name": "SG-backend",
            "name_prefix": "",
            "owner_id": "733922282178",
            "revoke_rules_on_delete": false,
            "tags": {
              "Environment": "terraform-dev",
              "Name": "SG-backend"
            },
            "tags_all": {
              "Environment": "terraform-dev",
              "Name": "SG-backend"
            },
            "timeouts": null,
            "vpc_id": "vpc-04fff6c1ffbc13268"
          },
          "sensitive_attributes": [],
          "private": "eyJlMmJmYjczMC1lY2FhLTExZTYtOGY4OC0zNDM2M2JjN2M0YzAiOnsiY3JlYXRlIjo2MDAwMDAwMDAwMDAsImRlbGV0ZSI6OTAwMDAwMDAwMDAwfSwic2NoZW1hX3ZlcnNpb24iOiIxIn0=",
          "dependencies": [
            "aws_security_group.SG-appserver",
            "aws_vpc.main"
          ]
        }
      ]
    },
    {
      "mode": "managed",
      "type": "aws_security_group",
      "name": "SG-elb",
      "provider": "provider[\"registry.terraform.io/hashicorp/aws\"]",
      "instances": [
        {
          "schema_version": 1,
          "attributes": {
            "arn": "arn:aws:ec2:us-east-2:733922282178:security-group/sg-0c6eb07604d62c958",
            "description": "Managed by Terraform",
            "egress": [
              {
                "cidr_blocks": [
                  "0.0.0.0/0"
                ],
                "description": "",
                "from_port": 0,
                "ipv6_cidr_blocks": [],
                "prefix_list_ids": [],
                "protocol": "-1",
                "security_groups": [],
                "self": false,
                "to_port": 0
              }
            ],
            "id": "sg-0c6eb07604d62c958",
            "ingress": [
              {
                "cidr_blocks": [
                  "0.0.0.0/0"
                ],
                "description": "",
                "from_port": 80,
                "ipv6_cidr_blocks": [],
                "prefix_list_ids": [],
                "protocol": "tcp",
                "security_groups": [],
                "self": false,
                "to_port": 80
              }
            ],
            "name": "SG-elb",
            "name_prefix": "",
            "owner_id": "733922282178",
            "revoke_rules_on_delete": false,
            "tags": {
              "Environment": "terraform-dev",
              "Name": "SG-elb"
            },
            "tags_all": {
              "Environment": "terraform-dev",
              "Name": "SG-elb"
            },
            "timeouts": null,
            "vpc_id": "vpc-04fff6c1ffbc13268"
          },
          "sensitive_attributes": [],
          "private": "eyJlMmJmYjczMC1lY2FhLTExZTYtOGY4OC0zNDM2M2JjN2M0YzAiOnsiY3JlYXRlIjo2MDAwMDAwMDAwMDAsImRlbGV0ZSI6OTAwMDAwMDAwMDAwfSwic2NoZW1hX3ZlcnNpb24iOiIxIn0=",
          "dependencies": [
            "aws_vpc.main"
          ]
        }
      ]
    },
    {
      "mode": "managed",
      "type": "aws_subnet",
      "name": "private_subnet_2a",
      "provider": "provider[\"registry.terraform.io/hashicorp/aws\"]",
      "instances": [
        {
          "schema_version": 1,
          "attributes": {
            "arn": "arn:aws:ec2:us-east-2:733922282178:subnet/subnet-0c1c9fec2cb1e156e",
            "assign_ipv6_address_on_creation": false,
            "availability_zone": "us-east-2a",
            "availability_zone_id": "use2-az1",
            "cidr_block": "10.0.3.0/24",
            "customer_owned_ipv4_pool": "",
            "enable_dns64": false,
            "enable_lni_at_device_index": 0,
            "enable_resource_name_dns_a_record_on_launch": false,
            "enable_resource_name_dns_aaaa_record_on_launch": false,
            "id": "subnet-0c1c9fec2cb1e156e",
            "ipv6_cidr_block": "",
            "ipv6_cidr_block_association_id": "",
            "ipv6_native": false,
            "map_customer_owned_ip_on_launch": false,
            "map_public_ip_on_launch": false,
            "outpost_arn": "",
            "owner_id": "733922282178",
            "private_dns_hostname_type_on_launch": "ip-name",
            "tags": {
              "Environment": "terraform-dev",
              "Name": "terraform-dev-us-east-2a-private-subnet"
            },
            "tags_all": {
              "Environment": "terraform-dev",
              "Name": "terraform-dev-us-east-2a-private-subnet"
            },
            "timeouts": null,
            "vpc_id": "vpc-04fff6c1ffbc13268"
          },
          "sensitive_attributes": [],
          "private": "eyJlMmJmYjczMC1lY2FhLTExZTYtOGY4OC0zNDM2M2JjN2M0YzAiOnsiY3JlYXRlIjo2MDAwMDAwMDAwMDAsImRlbGV0ZSI6MTIwMDAwMDAwMDAwMH0sInNjaGVtYV92ZXJzaW9uIjoiMSJ9",
          "dependencies": [
            "aws_vpc.main"
          ]
        }
      ]
    },
    {
      "mode": "managed",
      "type": "aws_subnet",
      "name": "private_subnet_2b",
      "provider": "provider[\"registry.terraform.io/hashicorp/aws\"]",
      "instances": [
        {
          "schema_version": 1,
          "attributes": {
            "arn": "arn:aws:ec2:us-east-2:733922282178:subnet/subnet-0655bd8ab2ff68e99",
            "assign_ipv6_address_on_creation": false,
            "availability_zone": "us-east-2b",
            "availability_zone_id": "use2-az2",
            "cidr_block": "10.0.4.0/24",
            "customer_owned_ipv4_pool": "",
            "enable_dns64": false,
            "enable_lni_at_device_index": 0,
            "enable_resource_name_dns_a_record_on_launch": false,
            "enable_resource_name_dns_aaaa_record_on_launch": false,
            "id": "subnet-0655bd8ab2ff68e99",
            "ipv6_cidr_block": "",
            "ipv6_cidr_block_association_id": "",
            "ipv6_native": false,
            "map_customer_owned_ip_on_launch": false,
            "map_public_ip_on_launch": false,
            "outpost_arn": "",
            "owner_id": "733922282178",
            "private_dns_hostname_type_on_launch": "ip-name",
            "tags": {
              "Environment": "terraform-dev",
              "Name": "terraform-dev-us-east-2b-private-subnet"
            },
            "tags_all": {
              "Environment": "terraform-dev",
              "Name": "terraform-dev-us-east-2b-private-subnet"
            },
            "timeouts": null,
            "vpc_id": "vpc-04fff6c1ffbc13268"
          },
          "sensitive_attributes": [],
          "private": "eyJlMmJmYjczMC1lY2FhLTExZTYtOGY4OC0zNDM2M2JjN2M0YzAiOnsiY3JlYXRlIjo2MDAwMDAwMDAwMDAsImRlbGV0ZSI6MTIwMDAwMDAwMDAwMH0sInNjaGVtYV92ZXJzaW9uIjoiMSJ9",
          "dependencies": [
            "aws_vpc.main"
          ]
        }
      ]
    },
    {
      "mode": "managed",
      "type": "aws_subnet",
      "name": "public_subnet_2a",
      "provider": "provider[\"registry.terraform.io/hashicorp/aws\"]",
      "instances": [
        {
          "schema_version": 1,
          "attributes": {
            "arn": "arn:aws:ec2:us-east-2:733922282178:subnet/subnet-0b259dfd1f02f7c14",
            "assign_ipv6_address_on_creation": false,
            "availability_zone": "us-east-2a",
            "availability_zone_id": "use2-az1",
            "cidr_block": "10.0.1.0/24",
            "customer_owned_ipv4_pool": "",
            "enable_dns64": false,
            "enable_lni_at_device_index": 0,
            "enable_resource_name_dns_a_record_on_launch": false,
            "enable_resource_name_dns_aaaa_record_on_launch": false,
            "id": "subnet-0b259dfd1f02f7c14",
            "ipv6_cidr_block": "",
            "ipv6_cidr_block_association_id": "",
            "ipv6_native": false,
            "map_customer_owned_ip_on_launch": false,
            "map_public_ip_on_launch": true,
            "outpost_arn": "",
            "owner_id": "733922282178",
            "private_dns_hostname_type_on_launch": "ip-name",
            "tags": {
              "Environment": "terraform-dev",
              "Name": "terraform-dev-us-east-2a-public-subnet"
            },
            "tags_all": {
              "Environment": "terraform-dev",
              "Name": "terraform-dev-us-east-2a-public-subnet"
            },
            "timeouts": null,
            "vpc_id": "vpc-04fff6c1ffbc13268"
          },
          "sensitive_attributes": [],
          "private": "eyJlMmJmYjczMC1lY2FhLTExZTYtOGY4OC0zNDM2M2JjN2M0YzAiOnsiY3JlYXRlIjo2MDAwMDAwMDAwMDAsImRlbGV0ZSI6MTIwMDAwMDAwMDAwMH0sInNjaGVtYV92ZXJzaW9uIjoiMSJ9",
          "dependencies": [
            "aws_vpc.main"
          ]
        }
      ]
    },
    {
      "mode": "managed",
      "type": "aws_subnet",
      "name": "public_subnet_2b",
      "provider": "provider[\"registry.terraform.io/hashicorp/aws\"]",
      "instances": [
        {
          "schema_version": 1,
          "attributes": {
            "arn": "arn:aws:ec2:us-east-2:733922282178:subnet/subnet-02ba7fdcca81ee47a",
            "assign_ipv6_address_on_creation": false,
            "availability_zone": "us-east-2b",
            "availability_zone_id": "use2-az2",
            "cidr_block": "10.0.2.0/24",
            "customer_owned_ipv4_pool": "",
            "enable_dns64": false,
            "enable_lni_at_device_index": 0,
            "enable_resource_name_dns_a_record_on_launch": false,
            "enable_resource_name_dns_aaaa_record_on_launch": false,
            "id": "subnet-02ba7fdcca81ee47a",
            "ipv6_cidr_block": "",
            "ipv6_cidr_block_association_id": "",
            "ipv6_native": false,
            "map_customer_owned_ip_on_launch": false,
            "map_public_ip_on_launch": true,
            "outpost_arn": "",
            "owner_id": "733922282178",
            "private_dns_hostname_type_on_launch": "ip-name",
            "tags": {
              "Environment": "terraform-dev",
              "Name": "terraform-dev-us-east-2b-public-subnet"
            },
            "tags_all": {
              "Environment": "terraform-dev",
              "Name": "terraform-dev-us-east-2b-public-subnet"
            },
            "timeouts": null,
            "vpc_id": "vpc-04fff6c1ffbc13268"
          },
          "sensitive_attributes": [],
          "private": "eyJlMmJmYjczMC1lY2FhLTExZTYtOGY4OC0zNDM2M2JjN2M0YzAiOnsiY3JlYXRlIjo2MDAwMDAwMDAwMDAsImRlbGV0ZSI6MTIwMDAwMDAwMDAwMH0sInNjaGVtYV92ZXJzaW9uIjoiMSJ9",
          "dependencies": [
            "aws_vpc.main"
          ]
        }
      ]
    },
    {
      "mode": "managed",
      "type": "aws_vpc",
      "name": "main",
      "provider": "provider[\"registry.terraform.io/hashicorp/aws\"]",
      "instances": [
        {
          "schema_version": 1,
          "attributes": {
            "arn": "arn:aws:ec2:us-east-2:733922282178:vpc/vpc-04fff6c1ffbc13268",
            "assign_generated_ipv6_cidr_block": false,
            "cidr_block": "10.0.0.0/16",
            "default_network_acl_id": "acl-0aeb93b778baf7d8d",
            "default_route_table_id": "rtb-0dd5b12bb82c6b27e",
            "default_security_group_id": "sg-0d9b3a46f73440a22",
            "dhcp_options_id": "dopt-0876a5158386099e6",
            "enable_dns_hostnames": true,
            "enable_dns_support": true,
            "enable_network_address_usage_metrics": false,
            "id": "vpc-04fff6c1ffbc13268",
            "instance_tenancy": "default",
            "ipv4_ipam_pool_id": null,
            "ipv4_netmask_length": null,
            "ipv6_association_id": "",
            "ipv6_cidr_block": "",
            "ipv6_cidr_block_network_border_group": "",
            "ipv6_ipam_pool_id": "",
            "ipv6_netmask_length": 0,
            "main_route_table_id": "rtb-0dd5b12bb82c6b27e",
            "owner_id": "733922282178",
            "tags": {
              "Environment": "terraform-dev",
              "Name": "terraform-dev-vpc"
            },
            "tags_all": {
              "Environment": "terraform-dev",
              "Name": "terraform-dev-vpc"
            }
          },
          "sensitive_attributes": [],
          "private": "eyJzY2hlbWFfdmVyc2lvbiI6IjEifQ=="
        }
      ]
    },
    {
      "mode": "managed",
      "type": "local_file",
      "name": "test-key-private",
      "provider": "provider[\"registry.terraform.io/hashicorp/local\"]",
      "instances": [
        {
          "schema_version": 0,
          "attributes": {
            "content": "-----BEGIN RSA PRIVATE KEY-----\nMIIJJwIBAAKCAgEArWKCFiIMtxlQQJZ6byV5NOCnCEvdVswb4jtbSsIC64s8j3KQ\nA5wKq0ITU0rbiw9OAvA6nkbRdCdc7nXr02HMm36c8+bUmhUktHHSdzxnUcT5rHFx\nOBVcexQicJ4lgQWsu5QcVlHAeHQWXx9iBrBj2ag3wpGboBNQAVnb2WFwg20e29op\nD5EymqhECJUbWybFtwMdhX0Y/pdyTsnI6Evc5nrYImtaAev4E8Lnmxxgm2Rypc5x\ns1Z7yDqZKo+zpc73oBE8JayXaCLNzUv9GxA46Shf1q6gNzCOntUIt5r0HGp7dxFI\ns9Bxoo4LVvHjh/gaJaDhw8iY5/Hj3l9UFIWZ53Sr6IvJHW7Zc/N4IpcZ3iH2xRGP\nSKyATtDOnPk5s9F7RB4iDvncUuMbnPW1bfHJk6jLEnm03GM17nFDaTG6s/4VKDec\nosjlcRwqlj0G7Mdg/Fb8LBA1e5597kcVgBxm5xzUCWd0VFE1E9Ia/Eoli2dn++nY\ndIcRvjzsauV/Fk35IcnYkm2BcOe9C2EizoMH+evp8tydFdsL8XZhU27wjIITkFAP\nIEqmD2hut9mMdePNPY8EXhll+L7cko6TnGh1++lwwn7OZ3l7V3mejQ25b0XkhiTA\nqTvGozvjaS62V5E4YbFKsZ3BO+2uEjDyQUh41mLemP/veKzesrc9fYMMRpUCAwEA\nAQKCAgA0OLZLqkfAIiyst2X68gN2rK9CbW8mBGXlltEhTBwLC63a2ruLisUf3c/q\nR2KmmJ57fhV5tITDglOYMwYrbYptzw3A3GZuXi3m911XsmbAFx7IFIbwSGbJX0Ac\nQVW0bZwgBzUdvpPE89oFHnOs5hW86dCZlreT2B1BuunfqFx2CTjBKQ0y9h2SvVl4\naEiMBLqKK7MJkKsli0HPfzE23hqThK5yd3jtmT/n281cR4jFZNSvIeXXCRZRMW0O\nh6epKhQlLuu5wSj9IXZw/hEmxJUPjKyJAaGZ3dMm/a0Zd99Ma7nyG8+U8RQ4zKWX\ns1U/j7d4W+ODz3hWa+GhCX9OiwrWT8AsoelF64lv8XD/oAIRhBp9Xww+27Q8TZ4l\n+rkLesewdG5mXiVOj3O0dN9D53Eux9Qk9+TKgXX3T8sPKnkdF1IoxuYBxaCeX0hv\nVl4w7ELZKVPxsy1L9KhG6J8uIJhUbscfgPLj07BWxUfa5OscenHasFVl5iuP/iPQ\nK5kiLl/iNKU49bdn3SXrD9PtagkIWYVX+y03pb41VCnPCjv4rRJ6Qn66hfZi/4lI\n9RubS0oL/GXBia6RFEbpJOoK2MDp2jhU4HOUNjkLNcXtWMb6PZKXps2/5e6ROR9s\n2Z1V9acX8dk5iBfxzOZlVlmEU+RlnYR7UoRxbblNn0ONw9LyJQKCAQEA0OBEpbkH\nO1zGTSWIwbXzWpPfezq5Fi0ZMQ4DTzy/mCVRKhMNmjl+LyCWn+0MLrD9EbGsv9zQ\nL8dkipWWj9pt7W39Upb9hWpNlvh1d4hCwvqmONokMF59BMV8YgUrC+bU0QJe3bgS\nRcGqVP3BOOOtQh/yclCXQYasX4ZBNR2aq1HLV7ztHhJwW9AhKl58cEHFtTRwIaGW\nUaMT7hPFA5mbaHGVsD5wh4Xi0lHv5BJozdz8PJTSmPBDiGx1hkrVMuOJM+AYp3kN\nIexll0OchNgwN3QxeDUxUuKbCzJY0T5R3BXy0rj2X5JknnWURcOEQ0PE4R58vq8d\nZVwkvFcxij+AiwKCAQEA1IBtNMzlLgkJzDuHGxqe/09EqGbFW73hpmmli6cYToMo\nI4CDzFk4ol1pIJl2SIJ0DY+xSMf5PJGpj+jv6PT3HZfS283Am4YwRTVCLsxYncbt\nBo2wKWoXDFBSB9ieoQK8fX863zKXol8v4l61z7KassWGlC287pQU0A5lWuwnLEuj\nN4HjL/coo+vf6BvINfDoHa6urSrnMABiWH8b88ABwIgxG8Mvcs7sHgN1bjM/LJ4G\nzItnWc9hXlTcC7SsJSSkfxeENQsVFrwZIatY7ZGkDcQ9J9aXFDcIfhVu7GM2UQLf\nA+fQ/Pr6eJpeImUBgXF8S/c4AlPgQDmIgz43BYoZXwKCAQB6gR4h6DwSl94B/yKP\nIgzBMfsfhhhppjehKqvMPD/OlwxcVeJjcpbMQxu0Xk4H0GwMhZ1gxbwgWZxhH0y3\nwA868ohheQblyawKAFy8p2Eog+Mbcu1IpRJDyyOhRZCyoUZt8yr6dOval7QztsQt\nfnLuVlhWrWeY2cidGduCsIM3OXi+U6LqQTw+zPm2pMXs/NZc6Y1eXCwSY0fcGSIy\nc1PPVNbLEEPlaCPY4I+GvzlSi+owCcTeSAQDrkDba2ZRO1wL3cH37ypBnCkVJ2VU\nEItu6qnc662rBBaU4Ylv51IRd5n79tkgwnZa7XDx3bLj1IpS0hOtrnzaJsmw4J7A\ni2/zAoIBAH9yzwyd3s4vaYruIOfmnXmuhxUhHjkZtx5huoH5o6BjFU3FpEaJNGhc\n8dI1eDWg2A3SIpfuJ9Nl4XaIVGs5kIRVLIfb7SrZ3lWDzb/Xm0Z1qm8Fx6PvFwex\nnKFMEEetJnN2PU7kPwGJaWSxPQXmrtWNlluE2w2UDq+CEtPnUs9ERg3ifumjqOI3\nc8D3+KoxZGV5ARam5qVpdZJyGcelXuekRx/JfsmyxPZzSJjhb4BI/vbqnP/GWzWC\nW79BiwVz5py68/YEQY+zHLeO1vUVJnmDOtKL52yeXR+Rp0drcYZA3JSxEizIMjTn\nEJI8VhzWfZ/qE9OBjru2RePBCqrt2q0CggEALo7B97MrHnjT1H+qj7A7S5IaUnAg\nXfdGpjzgZGsT1Ojpl3h7HoPVlxbQBUE4kxM9oM8oPA6BuHdXK4stxT8YC5XR5S/E\nXUtm858zQHi6/93RDeb7govpY3NksSmG3qIBNK4ffuIXekc8+/H4IkRtgMOV1BqK\n1XhIaEpzhCf5LcBAOqGmb6Rgs3POafMZoYRPcva7C40sqBHOt+S+CS4ykVAblEbc\nbnxkD8MryP4SD99uJwlnMKPHi9LMUnCzCQqWEPtuwU9BQbMxki1AZU4o06UuLP6h\nPV32ceRXeZOb1polbosn6WWHOt3UwH0IeTpY0iXjw01Y9LdkoC2SkjHATg==\n-----END RSA PRIVATE KEY-----\n",
            "content_base64": null,
            "content_base64sha256": "qmtloh1x/zRlE4qqa1tQZqaeCrv+14TJMcvwziynRtw=",
            "content_base64sha512": "WDtdGatv/XBBkoWYw/lCUXklXyntE5Sd7jWdxz+geRizG0XKJw5t5sKB4xjWztgih02Igv3cV/XTcdbYw8RkUg==",
            "content_md5": "800a5550a60b8a88925bd798d0be777c",
            "content_sha1": "ba7dfd966424e2b64d2df9e2fe2b99ee82bca45f",
            "content_sha256": "aa6b65a21d71ff3465138aaa6b5b5066a69e0abbfed784c931cbf0ce2ca746dc",
            "content_sha512": "583b5d19ab6ffd7041928598c3f9425179255f29ed13949dee359dc73fa07918b31b45ca270e6de6c281e318d6ced822874d8882fddc57f5d371d6d8c3c46452",
            "directory_permission": "0777",
            "file_permission": "0777",
            "filename": "test-key.pem",
            "id": "ba7dfd966424e2b64d2df9e2fe2b99ee82bca45f",
            "sensitive_content": null,
            "source": null
          },
          "sensitive_attributes": [
            [
              {
                "type": "get_attr",
                "value": "content"
              }
            ]
          ],
          "dependencies": [
            "tls_private_key.rsa-private-key"
          ]
        }
      ]
    },
    {
      "mode": "managed",
      "type": "tls_private_key",
      "name": "rsa-private-key",
      "provider": "provider[\"registry.terraform.io/hashicorp/tls\"]",
      "instances": [
        {
          "schema_version": 1,
          "attributes": {
            "algorithm": "RSA",
            "ecdsa_curve": "P224",
            "id": "f9d6e640baf1ef9ffa4832d0c901d800eeec690c",
            "private_key_openssh": "-----BEGIN OPENSSH PRIVATE KEY-----\nb3BlbnNzaC1rZXktdjEAAAAABG5vbmUAAAAEbm9uZQAAAAAAAAABAAACFwAAAAdz\nc2gtcnNhAAAAAwEAAQAAAgEArWKCFiIMtxlQQJZ6byV5NOCnCEvdVswb4jtbSsIC\n64s8j3KQA5wKq0ITU0rbiw9OAvA6nkbRdCdc7nXr02HMm36c8+bUmhUktHHSdzxn\nUcT5rHFxOBVcexQicJ4lgQWsu5QcVlHAeHQWXx9iBrBj2ag3wpGboBNQAVnb2WFw\ng20e29opD5EymqhECJUbWybFtwMdhX0Y/pdyTsnI6Evc5nrYImtaAev4E8Lnmxxg\nm2Rypc5xs1Z7yDqZKo+zpc73oBE8JayXaCLNzUv9GxA46Shf1q6gNzCOntUIt5r0\nHGp7dxFIs9Bxoo4LVvHjh/gaJaDhw8iY5/Hj3l9UFIWZ53Sr6IvJHW7Zc/N4IpcZ\n3iH2xRGPSKyATtDOnPk5s9F7RB4iDvncUuMbnPW1bfHJk6jLEnm03GM17nFDaTG6\ns/4VKDecosjlcRwqlj0G7Mdg/Fb8LBA1e5597kcVgBxm5xzUCWd0VFE1E9Ia/Eol\ni2dn++nYdIcRvjzsauV/Fk35IcnYkm2BcOe9C2EizoMH+evp8tydFdsL8XZhU27w\njIITkFAPIEqmD2hut9mMdePNPY8EXhll+L7cko6TnGh1++lwwn7OZ3l7V3mejQ25\nb0XkhiTAqTvGozvjaS62V5E4YbFKsZ3BO+2uEjDyQUh41mLemP/veKzesrc9fYMM\nRpUAAAc4iXfozYl36M0AAAAHc3NoLXJzYQAAAgEArWKCFiIMtxlQQJZ6byV5NOCn\nCEvdVswb4jtbSsIC64s8j3KQA5wKq0ITU0rbiw9OAvA6nkbRdCdc7nXr02HMm36c\n8+bUmhUktHHSdzxnUcT5rHFxOBVcexQicJ4lgQWsu5QcVlHAeHQWXx9iBrBj2ag3\nwpGboBNQAVnb2WFwg20e29opD5EymqhECJUbWybFtwMdhX0Y/pdyTsnI6Evc5nrY\nImtaAev4E8Lnmxxgm2Rypc5xs1Z7yDqZKo+zpc73oBE8JayXaCLNzUv9GxA46Shf\n1q6gNzCOntUIt5r0HGp7dxFIs9Bxoo4LVvHjh/gaJaDhw8iY5/Hj3l9UFIWZ53Sr\n6IvJHW7Zc/N4IpcZ3iH2xRGPSKyATtDOnPk5s9F7RB4iDvncUuMbnPW1bfHJk6jL\nEnm03GM17nFDaTG6s/4VKDecosjlcRwqlj0G7Mdg/Fb8LBA1e5597kcVgBxm5xzU\nCWd0VFE1E9Ia/Eoli2dn++nYdIcRvjzsauV/Fk35IcnYkm2BcOe9C2EizoMH+evp\n8tydFdsL8XZhU27wjIITkFAPIEqmD2hut9mMdePNPY8EXhll+L7cko6TnGh1++lw\nwn7OZ3l7V3mejQ25b0XkhiTAqTvGozvjaS62V5E4YbFKsZ3BO+2uEjDyQUh41mLe\nmP/veKzesrc9fYMMRpUAAAADAQABAAACADQ4tkuqR8AiLKy3ZfryA3asr0JtbyYE\nZeWW0SFMHAsLrdrau4uKxR/dz+pHYqaYnnt+FXm0hMOCU5gzBittim3PDcDcZm5e\nLeb3XVeyZsAXHsgUhvBIZslfQBxBVbRtnCAHNR2+k8Tz2gUec6zmFbzp0JmWt5PY\nHUG66d+oXHYJOMEpDTL2HZK9WXhoSIwEuoorswmQqyWLQc9/MTbeGpOErnJ3eO2Z\nP+fbzVxHiMVk1K8h5dcJFlExbQ6Hp6kqFCUu67nBKP0hdnD+ESbElQ+MrIkBoZnd\n0yb9rRl330xrufIbz5TxFDjMpZezVT+Pt3hb44PPeFZr4aEJf06LCtZPwCyh6UXr\niW/xcP+gAhGEGn1fDD7btDxNniX6uQt6x7B0bmZeJU6Pc7R030PncS7H1CT35MqB\ndfdPyw8qeR0XUijG5gHFoJ5fSG9WXjDsQtkpU/GzLUv0qEbony4gmFRuxx+A8uPT\nsFbFR9rk6xx6cdqwVWXmK4/+I9ArmSIuX+I0pTj1t2fdJesP0+1qCQhZhVf7LTel\nvjVUKc8KO/itEnpCfrqF9mL/iUj1G5tLSgv8ZcGJrpEURukk6grYwOnaOFTgc5Q2\nOQs1xe1Yxvo9kpemzb/l7pE5H2zZnVX1pxfx2TmIF/HM5mVWWYRT5GWdhHtShHFt\nuU2fQ43D0vIlAAABAC6OwfezKx5409R/qo+wO0uSGlJwIF33RqY84GRrE9To6Zd4\nex6D1ZcW0AVBOJMTPaDPKDwOgbh3VyuLLcU/GAuV0eUvxF1LZvOfM0B4uv/d0Q3m\n+4KL6WNzZLEpht6iATSuH37iF3pHPPvx+CJEbYDDldQaitV4SGhKc4Qn+S3AQDqh\npm+kYLNzzmnzGaGET3L2uwuNLKgRzrfkvgkuMpFQG5RG3G58ZA/DK8j+Eg/fbicJ\nZzCjx4vSzFJwswkKlhD7bsFPQUGzMZItQGVOKNOlLiz+oT1d9nHkV3mTm9aaJW6L\nJ+llhzrd1MB9CHk6WNIl48NNWPS3ZKAtkpIxwE4AAAEBANDgRKW5Bztcxk0liMG1\n81qT33s6uRYtGTEOA088v5glUSoTDZo5fi8glp/tDC6w/RGxrL/c0C/HZIqVlo/a\nbe1t/VKW/YVqTZb4dXeIQsL6pjjaJDBefQTFfGIFKwvm1NECXt24EkXBqlT9wTjj\nrUIf8nJQl0GGrF+GQTUdmqtRy1e87R4ScFvQISpefHBBxbU0cCGhllGjE+4TxQOZ\nm2hxlbA+cIeF4tJR7+QSaM3c/DyU0pjwQ4hsdYZK1TLjiTPgGKd5DSHsZZdDnITY\nMDd0MXg1MVLimwsyWNE+UdwV8tK49l+SZJ51lEXDhENDxOEefL6vHWVcJLxXMYo/\ngIsAAAEBANSAbTTM5S4JCcw7hxsanv9PRKhmxVu94aZppYunGE6DKCOAg8xZOKJd\naSCZdkiCdA2PsUjH+TyRqY/o7+j09x2X0tvNwJuGMEU1Qi7MWJ3G7QaNsClqFwxQ\nUgfYnqECvH1/Ot8yl6JfL+Jetc+ymrLFhpQtvO6UFNAOZVrsJyxLozeB4y/3KKPr\n3+gbyDXw6B2urq0q5zAAYlh/G/PAAcCIMRvDL3LO7B4DdW4zPyyeBsyLZ1nPYV5U\n3Au0rCUkpH8XhDULFRa8GSGrWO2RpA3EPSfWlxQ3CH4VbuxjNlEC3wPn0Pz6+nia\nXiJlAYFxfEv3OAJT4EA5iIM+NwWKGV8AAAAAAQID\n-----END OPENSSH PRIVATE KEY-----\n",
            "private_key_pem": "-----BEGIN RSA PRIVATE KEY-----\nMIIJJwIBAAKCAgEArWKCFiIMtxlQQJZ6byV5NOCnCEvdVswb4jtbSsIC64s8j3KQ\nA5wKq0ITU0rbiw9OAvA6nkbRdCdc7nXr02HMm36c8+bUmhUktHHSdzxnUcT5rHFx\nOBVcexQicJ4lgQWsu5QcVlHAeHQWXx9iBrBj2ag3wpGboBNQAVnb2WFwg20e29op\nD5EymqhECJUbWybFtwMdhX0Y/pdyTsnI6Evc5nrYImtaAev4E8Lnmxxgm2Rypc5x\ns1Z7yDqZKo+zpc73oBE8JayXaCLNzUv9GxA46Shf1q6gNzCOntUIt5r0HGp7dxFI\ns9Bxoo4LVvHjh/gaJaDhw8iY5/Hj3l9UFIWZ53Sr6IvJHW7Zc/N4IpcZ3iH2xRGP\nSKyATtDOnPk5s9F7RB4iDvncUuMbnPW1bfHJk6jLEnm03GM17nFDaTG6s/4VKDec\nosjlcRwqlj0G7Mdg/Fb8LBA1e5597kcVgBxm5xzUCWd0VFE1E9Ia/Eoli2dn++nY\ndIcRvjzsauV/Fk35IcnYkm2BcOe9C2EizoMH+evp8tydFdsL8XZhU27wjIITkFAP\nIEqmD2hut9mMdePNPY8EXhll+L7cko6TnGh1++lwwn7OZ3l7V3mejQ25b0XkhiTA\nqTvGozvjaS62V5E4YbFKsZ3BO+2uEjDyQUh41mLemP/veKzesrc9fYMMRpUCAwEA\nAQKCAgA0OLZLqkfAIiyst2X68gN2rK9CbW8mBGXlltEhTBwLC63a2ruLisUf3c/q\nR2KmmJ57fhV5tITDglOYMwYrbYptzw3A3GZuXi3m911XsmbAFx7IFIbwSGbJX0Ac\nQVW0bZwgBzUdvpPE89oFHnOs5hW86dCZlreT2B1BuunfqFx2CTjBKQ0y9h2SvVl4\naEiMBLqKK7MJkKsli0HPfzE23hqThK5yd3jtmT/n281cR4jFZNSvIeXXCRZRMW0O\nh6epKhQlLuu5wSj9IXZw/hEmxJUPjKyJAaGZ3dMm/a0Zd99Ma7nyG8+U8RQ4zKWX\ns1U/j7d4W+ODz3hWa+GhCX9OiwrWT8AsoelF64lv8XD/oAIRhBp9Xww+27Q8TZ4l\n+rkLesewdG5mXiVOj3O0dN9D53Eux9Qk9+TKgXX3T8sPKnkdF1IoxuYBxaCeX0hv\nVl4w7ELZKVPxsy1L9KhG6J8uIJhUbscfgPLj07BWxUfa5OscenHasFVl5iuP/iPQ\nK5kiLl/iNKU49bdn3SXrD9PtagkIWYVX+y03pb41VCnPCjv4rRJ6Qn66hfZi/4lI\n9RubS0oL/GXBia6RFEbpJOoK2MDp2jhU4HOUNjkLNcXtWMb6PZKXps2/5e6ROR9s\n2Z1V9acX8dk5iBfxzOZlVlmEU+RlnYR7UoRxbblNn0ONw9LyJQKCAQEA0OBEpbkH\nO1zGTSWIwbXzWpPfezq5Fi0ZMQ4DTzy/mCVRKhMNmjl+LyCWn+0MLrD9EbGsv9zQ\nL8dkipWWj9pt7W39Upb9hWpNlvh1d4hCwvqmONokMF59BMV8YgUrC+bU0QJe3bgS\nRcGqVP3BOOOtQh/yclCXQYasX4ZBNR2aq1HLV7ztHhJwW9AhKl58cEHFtTRwIaGW\nUaMT7hPFA5mbaHGVsD5wh4Xi0lHv5BJozdz8PJTSmPBDiGx1hkrVMuOJM+AYp3kN\nIexll0OchNgwN3QxeDUxUuKbCzJY0T5R3BXy0rj2X5JknnWURcOEQ0PE4R58vq8d\nZVwkvFcxij+AiwKCAQEA1IBtNMzlLgkJzDuHGxqe/09EqGbFW73hpmmli6cYToMo\nI4CDzFk4ol1pIJl2SIJ0DY+xSMf5PJGpj+jv6PT3HZfS283Am4YwRTVCLsxYncbt\nBo2wKWoXDFBSB9ieoQK8fX863zKXol8v4l61z7KassWGlC287pQU0A5lWuwnLEuj\nN4HjL/coo+vf6BvINfDoHa6urSrnMABiWH8b88ABwIgxG8Mvcs7sHgN1bjM/LJ4G\nzItnWc9hXlTcC7SsJSSkfxeENQsVFrwZIatY7ZGkDcQ9J9aXFDcIfhVu7GM2UQLf\nA+fQ/Pr6eJpeImUBgXF8S/c4AlPgQDmIgz43BYoZXwKCAQB6gR4h6DwSl94B/yKP\nIgzBMfsfhhhppjehKqvMPD/OlwxcVeJjcpbMQxu0Xk4H0GwMhZ1gxbwgWZxhH0y3\nwA868ohheQblyawKAFy8p2Eog+Mbcu1IpRJDyyOhRZCyoUZt8yr6dOval7QztsQt\nfnLuVlhWrWeY2cidGduCsIM3OXi+U6LqQTw+zPm2pMXs/NZc6Y1eXCwSY0fcGSIy\nc1PPVNbLEEPlaCPY4I+GvzlSi+owCcTeSAQDrkDba2ZRO1wL3cH37ypBnCkVJ2VU\nEItu6qnc662rBBaU4Ylv51IRd5n79tkgwnZa7XDx3bLj1IpS0hOtrnzaJsmw4J7A\ni2/zAoIBAH9yzwyd3s4vaYruIOfmnXmuhxUhHjkZtx5huoH5o6BjFU3FpEaJNGhc\n8dI1eDWg2A3SIpfuJ9Nl4XaIVGs5kIRVLIfb7SrZ3lWDzb/Xm0Z1qm8Fx6PvFwex\nnKFMEEetJnN2PU7kPwGJaWSxPQXmrtWNlluE2w2UDq+CEtPnUs9ERg3ifumjqOI3\nc8D3+KoxZGV5ARam5qVpdZJyGcelXuekRx/JfsmyxPZzSJjhb4BI/vbqnP/GWzWC\nW79BiwVz5py68/YEQY+zHLeO1vUVJnmDOtKL52yeXR+Rp0drcYZA3JSxEizIMjTn\nEJI8VhzWfZ/qE9OBjru2RePBCqrt2q0CggEALo7B97MrHnjT1H+qj7A7S5IaUnAg\nXfdGpjzgZGsT1Ojpl3h7HoPVlxbQBUE4kxM9oM8oPA6BuHdXK4stxT8YC5XR5S/E\nXUtm858zQHi6/93RDeb7govpY3NksSmG3qIBNK4ffuIXekc8+/H4IkRtgMOV1BqK\n1XhIaEpzhCf5LcBAOqGmb6Rgs3POafMZoYRPcva7C40sqBHOt+S+CS4ykVAblEbc\nbnxkD8MryP4SD99uJwlnMKPHi9LMUnCzCQqWEPtuwU9BQbMxki1AZU4o06UuLP6h\nPV32ceRXeZOb1polbosn6WWHOt3UwH0IeTpY0iXjw01Y9LdkoC2SkjHATg==\n-----END RSA PRIVATE KEY-----\n",
            "private_key_pem_pkcs8": "-----BEGIN PRIVATE KEY-----\nMIIJQQIBADANBgkqhkiG9w0BAQEFAASCCSswggknAgEAAoICAQCtYoIWIgy3GVBA\nlnpvJXk04KcIS91WzBviO1tKwgLrizyPcpADnAqrQhNTStuLD04C8DqeRtF0J1zu\ndevTYcybfpzz5tSaFSS0cdJ3PGdRxPmscXE4FVx7FCJwniWBBay7lBxWUcB4dBZf\nH2IGsGPZqDfCkZugE1ABWdvZYXCDbR7b2ikPkTKaqEQIlRtbJsW3Ax2FfRj+l3JO\nycjoS9zmetgia1oB6/gTwuebHGCbZHKlznGzVnvIOpkqj7OlzvegETwlrJdoIs3N\nS/0bEDjpKF/WrqA3MI6e1Qi3mvQcant3EUiz0HGijgtW8eOH+BoloOHDyJjn8ePe\nX1QUhZnndKvoi8kdbtlz83gilxneIfbFEY9IrIBO0M6c+Tmz0XtEHiIO+dxS4xuc\n9bVt8cmTqMsSebTcYzXucUNpMbqz/hUoN5yiyOVxHCqWPQbsx2D8VvwsEDV7nn3u\nRxWAHGbnHNQJZ3RUUTUT0hr8SiWLZ2f76dh0hxG+POxq5X8WTfkhydiSbYFw570L\nYSLOgwf56+ny3J0V2wvxdmFTbvCMghOQUA8gSqYPaG632Yx14809jwReGWX4vtyS\njpOcaHX76XDCfs5neXtXeZ6NDblvReSGJMCpO8ajO+NpLrZXkThhsUqxncE77a4S\nMPJBSHjWYt6Y/+94rN6ytz19gwxGlQIDAQABAoICADQ4tkuqR8AiLKy3ZfryA3as\nr0JtbyYEZeWW0SFMHAsLrdrau4uKxR/dz+pHYqaYnnt+FXm0hMOCU5gzBittim3P\nDcDcZm5eLeb3XVeyZsAXHsgUhvBIZslfQBxBVbRtnCAHNR2+k8Tz2gUec6zmFbzp\n0JmWt5PYHUG66d+oXHYJOMEpDTL2HZK9WXhoSIwEuoorswmQqyWLQc9/MTbeGpOE\nrnJ3eO2ZP+fbzVxHiMVk1K8h5dcJFlExbQ6Hp6kqFCUu67nBKP0hdnD+ESbElQ+M\nrIkBoZnd0yb9rRl330xrufIbz5TxFDjMpZezVT+Pt3hb44PPeFZr4aEJf06LCtZP\nwCyh6UXriW/xcP+gAhGEGn1fDD7btDxNniX6uQt6x7B0bmZeJU6Pc7R030PncS7H\n1CT35MqBdfdPyw8qeR0XUijG5gHFoJ5fSG9WXjDsQtkpU/GzLUv0qEbony4gmFRu\nxx+A8uPTsFbFR9rk6xx6cdqwVWXmK4/+I9ArmSIuX+I0pTj1t2fdJesP0+1qCQhZ\nhVf7LTelvjVUKc8KO/itEnpCfrqF9mL/iUj1G5tLSgv8ZcGJrpEURukk6grYwOna\nOFTgc5Q2OQs1xe1Yxvo9kpemzb/l7pE5H2zZnVX1pxfx2TmIF/HM5mVWWYRT5GWd\nhHtShHFtuU2fQ43D0vIlAoIBAQDQ4ESluQc7XMZNJYjBtfNak997OrkWLRkxDgNP\nPL+YJVEqEw2aOX4vIJaf7QwusP0Rsay/3NAvx2SKlZaP2m3tbf1Slv2Fak2W+HV3\niELC+qY42iQwXn0ExXxiBSsL5tTRAl7duBJFwapU/cE4461CH/JyUJdBhqxfhkE1\nHZqrUctXvO0eEnBb0CEqXnxwQcW1NHAhoZZRoxPuE8UDmZtocZWwPnCHheLSUe/k\nEmjN3Pw8lNKY8EOIbHWGStUy44kz4BineQ0h7GWXQ5yE2DA3dDF4NTFS4psLMljR\nPlHcFfLSuPZfkmSedZRFw4RDQ8ThHny+rx1lXCS8VzGKP4CLAoIBAQDUgG00zOUu\nCQnMO4cbGp7/T0SoZsVbveGmaaWLpxhOgygjgIPMWTiiXWkgmXZIgnQNj7FIx/k8\nkamP6O/o9Pcdl9LbzcCbhjBFNUIuzFidxu0GjbApahcMUFIH2J6hArx9fzrfMpei\nXy/iXrXPspqyxYaULbzulBTQDmVa7CcsS6M3geMv9yij69/oG8g18Ogdrq6tKucw\nAGJYfxvzwAHAiDEbwy9yzuweA3VuMz8sngbMi2dZz2FeVNwLtKwlJKR/F4Q1CxUW\nvBkhq1jtkaQNxD0n1pcUNwh+FW7sYzZRAt8D59D8+vp4ml4iZQGBcXxL9zgCU+BA\nOYiDPjcFihlfAoIBAHqBHiHoPBKX3gH/Io8iDMEx+x+GGGmmN6Eqq8w8P86XDFxV\n4mNylsxDG7ReTgfQbAyFnWDFvCBZnGEfTLfADzryiGF5BuXJrAoAXLynYSiD4xty\n7UilEkPLI6FFkLKhRm3zKvp069qXtDO2xC1+cu5WWFatZ5jZyJ0Z24Kwgzc5eL5T\noupBPD7M+bakxez81lzpjV5cLBJjR9wZIjJzU89U1ssQQ+VoI9jgj4a/OVKL6jAJ\nxN5IBAOuQNtrZlE7XAvdwffvKkGcKRUnZVQQi27qqdzrrasEFpThiW/nUhF3mfv2\n2SDCdlrtcPHdsuPUilLSE62ufNomybDgnsCLb/MCggEAf3LPDJ3ezi9piu4g5+ad\nea6HFSEeORm3HmG6gfmjoGMVTcWkRok0aFzx0jV4NaDYDdIil+4n02XhdohUazmQ\nhFUsh9vtKtneVYPNv9ebRnWqbwXHo+8XB7GcoUwQR60mc3Y9TuQ/AYlpZLE9Beau\n1Y2WW4TbDZQOr4IS0+dSz0RGDeJ+6aOo4jdzwPf4qjFkZXkBFqbmpWl1knIZx6Ve\n56RHH8l+ybLE9nNImOFvgEj+9uqc/8ZbNYJbv0GLBXPmnLrz9gRBj7Mct47W9RUm\neYM60ovnbJ5dH5GnR2txhkDclLESLMgyNOcQkjxWHNZ9n+oT04GOu7ZF48EKqu3a\nrQKCAQAujsH3syseeNPUf6qPsDtLkhpScCBd90amPOBkaxPU6OmXeHseg9WXFtAF\nQTiTEz2gzyg8DoG4d1criy3FPxgLldHlL8RdS2bznzNAeLr/3dEN5vuCi+ljc2Sx\nKYbeogE0rh9+4hd6Rzz78fgiRG2Aw5XUGorVeEhoSnOEJ/ktwEA6oaZvpGCzc85p\n8xmhhE9y9rsLjSyoEc635L4JLjKRUBuURtxufGQPwyvI/hIP324nCWcwo8eL0sxS\ncLMJCpYQ+27BT0FBszGSLUBlTijTpS4s/qE9XfZx5Fd5k5vWmiVuiyfpZYc63dTA\nfQh5OljSJePDTVj0t2SgLZKSMcBO\n-----END PRIVATE KEY-----\n",
            "public_key_fingerprint_md5": "af:95:ab:56:52:9b:aa:f2:0a:9f:6a:c4:01:bb:b4:9f",
            "public_key_fingerprint_sha256": "SHA256:xkiZM3B0vrcsj+5K6GC86u3s0AYpOZnzGZIrANBrXjE",
            "public_key_openssh": "ssh-rsa AAAAB3NzaC1yc2EAAAADAQABAAACAQCtYoIWIgy3GVBAlnpvJXk04KcIS91WzBviO1tKwgLrizyPcpADnAqrQhNTStuLD04C8DqeRtF0J1zudevTYcybfpzz5tSaFSS0cdJ3PGdRxPmscXE4FVx7FCJwniWBBay7lBxWUcB4dBZfH2IGsGPZqDfCkZugE1ABWdvZYXCDbR7b2ikPkTKaqEQIlRtbJsW3Ax2FfRj+l3JOycjoS9zmetgia1oB6/gTwuebHGCbZHKlznGzVnvIOpkqj7OlzvegETwlrJdoIs3NS/0bEDjpKF/WrqA3MI6e1Qi3mvQcant3EUiz0HGijgtW8eOH+BoloOHDyJjn8ePeX1QUhZnndKvoi8kdbtlz83gilxneIfbFEY9IrIBO0M6c+Tmz0XtEHiIO+dxS4xuc9bVt8cmTqMsSebTcYzXucUNpMbqz/hUoN5yiyOVxHCqWPQbsx2D8VvwsEDV7nn3uRxWAHGbnHNQJZ3RUUTUT0hr8SiWLZ2f76dh0hxG+POxq5X8WTfkhydiSbYFw570LYSLOgwf56+ny3J0V2wvxdmFTbvCMghOQUA8gSqYPaG632Yx14809jwReGWX4vtySjpOcaHX76XDCfs5neXtXeZ6NDblvReSGJMCpO8ajO+NpLrZXkThhsUqxncE77a4SMPJBSHjWYt6Y/+94rN6ytz19gwxGlQ==\n",
            "public_key_pem": "-----BEGIN PUBLIC KEY-----\nMIICIjANBgkqhkiG9w0BAQEFAAOCAg8AMIICCgKCAgEArWKCFiIMtxlQQJZ6byV5\nNOCnCEvdVswb4jtbSsIC64s8j3KQA5wKq0ITU0rbiw9OAvA6nkbRdCdc7nXr02HM\nm36c8+bUmhUktHHSdzxnUcT5rHFxOBVcexQicJ4lgQWsu5QcVlHAeHQWXx9iBrBj\n2ag3wpGboBNQAVnb2WFwg20e29opD5EymqhECJUbWybFtwMdhX0Y/pdyTsnI6Evc\n5nrYImtaAev4E8Lnmxxgm2Rypc5xs1Z7yDqZKo+zpc73oBE8JayXaCLNzUv9GxA4\n6Shf1q6gNzCOntUIt5r0HGp7dxFIs9Bxoo4LVvHjh/gaJaDhw8iY5/Hj3l9UFIWZ\n53Sr6IvJHW7Zc/N4IpcZ3iH2xRGPSKyATtDOnPk5s9F7RB4iDvncUuMbnPW1bfHJ\nk6jLEnm03GM17nFDaTG6s/4VKDecosjlcRwqlj0G7Mdg/Fb8LBA1e5597kcVgBxm\n5xzUCWd0VFE1E9Ia/Eoli2dn++nYdIcRvjzsauV/Fk35IcnYkm2BcOe9C2EizoMH\n+evp8tydFdsL8XZhU27wjIITkFAPIEqmD2hut9mMdePNPY8EXhll+L7cko6TnGh1\n++lwwn7OZ3l7V3mejQ25b0XkhiTAqTvGozvjaS62V5E4YbFKsZ3BO+2uEjDyQUh4\n1mLemP/veKzesrc9fYMMRpUCAwEAAQ==\n-----END PUBLIC KEY-----\n",
            "rsa_bits": 4096
          },
          "sensitive_attributes": []
        }
      ]
    }
  ],
  "check_results": null
}
