{
  "version": 4,
  "terraform_version": "1.6.0",
  "serial": 39,
  "lineage": "d55a2281-fd70-56db-9007-4a41ef8b8493",
  "outputs": {},
  "resources": [
    {
      "mode": "managed",
      "type": "aws_vpc",
      "name": "main",
      "provider": "provider[\"registry.terraform.io/hashicorp/aws\"]",
      "instances": [
        {
          "schema_version": 1,
          "attributes": {
            "arn": "arn:aws:ec2:us-east-2:733922282178:vpc/vpc-0311e29fbca58ed55",
            "assign_generated_ipv6_cidr_block": false,
            "cidr_block": "10.0.0.0/16",
            "default_network_acl_id": "acl-0170a03f8a500a921",
            "default_route_table_id": "rtb-0561b9520b493950c",
            "default_security_group_id": "sg-01557c739b6718486",
            "dhcp_options_id": "dopt-0876a5158386099e6",
            "enable_dns_hostnames": true,
            "enable_dns_support": true,
            "enable_network_address_usage_metrics": false,
            "id": "vpc-0311e29fbca58ed55",
            "instance_tenancy": "default",
            "ipv4_ipam_pool_id": null,
            "ipv4_netmask_length": null,
            "ipv6_association_id": "",
            "ipv6_cidr_block": "",
            "ipv6_cidr_block_network_border_group": "",
            "ipv6_ipam_pool_id": "",
            "ipv6_netmask_length": 0,
            "main_route_table_id": "rtb-0561b9520b493950c",
            "owner_id": "733922282178",
            "tags": {
              "Environment": "terraform-dev",
              "Name": "terraform-dev-vpc"
            },
            "tags_all": {
              "Environment": "terraform-dev",
              "Name": "terraform-dev-vpc"
            }
          },
          "sensitive_attributes": [],
          "private": "eyJzY2hlbWFfdmVyc2lvbiI6IjEifQ=="
        }
      ]
    }
  ],
  "check_results": null
}
