{
  "version": 4,
  "terraform_version": "1.6.0",
  "serial": 810,
  "lineage": "d55a2281-fd70-56db-9007-4a41ef8b8493",
  "outputs": {
    "AppserverPublicIP": {
      "value": "3.139.233.166",
      "type": "string"
    },
    "DBServerPrivateIP": {
      "value": "10.0.3.214",
      "type": "string"
    },
    "MQServerPrivateIP": {
      "value": "10.0.3.15",
      "type": "string"
    },
    "MemCServerPrivateIP": {
      "value": "10.0.3.254",
      "type": "string"
    }
  },
  "resources": [
    {
      "mode": "data",
      "type": "aws_iam_policy_document",
      "name": "assume_role",
      "provider": "provider[\"registry.terraform.io/hashicorp/aws\"]",
      "instances": [
        {
          "schema_version": 0,
          "attributes": {
            "id": "4250039221",
            "json": "{\n  \"Version\": \"2012-10-17\",\n  \"Statement\": [\n    {\n      \"Effect\": \"Allow\",\n      \"Action\": \"sts:AssumeRole\",\n      \"Principal\": {\n        \"Service\": \"codedeploy.amazonaws.com\"\n      }\n    }\n  ]\n}",
            "override_policy_documents": null,
            "policy_id": null,
            "source_policy_documents": null,
            "statement": [
              {
                "actions": [
                  "sts:AssumeRole"
                ],
                "condition": [],
                "effect": "Allow",
                "not_actions": [],
                "not_principals": [],
                "not_resources": [],
                "principals": [
                  {
                    "identifiers": [
                      "codedeploy.amazonaws.com"
                    ],
                    "type": "Service"
                  }
                ],
                "resources": [],
                "sid": ""
              }
            ],
            "version": "2012-10-17"
          },
          "sensitive_attributes": []
        }
      ]
    },
    {
      "mode": "managed",
      "type": "aws_autoscaling_group",
      "name": "vprofile-asg",
      "provider": "provider[\"registry.terraform.io/hashicorp/aws\"]",
      "instances": [
        {
          "schema_version": 1,
          "attributes": {
            "arn": "arn:aws:autoscaling:us-east-2:733922282178:autoScalingGroup:143efaae-ce18-41b8-8e9e-a2076069ba39:autoScalingGroupName/vprofile-asg",
            "availability_zones": [
              "us-east-2a",
              "us-east-2b"
            ],
            "capacity_rebalance": false,
            "context": "",
            "default_cooldown": 300,
            "default_instance_warmup": 0,
            "desired_capacity": 3,
            "desired_capacity_type": "",
            "enabled_metrics": null,
            "force_delete": true,
            "force_delete_warm_pool": false,
            "health_check_grace_period": 300,
            "health_check_type": "ELB",
            "id": "vprofile-asg",
            "ignore_failed_scaling_activities": false,
            "initial_lifecycle_hook": [],
            "instance_refresh": [],
            "launch_configuration": "",
            "launch_template": [
              {
                "id": "lt-02194c01149196f59",
                "name": "vprofile-lauch-template",
                "version": "1"
              }
            ],
            "load_balancers": [],
            "max_instance_lifetime": 0,
            "max_size": 5,
            "metrics_granularity": "1Minute",
            "min_elb_capacity": null,
            "min_size": 2,
            "mixed_instances_policy": [],
            "name": "vprofile-asg",
            "name_prefix": "",
            "placement_group": "",
            "predicted_capacity": 0,
            "protect_from_scale_in": false,
            "service_linked_role_arn": "arn:aws:iam::733922282178:role/aws-service-role/autoscaling.amazonaws.com/AWSServiceRoleForAutoScaling",
            "suspended_processes": null,
            "tag": [],
            "target_group_arns": [
              "arn:aws:elasticloadbalancing:us-east-2:733922282178:targetgroup/vprofile-targetgroup/13d2f30a41d039c7"
            ],
            "termination_policies": null,
            "timeouts": null,
            "traffic_source": [
              {
                "identifier": "arn:aws:elasticloadbalancing:us-east-2:733922282178:targetgroup/vprofile-targetgroup/13d2f30a41d039c7",
                "type": "elbv2"
              }
            ],
            "vpc_zone_identifier": [
              "subnet-047149ea0ff603529",
              "subnet-0accd4778b2f81a20"
            ],
            "wait_for_capacity_timeout": "10m",
            "wait_for_elb_capacity": null,
            "warm_pool": [],
            "warm_pool_size": 0
          },
          "sensitive_attributes": [],
          "private": "eyJlMmJmYjczMC1lY2FhLTExZTYtOGY4OC0zNDM2M2JjN2M0YzAiOnsiZGVsZXRlIjo2MDAwMDAwMDAwMDAsInVwZGF0ZSI6NjAwMDAwMDAwMDAwfSwic2NoZW1hX3ZlcnNpb24iOiIxIn0=",
          "dependencies": [
            "aws_iam_instance_profile.vprofile-instance-profile",
            "aws_iam_role.vprofile-instance-role",
            "aws_launch_template.vprofile-lauch-template",
            "aws_lb_target_group.vprofile-targetgroup",
            "aws_security_group.SG-appserver",
            "aws_subnet.public_subnet_2a",
            "aws_subnet.public_subnet_2b",
            "aws_vpc.main"
          ]
        }
      ]
    },
    {
      "mode": "managed",
      "type": "aws_autoscaling_policy",
      "name": "vprofile-asg-policy",
      "provider": "provider[\"registry.terraform.io/hashicorp/aws\"]",
      "instances": [
        {
          "schema_version": 0,
          "attributes": {
            "adjustment_type": "",
            "arn": "arn:aws:autoscaling:us-east-2:733922282178:scalingPolicy:26737bc5-760f-41c2-910a-c094dc627103:autoScalingGroupName/vprofile-asg:policyName/vprofile-asg-policy",
            "autoscaling_group_name": "vprofile-asg",
            "cooldown": 0,
            "enabled": true,
            "estimated_instance_warmup": 300,
            "id": "vprofile-asg-policy",
            "metric_aggregation_type": "",
            "min_adjustment_magnitude": 0,
            "name": "vprofile-asg-policy",
            "policy_type": "TargetTrackingScaling",
            "predictive_scaling_configuration": [],
            "scaling_adjustment": 0,
            "step_adjustment": [],
            "target_tracking_configuration": [
              {
                "customized_metric_specification": [],
                "disable_scale_in": false,
                "predefined_metric_specification": [
                  {
                    "predefined_metric_type": "ASGAverageCPUUtilization",
                    "resource_label": ""
                  }
                ],
                "target_value": 25
              }
            ]
          },
          "sensitive_attributes": [],
          "private": "bnVsbA==",
          "dependencies": [
            "aws_autoscaling_group.vprofile-asg",
            "aws_iam_instance_profile.vprofile-instance-profile",
            "aws_iam_role.vprofile-instance-role",
            "aws_launch_template.vprofile-lauch-template",
            "aws_lb_target_group.vprofile-targetgroup",
            "aws_security_group.SG-appserver",
            "aws_subnet.public_subnet_2a",
            "aws_subnet.public_subnet_2b",
            "aws_vpc.main"
          ]
        }
      ]
    },
    {
      "mode": "managed",
      "type": "aws_codedeploy_app",
      "name": "vprofile",
      "provider": "provider[\"registry.terraform.io/hashicorp/aws\"]",
      "instances": [
        {
          "schema_version": 0,
          "attributes": {
            "application_id": "01afe797-f461-45bb-ae0a-a6c2f1068611",
            "arn": "arn:aws:codedeploy:us-east-2:733922282178:application:vprofile",
            "compute_platform": "Server",
            "github_account_name": "",
            "id": "01afe797-f461-45bb-ae0a-a6c2f1068611:vprofile",
            "linked_to_github": false,
            "name": "vprofile",
            "tags": null,
            "tags_all": {}
          },
          "sensitive_attributes": [],
          "private": "bnVsbA=="
        }
      ]
    },
    {
      "mode": "managed",
      "type": "aws_codedeploy_deployment_group",
      "name": "vproile-codedeployment-group",
      "provider": "provider[\"registry.terraform.io/hashicorp/aws\"]",
      "instances": [
        {
          "schema_version": 0,
          "attributes": {
            "alarm_configuration": [],
            "app_name": "vprofile",
            "arn": "arn:aws:codedeploy:us-east-2:733922282178:deploymentgroup:vprofile/vprofile-codedeployment-group",
            "auto_rollback_configuration": [],
            "autoscaling_groups": [
              "vprofile-asg"
            ],
            "blue_green_deployment_config": [],
            "compute_platform": "Server",
            "deployment_config_name": "CodeDeployDefault.OneAtATime",
            "deployment_group_id": "a32f7750-24d1-471e-a893-f0148e01f48d",
            "deployment_group_name": "vprofile-codedeployment-group",
            "deployment_style": [
              {
                "deployment_option": "WITH_TRAFFIC_CONTROL",
                "deployment_type": "IN_PLACE"
              }
            ],
            "ec2_tag_filter": [],
            "ec2_tag_set": [],
            "ecs_service": [],
            "id": "a32f7750-24d1-471e-a893-f0148e01f48d",
            "load_balancer_info": [
              {
                "elb_info": [],
                "target_group_info": [
                  {
                    "name": "vprofile-targetgroup"
                  }
                ],
                "target_group_pair_info": []
              }
            ],
            "on_premises_instance_tag_filter": [],
            "service_role_arn": "arn:aws:iam::733922282178:role/codedeploy-role1",
            "tags": null,
            "tags_all": {},
            "trigger_configuration": []
          },
          "sensitive_attributes": [],
          "private": "bnVsbA==",
          "dependencies": [
            "aws_autoscaling_group.vprofile-asg",
            "aws_codedeploy_app.vprofile",
            "aws_iam_instance_profile.vprofile-instance-profile",
            "aws_iam_role.codedeploy-role1",
            "aws_iam_role.vprofile-instance-role",
            "aws_launch_template.vprofile-lauch-template",
            "aws_lb_target_group.vprofile-targetgroup",
            "aws_security_group.SG-appserver",
            "aws_subnet.public_subnet_2a",
            "aws_subnet.public_subnet_2b",
            "aws_vpc.main",
            "data.aws_iam_policy_document.assume_role"
          ]
        }
      ]
    },
    {
      "mode": "managed",
      "type": "aws_eip",
      "name": "nat_eip",
      "provider": "provider[\"registry.terraform.io/hashicorp/aws\"]",
      "instances": [
        {
          "schema_version": 0,
          "attributes": {
            "address": null,
            "allocation_id": "eipalloc-01e3ecc445f460cb2",
            "associate_with_private_ip": null,
            "association_id": "",
            "carrier_ip": "",
            "customer_owned_ip": "",
            "customer_owned_ipv4_pool": "",
            "domain": "vpc",
            "id": "eipalloc-01e3ecc445f460cb2",
            "instance": "",
            "network_border_group": "us-east-2",
            "network_interface": "",
            "private_dns": null,
            "private_ip": "",
            "public_dns": "ec2-18-221-120-132.us-east-2.compute.amazonaws.com",
            "public_ip": "18.221.120.132",
            "public_ipv4_pool": "amazon",
            "tags": {
              "Environment": "terraform-dev",
              "Name": "terraform-dev-nat_eip"
            },
            "tags_all": {
              "Environment": "terraform-dev",
              "Name": "terraform-dev-nat_eip"
            },
            "timeouts": null,
            "vpc": true
          },
          "sensitive_attributes": [],
          "private": "eyJlMmJmYjczMC1lY2FhLTExZTYtOGY4OC0zNDM2M2JjN2M0YzAiOnsiZGVsZXRlIjoxODAwMDAwMDAwMDAsInJlYWQiOjkwMDAwMDAwMDAwMCwidXBkYXRlIjozMDAwMDAwMDAwMDB9fQ==",
          "dependencies": [
            "aws_internet_gateway.igw-terraform",
            "aws_vpc.main"
          ]
        }
      ]
    },
    {
      "mode": "managed",
      "type": "aws_iam_instance_profile",
      "name": "vprofile-instance-profile",
      "provider": "provider[\"registry.terraform.io/hashicorp/aws\"]",
      "instances": [
        {
          "schema_version": 0,
          "attributes": {
            "arn": "arn:aws:iam::733922282178:instance-profile/vprofile-instance-profile",
            "create_date": "2023-10-18T13:22:10Z",
            "id": "vprofile-instance-profile",
            "name": "vprofile-instance-profile",
            "name_prefix": "",
            "path": "/",
            "role": "vprofile-instance-role",
            "tags": null,
            "tags_all": {},
            "unique_id": "AIPA2VYJNJLBLWQXHXHBV"
          },
          "sensitive_attributes": [],
          "private": "bnVsbA==",
          "dependencies": [
            "aws_iam_role.vprofile-instance-role"
          ]
        }
      ]
    },
    {
      "mode": "managed",
      "type": "aws_iam_role",
      "name": "codedeploy-role1",
      "provider": "provider[\"registry.terraform.io/hashicorp/aws\"]",
      "instances": [
        {
          "schema_version": 0,
          "attributes": {
            "arn": "arn:aws:iam::733922282178:role/codedeploy-role1",
            "assume_role_policy": "{\"Statement\":[{\"Action\":\"sts:AssumeRole\",\"Effect\":\"Allow\",\"Principal\":{\"Service\":\"codedeploy.amazonaws.com\"}}],\"Version\":\"2012-10-17\"}",
            "create_date": "2023-10-18T13:22:09Z",
            "description": "",
            "force_detach_policies": false,
            "id": "codedeploy-role1",
            "inline_policy": [],
            "managed_policy_arns": [],
            "max_session_duration": 3600,
            "name": "codedeploy-role1",
            "name_prefix": "",
            "path": "/",
            "permissions_boundary": null,
            "tags": null,
            "tags_all": {},
            "unique_id": "AROA2VYJNJLBG6DYPZAUW"
          },
          "sensitive_attributes": [],
          "private": "bnVsbA==",
          "dependencies": [
            "data.aws_iam_policy_document.assume_role"
          ]
        }
      ]
    },
    {
      "mode": "managed",
      "type": "aws_iam_role",
      "name": "vprofile-codedeploy-role",
      "provider": "provider[\"registry.terraform.io/hashicorp/aws\"]",
      "instances": [
        {
          "schema_version": 0,
          "attributes": {
            "arn": "arn:aws:iam::733922282178:role/vprofile-codedeploy-role",
            "assume_role_policy": "{\"Statement\":[{\"Action\":\"sts:AssumeRole\",\"Effect\":\"Allow\",\"Principal\":{\"Service\":\"codedeploy.amazonaws.com\"},\"Sid\":\"\"}],\"Version\":\"2012-10-17\"}",
            "create_date": "2023-10-18T13:22:09Z",
            "description": "",
            "force_detach_policies": false,
            "id": "vprofile-codedeploy-role",
            "inline_policy": [],
            "managed_policy_arns": [],
            "max_session_duration": 3600,
            "name": "vprofile-codedeploy-role",
            "name_prefix": "",
            "path": "/",
            "permissions_boundary": null,
            "tags": {
              "Environment": "terraform-dev",
              "Name": "vprofile-codedeploy-role"
            },
            "tags_all": {
              "Environment": "terraform-dev",
              "Name": "vprofile-codedeploy-role"
            },
            "unique_id": "AROA2VYJNJLBNABK6HTWV"
          },
          "sensitive_attributes": [],
          "private": "bnVsbA=="
        }
      ]
    },
    {
      "mode": "managed",
      "type": "aws_iam_role",
      "name": "vprofile-instance-role",
      "provider": "provider[\"registry.terraform.io/hashicorp/aws\"]",
      "instances": [
        {
          "schema_version": 0,
          "attributes": {
            "arn": "arn:aws:iam::733922282178:role/vprofile-instance-role",
            "assume_role_policy": "{\"Statement\":[{\"Action\":\"sts:AssumeRole\",\"Effect\":\"Allow\",\"Principal\":{\"Service\":\"ec2.amazonaws.com\"},\"Sid\":\"\"}],\"Version\":\"2012-10-17\"}",
            "create_date": "2023-10-18T13:22:09Z",
            "description": "",
            "force_detach_policies": false,
            "id": "vprofile-instance-role",
            "inline_policy": [],
            "managed_policy_arns": [],
            "max_session_duration": 3600,
            "name": "vprofile-instance-role",
            "name_prefix": "",
            "path": "/",
            "permissions_boundary": null,
            "tags": {
              "Environment": "terraform-dev",
              "Name": "vprofile-instance-role"
            },
            "tags_all": {
              "Environment": "terraform-dev",
              "Name": "vprofile-instance-role"
            },
            "unique_id": "AROA2VYJNJLBPRJC4CIJO"
          },
          "sensitive_attributes": [],
          "private": "bnVsbA=="
        }
      ]
    },
    {
      "mode": "managed",
      "type": "aws_iam_role_policy",
      "name": "vprofile-codedeploy-policy",
      "provider": "provider[\"registry.terraform.io/hashicorp/aws\"]",
      "instances": [
        {
          "schema_version": 0,
          "attributes": {
            "id": "vprofile-codedeploy-role:vprofile-codedeploy-policy",
            "name": "vprofile-codedeploy-policy",
            "name_prefix": null,
            "policy": "{\"Version\":\"2012-10-17\",\"Statement\":[{\"Action\":\"codedeploy:*\",\"Effect\":\"Allow\",\"Resource\":\"*\"},{\"Action\":[\"codestar-notifications:CreateNotificationRule\",\"codestar-notifications:DescribeNotificationRule\",\"codestar-notifications:UpdateNotificationRule\",\"codestar-notifications:DeleteNotificationRule\",\"codestar-notifications:Subscribe\",\"codestar-notifications:Unsubscribe\"],\"Condition\":{\"StringLike\":{\"codestar-notifications:NotificationsForResource\":\"arn:aws:codedeploy:*\"}},\"Effect\":\"Allow\",\"Resource\":\"*\",\"Sid\":\"CodeStarNotificationsReadWriteAccess\"},{\"Action\":[\"codestar-notifications:ListNotificationRules\",\"codestar-notifications:ListTargets\",\"codestar-notifications:ListTagsforResource\",\"codestar-notifications:ListEventTypes\"],\"Effect\":\"Allow\",\"Resource\":\"*\",\"Sid\":\"CodeStarNotificationsListAccess\"},{\"Action\":[\"sns:CreateTopic\",\"sns:SetTopicAttributes\"],\"Effect\":\"Allow\",\"Resource\":\"arn:aws:sns:*:*:codestar-notifications*\",\"Sid\":\"CodeStarNotificationsSNSTopicCreateAccess\"},{\"Action\":[\"chatbot:DescribeSlackChannelConfigurations\"],\"Effect\":\"Allow\",\"Resource\":\"*\",\"Sid\":\"CodeStarNotificationsChatbotAccess\"},{\"Action\":[\"sns:ListTopics\"],\"Effect\":\"Allow\",\"Resource\":\"*\",\"Sid\":\"SNSTopicListAccess\"}]}",
            "role": "vprofile-codedeploy-role"
          },
          "sensitive_attributes": [],
          "private": "bnVsbA==",
          "dependencies": [
            "aws_iam_role.vprofile-codedeploy-role"
          ]
        }
      ]
    },
    {
      "mode": "managed",
      "type": "aws_iam_role_policy",
      "name": "vprofile-instance-s3-policy",
      "provider": "provider[\"registry.terraform.io/hashicorp/aws\"]",
      "instances": [
        {
          "schema_version": 0,
          "attributes": {
            "id": "vprofile-instance-role:vprofile-instance-s3-policy",
            "name": "vprofile-instance-s3-policy",
            "name_prefix": null,
            "policy": "{\"Version\":\"2012-10-17\",\"Statement\":[{\"Action\":[\"s3:*\",\"s3-object-lambda:*\"],\"Effect\":\"Allow\",\"Resource\":\"*\"}]}",
            "role": "vprofile-instance-role"
          },
          "sensitive_attributes": [],
          "private": "bnVsbA==",
          "dependencies": [
            "aws_iam_role.vprofile-instance-role"
          ]
        }
      ]
    },
    {
      "mode": "managed",
      "type": "aws_iam_role_policy_attachment",
      "name": "AWSCodeDeployRole",
      "provider": "provider[\"registry.terraform.io/hashicorp/aws\"]",
      "instances": [
        {
          "schema_version": 0,
          "attributes": {
            "id": "codedeploy-role1-20231018132210087200000001",
            "policy_arn": "arn:aws:iam::aws:policy/service-role/AWSCodeDeployRole",
            "role": "codedeploy-role1"
          },
          "sensitive_attributes": [],
          "private": "bnVsbA==",
          "dependencies": [
            "aws_iam_role.codedeploy-role1",
            "data.aws_iam_policy_document.assume_role"
          ]
        }
      ]
    },
    {
      "mode": "managed",
      "type": "aws_instance",
      "name": "vprofile-appserver",
      "provider": "provider[\"registry.terraform.io/hashicorp/aws\"]",
      "instances": [
        {
          "schema_version": 1,
          "attributes": {
            "ami": "ami-024e6efaf93d85776",
            "arn": "arn:aws:ec2:us-east-2:733922282178:instance/i-004f3db724e5c0eeb",
            "associate_public_ip_address": true,
            "availability_zone": "us-east-2a",
            "capacity_reservation_specification": [
              {
                "capacity_reservation_preference": "open",
                "capacity_reservation_target": []
              }
            ],
            "cpu_core_count": 1,
            "cpu_options": [
              {
                "amd_sev_snp": "",
                "core_count": 1,
                "threads_per_core": 1
              }
            ],
            "cpu_threads_per_core": 1,
            "credit_specification": [
              {
                "cpu_credits": "standard"
              }
            ],
            "disable_api_stop": false,
            "disable_api_termination": false,
            "ebs_block_device": [],
            "ebs_optimized": false,
            "enclave_options": [
              {
                "enabled": false
              }
            ],
            "ephemeral_block_device": [],
            "get_password_data": false,
            "hibernation": false,
            "host_id": "",
            "host_resource_group_arn": null,
            "iam_instance_profile": "",
            "id": "i-004f3db724e5c0eeb",
            "instance_initiated_shutdown_behavior": "stop",
            "instance_lifecycle": "",
            "instance_market_options": [],
            "instance_state": "running",
            "instance_type": "t2.micro",
            "ipv6_address_count": 0,
            "ipv6_addresses": [],
            "key_name": "mamatha-aws-keypair",
            "launch_template": [],
            "maintenance_options": [
              {
                "auto_recovery": "default"
              }
            ],
            "metadata_options": [
              {
                "http_endpoint": "enabled",
                "http_protocol_ipv6": "disabled",
                "http_put_response_hop_limit": 1,
                "http_tokens": "optional",
                "instance_metadata_tags": "disabled"
              }
            ],
            "monitoring": false,
            "network_interface": [],
            "outpost_arn": "",
            "password_data": "",
            "placement_group": "",
            "placement_partition_number": 0,
            "primary_network_interface_id": "eni-04866608a4ec6c3be",
            "private_dns": "ip-10-0-1-156.us-east-2.compute.internal",
            "private_dns_name_options": [
              {
                "enable_resource_name_dns_a_record": false,
                "enable_resource_name_dns_aaaa_record": false,
                "hostname_type": "ip-name"
              }
            ],
            "private_ip": "10.0.1.156",
            "public_dns": "ec2-3-139-233-166.us-east-2.compute.amazonaws.com",
            "public_ip": "3.139.233.166",
            "root_block_device": [
              {
                "delete_on_termination": true,
                "device_name": "/dev/sda1",
                "encrypted": false,
                "iops": 100,
                "kms_key_id": "",
                "tags": {},
                "throughput": 0,
                "volume_id": "vol-0013e6bfd025753a8",
                "volume_size": 8,
                "volume_type": "gp2"
              }
            ],
            "secondary_private_ips": [],
            "security_groups": [],
            "source_dest_check": true,
            "spot_instance_request_id": "",
            "subnet_id": "subnet-047149ea0ff603529",
            "tags": {
              "Environment": "terraform-dev",
              "Name": "vprofile-appserver"
            },
            "tags_all": {
              "Environment": "terraform-dev",
              "Name": "vprofile-appserver"
            },
            "tenancy": "default",
            "timeouts": null,
            "user_data": "bcc999d314796ba9b48d4f29cb2b45dcae3719c3",
            "user_data_base64": null,
            "user_data_replace_on_change": false,
            "volume_tags": null,
            "vpc_security_group_ids": [
              "sg-0c466244af30f35a8"
            ]
          },
          "sensitive_attributes": [],
          "private": "eyJlMmJmYjczMC1lY2FhLTExZTYtOGY4OC0zNDM2M2JjN2M0YzAiOnsiY3JlYXRlIjo2MDAwMDAwMDAwMDAsImRlbGV0ZSI6MTIwMDAwMDAwMDAwMCwidXBkYXRlIjo2MDAwMDAwMDAwMDB9LCJzY2hlbWFfdmVyc2lvbiI6IjEifQ==",
          "dependencies": [
            "aws_security_group.SG-appserver",
            "aws_subnet.public_subnet_2a",
            "aws_vpc.main"
          ]
        }
      ]
    },
    {
      "mode": "managed",
      "type": "aws_instance",
      "name": "vprofile-dbserver",
      "provider": "provider[\"registry.terraform.io/hashicorp/aws\"]",
      "instances": [
        {
          "schema_version": 1,
          "attributes": {
            "ami": "ami-011d59a275b482a49",
            "arn": "arn:aws:ec2:us-east-2:733922282178:instance/i-0a942848608b0633b",
            "associate_public_ip_address": false,
            "availability_zone": "us-east-2a",
            "capacity_reservation_specification": [
              {
                "capacity_reservation_preference": "open",
                "capacity_reservation_target": []
              }
            ],
            "cpu_core_count": 1,
            "cpu_options": [
              {
                "amd_sev_snp": "",
                "core_count": 1,
                "threads_per_core": 1
              }
            ],
            "cpu_threads_per_core": 1,
            "credit_specification": [
              {
                "cpu_credits": "standard"
              }
            ],
            "disable_api_stop": false,
            "disable_api_termination": false,
            "ebs_block_device": [],
            "ebs_optimized": false,
            "enclave_options": [
              {
                "enabled": false
              }
            ],
            "ephemeral_block_device": [],
            "get_password_data": false,
            "hibernation": false,
            "host_id": "",
            "host_resource_group_arn": null,
            "iam_instance_profile": "",
            "id": "i-0a942848608b0633b",
            "instance_initiated_shutdown_behavior": "stop",
            "instance_lifecycle": "",
            "instance_market_options": [],
            "instance_state": "running",
            "instance_type": "t2.micro",
            "ipv6_address_count": 0,
            "ipv6_addresses": [],
            "key_name": "mamatha-aws-keypair",
            "launch_template": [],
            "maintenance_options": [
              {
                "auto_recovery": "default"
              }
            ],
            "metadata_options": [
              {
                "http_endpoint": "enabled",
                "http_protocol_ipv6": "disabled",
                "http_put_response_hop_limit": 1,
                "http_tokens": "optional",
                "instance_metadata_tags": "disabled"
              }
            ],
            "monitoring": false,
            "network_interface": [],
            "outpost_arn": "",
            "password_data": "",
            "placement_group": "",
            "placement_partition_number": 0,
            "primary_network_interface_id": "eni-0821d00bd000efaca",
            "private_dns": "ip-10-0-3-214.us-east-2.compute.internal",
            "private_dns_name_options": [
              {
                "enable_resource_name_dns_a_record": false,
                "enable_resource_name_dns_aaaa_record": false,
                "hostname_type": "ip-name"
              }
            ],
            "private_ip": "10.0.3.214",
            "public_dns": "",
            "public_ip": "",
            "root_block_device": [
              {
                "delete_on_termination": true,
                "device_name": "/dev/sda1",
                "encrypted": false,
                "iops": 100,
                "kms_key_id": "",
                "tags": {},
                "throughput": 0,
                "volume_id": "vol-0000aa9c1c139c35c",
                "volume_size": 10,
                "volume_type": "gp2"
              }
            ],
            "secondary_private_ips": [],
            "security_groups": [],
            "source_dest_check": true,
            "spot_instance_request_id": "",
            "subnet_id": "subnet-0321e051dc97d1c53",
            "tags": {
              "Environment": "terraform-dev",
              "Name": "vprofile-dbserver"
            },
            "tags_all": {
              "Environment": "terraform-dev",
              "Name": "vprofile-dbserver"
            },
            "tenancy": "default",
            "timeouts": null,
            "user_data": "d4b2286fa05ad2927d8af1dce6d92d28951a5d2c",
            "user_data_base64": null,
            "user_data_replace_on_change": false,
            "volume_tags": null,
            "vpc_security_group_ids": [
              "sg-08a9a1432569bbccb"
            ]
          },
          "sensitive_attributes": [],
          "private": "eyJlMmJmYjczMC1lY2FhLTExZTYtOGY4OC0zNDM2M2JjN2M0YzAiOnsiY3JlYXRlIjo2MDAwMDAwMDAwMDAsImRlbGV0ZSI6MTIwMDAwMDAwMDAwMCwidXBkYXRlIjo2MDAwMDAwMDAwMDB9LCJzY2hlbWFfdmVyc2lvbiI6IjEifQ==",
          "dependencies": [
            "aws_eip.nat_eip",
            "aws_internet_gateway.igw-terraform",
            "aws_nat_gateway.nat_gateway-terraformdev",
            "aws_security_group.SG-appserver",
            "aws_security_group.SG-backend",
            "aws_subnet.private_subnet_2a",
            "aws_subnet.public_subnet_2a",
            "aws_vpc.main"
          ]
        }
      ]
    },
    {
      "mode": "managed",
      "type": "aws_instance",
      "name": "vprofile-memecache",
      "provider": "provider[\"registry.terraform.io/hashicorp/aws\"]",
      "instances": [
        {
          "schema_version": 1,
          "attributes": {
            "ami": "ami-011d59a275b482a49",
            "arn": "arn:aws:ec2:us-east-2:733922282178:instance/i-017864354276a0324",
            "associate_public_ip_address": false,
            "availability_zone": "us-east-2a",
            "capacity_reservation_specification": [
              {
                "capacity_reservation_preference": "open",
                "capacity_reservation_target": []
              }
            ],
            "cpu_core_count": 1,
            "cpu_options": [
              {
                "amd_sev_snp": "",
                "core_count": 1,
                "threads_per_core": 1
              }
            ],
            "cpu_threads_per_core": 1,
            "credit_specification": [
              {
                "cpu_credits": "standard"
              }
            ],
            "disable_api_stop": false,
            "disable_api_termination": false,
            "ebs_block_device": [],
            "ebs_optimized": false,
            "enclave_options": [
              {
                "enabled": false
              }
            ],
            "ephemeral_block_device": [],
            "get_password_data": false,
            "hibernation": false,
            "host_id": "",
            "host_resource_group_arn": null,
            "iam_instance_profile": "",
            "id": "i-017864354276a0324",
            "instance_initiated_shutdown_behavior": "stop",
            "instance_lifecycle": "",
            "instance_market_options": [],
            "instance_state": "running",
            "instance_type": "t2.micro",
            "ipv6_address_count": 0,
            "ipv6_addresses": [],
            "key_name": "mamatha-aws-keypair",
            "launch_template": [],
            "maintenance_options": [
              {
                "auto_recovery": "default"
              }
            ],
            "metadata_options": [
              {
                "http_endpoint": "enabled",
                "http_protocol_ipv6": "disabled",
                "http_put_response_hop_limit": 1,
                "http_tokens": "optional",
                "instance_metadata_tags": "disabled"
              }
            ],
            "monitoring": false,
            "network_interface": [],
            "outpost_arn": "",
            "password_data": "",
            "placement_group": "",
            "placement_partition_number": 0,
            "primary_network_interface_id": "eni-0089f5404a9ab1592",
            "private_dns": "ip-10-0-3-254.us-east-2.compute.internal",
            "private_dns_name_options": [
              {
                "enable_resource_name_dns_a_record": false,
                "enable_resource_name_dns_aaaa_record": false,
                "hostname_type": "ip-name"
              }
            ],
            "private_ip": "10.0.3.254",
            "public_dns": "",
            "public_ip": "",
            "root_block_device": [
              {
                "delete_on_termination": true,
                "device_name": "/dev/sda1",
                "encrypted": false,
                "iops": 100,
                "kms_key_id": "",
                "tags": {},
                "throughput": 0,
                "volume_id": "vol-052e84e613d240a51",
                "volume_size": 10,
                "volume_type": "gp2"
              }
            ],
            "secondary_private_ips": [],
            "security_groups": [],
            "source_dest_check": true,
            "spot_instance_request_id": "",
            "subnet_id": "subnet-0321e051dc97d1c53",
            "tags": {
              "Environment": "terraform-dev",
              "Name": "vprofile-memecache"
            },
            "tags_all": {
              "Environment": "terraform-dev",
              "Name": "vprofile-memecache"
            },
            "tenancy": "default",
            "timeouts": null,
            "user_data": "3464da6e7b4d37ad66cde1bc0dcda3e68dd79a4d",
            "user_data_base64": null,
            "user_data_replace_on_change": false,
            "volume_tags": null,
            "vpc_security_group_ids": [
              "sg-08a9a1432569bbccb"
            ]
          },
          "sensitive_attributes": [],
          "private": "eyJlMmJmYjczMC1lY2FhLTExZTYtOGY4OC0zNDM2M2JjN2M0YzAiOnsiY3JlYXRlIjo2MDAwMDAwMDAwMDAsImRlbGV0ZSI6MTIwMDAwMDAwMDAwMCwidXBkYXRlIjo2MDAwMDAwMDAwMDB9LCJzY2hlbWFfdmVyc2lvbiI6IjEifQ==",
          "dependencies": [
            "aws_eip.nat_eip",
            "aws_internet_gateway.igw-terraform",
            "aws_nat_gateway.nat_gateway-terraformdev",
            "aws_security_group.SG-appserver",
            "aws_security_group.SG-backend",
            "aws_subnet.private_subnet_2a",
            "aws_subnet.public_subnet_2a",
            "aws_vpc.main"
          ]
        }
      ]
    },
    {
      "mode": "managed",
      "type": "aws_instance",
      "name": "vprofile-mqserver",
      "provider": "provider[\"registry.terraform.io/hashicorp/aws\"]",
      "instances": [
        {
          "schema_version": 1,
          "attributes": {
            "ami": "ami-011d59a275b482a49",
            "arn": "arn:aws:ec2:us-east-2:733922282178:instance/i-094c89b4a172d5210",
            "associate_public_ip_address": false,
            "availability_zone": "us-east-2a",
            "capacity_reservation_specification": [
              {
                "capacity_reservation_preference": "open",
                "capacity_reservation_target": []
              }
            ],
            "cpu_core_count": 1,
            "cpu_options": [
              {
                "amd_sev_snp": "",
                "core_count": 1,
                "threads_per_core": 1
              }
            ],
            "cpu_threads_per_core": 1,
            "credit_specification": [
              {
                "cpu_credits": "standard"
              }
            ],
            "disable_api_stop": false,
            "disable_api_termination": false,
            "ebs_block_device": [],
            "ebs_optimized": false,
            "enclave_options": [
              {
                "enabled": false
              }
            ],
            "ephemeral_block_device": [],
            "get_password_data": false,
            "hibernation": false,
            "host_id": "",
            "host_resource_group_arn": null,
            "iam_instance_profile": "",
            "id": "i-094c89b4a172d5210",
            "instance_initiated_shutdown_behavior": "stop",
            "instance_lifecycle": "",
            "instance_market_options": [],
            "instance_state": "running",
            "instance_type": "t2.micro",
            "ipv6_address_count": 0,
            "ipv6_addresses": [],
            "key_name": "mamatha-aws-keypair",
            "launch_template": [],
            "maintenance_options": [
              {
                "auto_recovery": "default"
              }
            ],
            "metadata_options": [
              {
                "http_endpoint": "enabled",
                "http_protocol_ipv6": "disabled",
                "http_put_response_hop_limit": 1,
                "http_tokens": "optional",
                "instance_metadata_tags": "disabled"
              }
            ],
            "monitoring": false,
            "network_interface": [],
            "outpost_arn": "",
            "password_data": "",
            "placement_group": "",
            "placement_partition_number": 0,
            "primary_network_interface_id": "eni-041af379fe4968494",
            "private_dns": "ip-10-0-3-15.us-east-2.compute.internal",
            "private_dns_name_options": [
              {
                "enable_resource_name_dns_a_record": false,
                "enable_resource_name_dns_aaaa_record": false,
                "hostname_type": "ip-name"
              }
            ],
            "private_ip": "10.0.3.15",
            "public_dns": "",
            "public_ip": "",
            "root_block_device": [
              {
                "delete_on_termination": true,
                "device_name": "/dev/sda1",
                "encrypted": false,
                "iops": 100,
                "kms_key_id": "",
                "tags": {},
                "throughput": 0,
                "volume_id": "vol-085e964067a643a3c",
                "volume_size": 10,
                "volume_type": "gp2"
              }
            ],
            "secondary_private_ips": [],
            "security_groups": [],
            "source_dest_check": true,
            "spot_instance_request_id": "",
            "subnet_id": "subnet-0321e051dc97d1c53",
            "tags": {
              "Environment": "terraform-dev",
              "Name": "vprofile-mqserver"
            },
            "tags_all": {
              "Environment": "terraform-dev",
              "Name": "vprofile-mqserver"
            },
            "tenancy": "default",
            "timeouts": null,
            "user_data": "f4ca91d61d1b811327f219ab8ab2728342f576da",
            "user_data_base64": null,
            "user_data_replace_on_change": false,
            "volume_tags": null,
            "vpc_security_group_ids": [
              "sg-08a9a1432569bbccb"
            ]
          },
          "sensitive_attributes": [],
          "private": "eyJlMmJmYjczMC1lY2FhLTExZTYtOGY4OC0zNDM2M2JjN2M0YzAiOnsiY3JlYXRlIjo2MDAwMDAwMDAwMDAsImRlbGV0ZSI6MTIwMDAwMDAwMDAwMCwidXBkYXRlIjo2MDAwMDAwMDAwMDB9LCJzY2hlbWFfdmVyc2lvbiI6IjEifQ==",
          "dependencies": [
            "aws_eip.nat_eip",
            "aws_internet_gateway.igw-terraform",
            "aws_nat_gateway.nat_gateway-terraformdev",
            "aws_security_group.SG-appserver",
            "aws_security_group.SG-backend",
            "aws_subnet.private_subnet_2a",
            "aws_subnet.public_subnet_2a",
            "aws_vpc.main"
          ]
        }
      ]
    },
    {
      "mode": "managed",
      "type": "aws_internet_gateway",
      "name": "igw-terraform",
      "provider": "provider[\"registry.terraform.io/hashicorp/aws\"]",
      "instances": [
        {
          "schema_version": 0,
          "attributes": {
            "arn": "arn:aws:ec2:us-east-2:733922282178:internet-gateway/igw-096d1ec036a1ea791",
            "id": "igw-096d1ec036a1ea791",
            "owner_id": "733922282178",
            "tags": {
              "Environment": "terraform-dev",
              "Name": "terraform-dev-IGW"
            },
            "tags_all": {
              "Environment": "terraform-dev",
              "Name": "terraform-dev-IGW"
            },
            "timeouts": null,
            "vpc_id": "vpc-0dbbec3efe6f2888d"
          },
          "sensitive_attributes": [],
          "private": "eyJlMmJmYjczMC1lY2FhLTExZTYtOGY4OC0zNDM2M2JjN2M0YzAiOnsiY3JlYXRlIjoxMjAwMDAwMDAwMDAwLCJkZWxldGUiOjEyMDAwMDAwMDAwMDAsInVwZGF0ZSI6MTIwMDAwMDAwMDAwMH19",
          "dependencies": [
            "aws_vpc.main"
          ]
        }
      ]
    },
    {
      "mode": "managed",
      "type": "aws_key_pair",
      "name": "test-key",
      "provider": "provider[\"registry.terraform.io/hashicorp/aws\"]",
      "instances": [
        {
          "schema_version": 1,
          "attributes": {
            "arn": "arn:aws:ec2:us-east-2:733922282178:key-pair/test-key",
            "fingerprint": "74:67:ff:16:ae:a6:d8:b0:75:89:cb:46:c7:bd:9e:c2",
            "id": "test-key",
            "key_name": "test-key",
            "key_name_prefix": "",
            "key_pair_id": "key-058a9a46097fb2ea6",
            "key_type": "rsa",
            "public_key": "ssh-rsa AAAAB3NzaC1yc2EAAAADAQABAAACAQC2UXw+1Bc4vCuOqJu4AzslC8S31RpD8tgYFv6r4oNhRA3TQNDru95kzZ7QyKifS7tqsRnJ99u5CGnpd61zmAcTPsrBwsh2n08UipaaFeyLHcmcSv2nWtPzXYTCroxKr7XN1tv0mU64uI53a66THxwfoFbMbPdP0wqlNfncN0dr0KbYppOnNW2SFGrmLpv9E06KLYQ6nZSGGk1i/A4HS+mV9pv1ZBNq/2yLToFpKpPvnElxgdCLFJXXBRwee1Gydba7rAeGPYYJ9n/UjfFmc9OvdIh3jV5oAy+3p6OpaAULqBdrU29k4QdMhk9qzUoBFeatQ3SXGcIha89pu5NANfmeJRFMb5XJBsn/0nWPXExHEZkd8d3sMJHAAFCUtpQ++NaLn3LQ9WP6O/W+vnGlyuhCwGF1R7GysJY03JOlKpEhlJ4Tk0OhSDGeA0o7pc/Jr7OQFpoSfQGk+qANJMvUPVe1Id8sVoRNjaUcSzGk79RTZLDAZPTi3o/7wfFTHMfBvtEqfRCA1ryMLjVQT6x/BMs230YtCInWoPpSpU5/2HP7vN2P+oOeSTfrdIA0XlqB4vd4BxfkzMCL10qfnCOnCc2MiD8tLayionEnbcvgsr+SvBgFb0T1YXNJH+f9mpIYlSaDsXvzQc9d81+qI7LpODhIeqSzrZy577MwbwheV9+UOw==",
            "tags": null,
            "tags_all": {}
          },
          "sensitive_attributes": [],
          "private": "eyJzY2hlbWFfdmVyc2lvbiI6IjEifQ==",
          "dependencies": [
            "tls_private_key.rsa-private-key"
          ]
        }
      ]
    },
    {
      "mode": "managed",
      "type": "aws_launch_template",
      "name": "vprofile-lauch-template",
      "provider": "provider[\"registry.terraform.io/hashicorp/aws\"]",
      "instances": [
        {
          "schema_version": 0,
          "attributes": {
            "arn": "arn:aws:ec2:us-east-2:733922282178:launch-template/lt-02194c01149196f59",
            "block_device_mappings": [],
            "capacity_reservation_specification": [],
            "cpu_options": [],
            "credit_specification": [],
            "default_version": 1,
            "description": "",
            "disable_api_stop": false,
            "disable_api_termination": false,
            "ebs_optimized": "",
            "elastic_gpu_specifications": [],
            "elastic_inference_accelerator": [],
            "enclave_options": [],
            "hibernation_options": [],
            "iam_instance_profile": [
              {
                "arn": "",
                "name": "vprofile-instance-profile"
              }
            ],
            "id": "lt-02194c01149196f59",
            "image_id": "ami-04e496aabb4626aa7",
            "instance_initiated_shutdown_behavior": "",
            "instance_market_options": [],
            "instance_requirements": [],
            "instance_type": "t2.micro",
            "kernel_id": "",
            "key_name": "mamatha-aws-keypair",
            "latest_version": 1,
            "license_specification": [],
            "maintenance_options": [],
            "metadata_options": [],
            "monitoring": [],
            "name": "vprofile-lauch-template",
            "name_prefix": "",
            "network_interfaces": [],
            "placement": [],
            "private_dns_name_options": [],
            "ram_disk_id": "",
            "security_group_names": null,
            "tag_specifications": [
              {
                "resource_type": "instance",
                "tags": {
                  "Environment": "terraform-dev"
                }
              }
            ],
            "tags": {
              "Environment": "terraform-dev",
              "Name": "vprofile-lauch-template"
            },
            "tags_all": {
              "Environment": "terraform-dev",
              "Name": "vprofile-lauch-template"
            },
            "update_default_version": null,
            "user_data": "",
            "vpc_security_group_ids": [
              "sg-0c466244af30f35a8"
            ]
          },
          "sensitive_attributes": [],
          "private": "bnVsbA==",
          "dependencies": [
            "aws_iam_instance_profile.vprofile-instance-profile",
            "aws_iam_role.vprofile-instance-role",
            "aws_security_group.SG-appserver",
            "aws_vpc.main"
          ]
        }
      ]
    },
    {
      "mode": "managed",
      "type": "aws_lb",
      "name": "vprofile-lb",
      "provider": "provider[\"registry.terraform.io/hashicorp/aws\"]",
      "instances": [
        {
          "schema_version": 0,
          "attributes": {
            "access_logs": [
              {
                "bucket": "",
                "enabled": false,
                "prefix": ""
              }
            ],
            "arn": "arn:aws:elasticloadbalancing:us-east-2:733922282178:loadbalancer/app/vprofile-lb/90e4fa7b14cab295",
            "arn_suffix": "app/vprofile-lb/90e4fa7b14cab295",
            "customer_owned_ipv4_pool": "",
            "desync_mitigation_mode": "defensive",
            "dns_name": "vprofile-lb-790886354.us-east-2.elb.amazonaws.com",
            "drop_invalid_header_fields": false,
            "enable_cross_zone_load_balancing": true,
            "enable_deletion_protection": false,
            "enable_http2": true,
            "enable_tls_version_and_cipher_suite_headers": false,
            "enable_waf_fail_open": false,
            "enable_xff_client_port": false,
            "id": "arn:aws:elasticloadbalancing:us-east-2:733922282178:loadbalancer/app/vprofile-lb/90e4fa7b14cab295",
            "idle_timeout": 60,
            "internal": false,
            "ip_address_type": "ipv4",
            "load_balancer_type": "application",
            "name": "vprofile-lb",
            "name_prefix": null,
            "preserve_host_header": false,
            "security_groups": [
              "sg-05dadb6b4d35e267a"
            ],
            "subnet_mapping": [
              {
                "allocation_id": "",
                "ipv6_address": "",
                "outpost_id": "",
                "private_ipv4_address": "",
                "subnet_id": "subnet-047149ea0ff603529"
              },
              {
                "allocation_id": "",
                "ipv6_address": "",
                "outpost_id": "",
                "private_ipv4_address": "",
                "subnet_id": "subnet-0accd4778b2f81a20"
              }
            ],
            "subnets": [
              "subnet-047149ea0ff603529",
              "subnet-0accd4778b2f81a20"
            ],
            "tags": null,
            "tags_all": {},
            "timeouts": null,
            "vpc_id": "vpc-0dbbec3efe6f2888d",
            "xff_header_processing_mode": "append",
            "zone_id": "Z3AADJGX6KTTL2"
          },
          "sensitive_attributes": [],
          "private": "eyJlMmJmYjczMC1lY2FhLTExZTYtOGY4OC0zNDM2M2JjN2M0YzAiOnsiY3JlYXRlIjo2MDAwMDAwMDAwMDAsImRlbGV0ZSI6NjAwMDAwMDAwMDAwLCJ1cGRhdGUiOjYwMDAwMDAwMDAwMH19",
          "dependencies": [
            "aws_security_group.SG-elb",
            "aws_subnet.public_subnet_2a",
            "aws_subnet.public_subnet_2b",
            "aws_vpc.main"
          ]
        }
      ]
    },
    {
      "mode": "managed",
      "type": "aws_lb_listener",
      "name": "vprofile-http",
      "provider": "provider[\"registry.terraform.io/hashicorp/aws\"]",
      "instances": [
        {
          "schema_version": 0,
          "attributes": {
            "alpn_policy": null,
            "arn": "arn:aws:elasticloadbalancing:us-east-2:733922282178:listener/app/vprofile-lb/90e4fa7b14cab295/135834b5509a95b0",
            "certificate_arn": null,
            "default_action": [
              {
                "authenticate_cognito": [],
                "authenticate_oidc": [],
                "fixed_response": [],
                "forward": [],
                "order": 1,
                "redirect": [],
                "target_group_arn": "arn:aws:elasticloadbalancing:us-east-2:733922282178:targetgroup/vprofile-targetgroup/13d2f30a41d039c7",
                "type": "forward"
              }
            ],
            "id": "arn:aws:elasticloadbalancing:us-east-2:733922282178:listener/app/vprofile-lb/90e4fa7b14cab295/135834b5509a95b0",
            "load_balancer_arn": "arn:aws:elasticloadbalancing:us-east-2:733922282178:loadbalancer/app/vprofile-lb/90e4fa7b14cab295",
            "port": 80,
            "protocol": "HTTP",
            "ssl_policy": "",
            "tags": null,
            "tags_all": {},
            "timeouts": null
          },
          "sensitive_attributes": [],
          "private": "eyJlMmJmYjczMC1lY2FhLTExZTYtOGY4OC0zNDM2M2JjN2M0YzAiOnsicmVhZCI6NjAwMDAwMDAwMDAwfX0=",
          "dependencies": [
            "aws_lb.vprofile-lb",
            "aws_lb_target_group.vprofile-targetgroup",
            "aws_security_group.SG-elb",
            "aws_subnet.public_subnet_2a",
            "aws_subnet.public_subnet_2b",
            "aws_vpc.main"
          ]
        }
      ]
    },
    {
      "mode": "managed",
      "type": "aws_lb_target_group",
      "name": "vprofile-targetgroup",
      "provider": "provider[\"registry.terraform.io/hashicorp/aws\"]",
      "instances": [
        {
          "schema_version": 0,
          "attributes": {
            "arn": "arn:aws:elasticloadbalancing:us-east-2:733922282178:targetgroup/vprofile-targetgroup/13d2f30a41d039c7",
            "arn_suffix": "targetgroup/vprofile-targetgroup/13d2f30a41d039c7",
            "connection_termination": false,
            "deregistration_delay": "300",
            "health_check": [
              {
                "enabled": true,
                "healthy_threshold": 3,
                "interval": 30,
                "matcher": "200",
                "path": "/index.html",
                "port": "8080",
                "protocol": "HTTP",
                "timeout": 5,
                "unhealthy_threshold": 3
              }
            ],
            "id": "arn:aws:elasticloadbalancing:us-east-2:733922282178:targetgroup/vprofile-targetgroup/13d2f30a41d039c7",
            "ip_address_type": "ipv4",
            "lambda_multi_value_headers_enabled": false,
            "load_balancing_algorithm_type": "round_robin",
            "load_balancing_cross_zone_enabled": "use_load_balancer_configuration",
            "name": "vprofile-targetgroup",
            "name_prefix": null,
            "port": 8080,
            "preserve_client_ip": null,
            "protocol": "HTTP",
            "protocol_version": "HTTP1",
            "proxy_protocol_v2": false,
            "slow_start": 0,
            "stickiness": [
              {
                "cookie_duration": 86400,
                "cookie_name": "",
                "enabled": false,
                "type": "lb_cookie"
              }
            ],
            "tags": {
              "Environment": "terraform-dev",
              "Name": "vprofile-targetgroup"
            },
            "tags_all": {
              "Environment": "terraform-dev",
              "Name": "vprofile-targetgroup"
            },
            "target_failover": [
              {
                "on_deregistration": null,
                "on_unhealthy": null
              }
            ],
            "target_type": "instance",
            "vpc_id": "vpc-0dbbec3efe6f2888d"
          },
          "sensitive_attributes": [],
          "private": "bnVsbA==",
          "dependencies": [
            "aws_vpc.main"
          ]
        }
      ]
    },
    {
      "mode": "managed",
      "type": "aws_lb_target_group_attachment",
      "name": "vprofile-targetgroup",
      "provider": "provider[\"registry.terraform.io/hashicorp/aws\"]",
      "instances": [
        {
          "schema_version": 0,
          "attributes": {
            "availability_zone": null,
            "id": "arn:aws:elasticloadbalancing:us-east-2:733922282178:targetgroup/vprofile-targetgroup/13d2f30a41d039c7-20231018132304500200000005",
            "port": 8080,
            "target_group_arn": "arn:aws:elasticloadbalancing:us-east-2:733922282178:targetgroup/vprofile-targetgroup/13d2f30a41d039c7",
            "target_id": "i-004f3db724e5c0eeb"
          },
          "sensitive_attributes": [],
          "private": "bnVsbA==",
          "dependencies": [
            "aws_instance.vprofile-appserver",
            "aws_lb_target_group.vprofile-targetgroup",
            "aws_security_group.SG-appserver",
            "aws_subnet.public_subnet_2a",
            "aws_vpc.main"
          ]
        }
      ]
    },
    {
      "mode": "managed",
      "type": "aws_nat_gateway",
      "name": "nat_gateway-terraformdev",
      "provider": "provider[\"registry.terraform.io/hashicorp/aws\"]",
      "instances": [
        {
          "schema_version": 0,
          "attributes": {
            "allocation_id": "eipalloc-01e3ecc445f460cb2",
            "association_id": "eipassoc-05323527b12599159",
            "connectivity_type": "public",
            "id": "nat-08ab2cdc3893a2114",
            "network_interface_id": "eni-076e0ebf3a990a781",
            "private_ip": "10.0.1.7",
            "public_ip": "18.221.120.132",
            "secondary_allocation_ids": null,
            "secondary_private_ip_address_count": 0,
            "secondary_private_ip_addresses": [],
            "subnet_id": "subnet-047149ea0ff603529",
            "tags": {
              "Environment": "terraform-dev",
              "Name": "nat-gateway-terraform-dev"
            },
            "tags_all": {
              "Environment": "terraform-dev",
              "Name": "nat-gateway-terraform-dev"
            },
            "timeouts": null
          },
          "sensitive_attributes": [],
          "private": "eyJlMmJmYjczMC1lY2FhLTExZTYtOGY4OC0zNDM2M2JjN2M0YzAiOnsiY3JlYXRlIjo2MDAwMDAwMDAwMDAsImRlbGV0ZSI6MTgwMDAwMDAwMDAwMCwidXBkYXRlIjo2MDAwMDAwMDAwMDB9fQ==",
          "dependencies": [
            "aws_eip.nat_eip",
            "aws_internet_gateway.igw-terraform",
            "aws_subnet.public_subnet_2a",
            "aws_vpc.main"
          ]
        }
      ]
    },
    {
      "mode": "managed",
      "type": "aws_route",
      "name": "private_internet_gateway",
      "provider": "provider[\"registry.terraform.io/hashicorp/aws\"]",
      "instances": [
        {
          "schema_version": 0,
          "attributes": {
            "carrier_gateway_id": "",
            "core_network_arn": "",
            "destination_cidr_block": "0.0.0.0/0",
            "destination_ipv6_cidr_block": "",
            "destination_prefix_list_id": "",
            "egress_only_gateway_id": "",
            "gateway_id": "",
            "id": "r-rtb-05734c998b6d2efc41080289494",
            "instance_id": "",
            "instance_owner_id": "",
            "local_gateway_id": "",
            "nat_gateway_id": "nat-08ab2cdc3893a2114",
            "network_interface_id": "",
            "origin": "CreateRoute",
            "route_table_id": "rtb-05734c998b6d2efc4",
            "state": "active",
            "timeouts": null,
            "transit_gateway_id": "",
            "vpc_endpoint_id": "",
            "vpc_peering_connection_id": ""
          },
          "sensitive_attributes": [],
          "private": "eyJlMmJmYjczMC1lY2FhLTExZTYtOGY4OC0zNDM2M2JjN2M0YzAiOnsiY3JlYXRlIjozMDAwMDAwMDAwMDAsImRlbGV0ZSI6MzAwMDAwMDAwMDAwLCJ1cGRhdGUiOjEyMDAwMDAwMDAwMH19",
          "dependencies": [
            "aws_eip.nat_eip",
            "aws_internet_gateway.igw-terraform",
            "aws_nat_gateway.nat_gateway-terraformdev",
            "aws_route_table.private",
            "aws_subnet.public_subnet_2a",
            "aws_vpc.main"
          ]
        }
      ]
    },
    {
      "mode": "managed",
      "type": "aws_route",
      "name": "public_internet_gateway",
      "provider": "provider[\"registry.terraform.io/hashicorp/aws\"]",
      "instances": [
        {
          "schema_version": 0,
          "attributes": {
            "carrier_gateway_id": "",
            "core_network_arn": "",
            "destination_cidr_block": "0.0.0.0/0",
            "destination_ipv6_cidr_block": "",
            "destination_prefix_list_id": "",
            "egress_only_gateway_id": "",
            "gateway_id": "igw-096d1ec036a1ea791",
            "id": "r-rtb-080778d1617887b201080289494",
            "instance_id": "",
            "instance_owner_id": "",
            "local_gateway_id": "",
            "nat_gateway_id": "",
            "network_interface_id": "",
            "origin": "CreateRoute",
            "route_table_id": "rtb-080778d1617887b20",
            "state": "active",
            "timeouts": null,
            "transit_gateway_id": "",
            "vpc_endpoint_id": "",
            "vpc_peering_connection_id": ""
          },
          "sensitive_attributes": [],
          "private": "eyJlMmJmYjczMC1lY2FhLTExZTYtOGY4OC0zNDM2M2JjN2M0YzAiOnsiY3JlYXRlIjozMDAwMDAwMDAwMDAsImRlbGV0ZSI6MzAwMDAwMDAwMDAwLCJ1cGRhdGUiOjEyMDAwMDAwMDAwMH19",
          "dependencies": [
            "aws_internet_gateway.igw-terraform",
            "aws_route_table.public",
            "aws_vpc.main"
          ]
        }
      ]
    },
    {
      "mode": "managed",
      "type": "aws_route_table",
      "name": "private",
      "provider": "provider[\"registry.terraform.io/hashicorp/aws\"]",
      "instances": [
        {
          "schema_version": 0,
          "attributes": {
            "arn": "arn:aws:ec2:us-east-2:733922282178:route-table/rtb-05734c998b6d2efc4",
            "id": "rtb-05734c998b6d2efc4",
            "owner_id": "733922282178",
            "propagating_vgws": [],
            "route": [],
            "tags": {
              "Environment": "terraform-dev",
              "Name": "terraform-dev-private-route-table"
            },
            "tags_all": {
              "Environment": "terraform-dev",
              "Name": "terraform-dev-private-route-table"
            },
            "timeouts": null,
            "vpc_id": "vpc-0dbbec3efe6f2888d"
          },
          "sensitive_attributes": [],
          "private": "eyJlMmJmYjczMC1lY2FhLTExZTYtOGY4OC0zNDM2M2JjN2M0YzAiOnsiY3JlYXRlIjozMDAwMDAwMDAwMDAsImRlbGV0ZSI6MzAwMDAwMDAwMDAwLCJ1cGRhdGUiOjEyMDAwMDAwMDAwMH19",
          "dependencies": [
            "aws_vpc.main"
          ]
        }
      ]
    },
    {
      "mode": "managed",
      "type": "aws_route_table",
      "name": "public",
      "provider": "provider[\"registry.terraform.io/hashicorp/aws\"]",
      "instances": [
        {
          "schema_version": 0,
          "attributes": {
            "arn": "arn:aws:ec2:us-east-2:733922282178:route-table/rtb-080778d1617887b20",
            "id": "rtb-080778d1617887b20",
            "owner_id": "733922282178",
            "propagating_vgws": [],
            "route": [],
            "tags": {
              "Environment": "terraform-dev",
              "Name": "terraform-dev-public-route-table"
            },
            "tags_all": {
              "Environment": "terraform-dev",
              "Name": "terraform-dev-public-route-table"
            },
            "timeouts": null,
            "vpc_id": "vpc-0dbbec3efe6f2888d"
          },
          "sensitive_attributes": [],
          "private": "eyJlMmJmYjczMC1lY2FhLTExZTYtOGY4OC0zNDM2M2JjN2M0YzAiOnsiY3JlYXRlIjozMDAwMDAwMDAwMDAsImRlbGV0ZSI6MzAwMDAwMDAwMDAwLCJ1cGRhdGUiOjEyMDAwMDAwMDAwMH19",
          "dependencies": [
            "aws_vpc.main"
          ]
        }
      ]
    },
    {
      "mode": "managed",
      "type": "aws_route_table_association",
      "name": "private",
      "provider": "provider[\"registry.terraform.io/hashicorp/aws\"]",
      "instances": [
        {
          "schema_version": 0,
          "attributes": {
            "gateway_id": "",
            "id": "rtbassoc-076f119bcbde801b5",
            "route_table_id": "rtb-05734c998b6d2efc4",
            "subnet_id": "subnet-0321e051dc97d1c53",
            "timeouts": null
          },
          "sensitive_attributes": [],
          "private": "eyJlMmJmYjczMC1lY2FhLTExZTYtOGY4OC0zNDM2M2JjN2M0YzAiOnsiY3JlYXRlIjozMDAwMDAwMDAwMDAsImRlbGV0ZSI6MzAwMDAwMDAwMDAwLCJ1cGRhdGUiOjEyMDAwMDAwMDAwMH19",
          "dependencies": [
            "aws_route_table.private",
            "aws_subnet.private_subnet_2a",
            "aws_vpc.main"
          ]
        }
      ]
    },
    {
      "mode": "managed",
      "type": "aws_route_table_association",
      "name": "private1",
      "provider": "provider[\"registry.terraform.io/hashicorp/aws\"]",
      "instances": [
        {
          "schema_version": 0,
          "attributes": {
            "gateway_id": "",
            "id": "rtbassoc-04e80d0afe90978e9",
            "route_table_id": "rtb-05734c998b6d2efc4",
            "subnet_id": "subnet-006dca4da56d41c8e",
            "timeouts": null
          },
          "sensitive_attributes": [],
          "private": "eyJlMmJmYjczMC1lY2FhLTExZTYtOGY4OC0zNDM2M2JjN2M0YzAiOnsiY3JlYXRlIjozMDAwMDAwMDAwMDAsImRlbGV0ZSI6MzAwMDAwMDAwMDAwLCJ1cGRhdGUiOjEyMDAwMDAwMDAwMH19",
          "dependencies": [
            "aws_route_table.private",
            "aws_subnet.private_subnet_2b",
            "aws_vpc.main"
          ]
        }
      ]
    },
    {
      "mode": "managed",
      "type": "aws_route_table_association",
      "name": "public",
      "provider": "provider[\"registry.terraform.io/hashicorp/aws\"]",
      "instances": [
        {
          "schema_version": 0,
          "attributes": {
            "gateway_id": "",
            "id": "rtbassoc-006fc4d8e86ccfa90",
            "route_table_id": "rtb-080778d1617887b20",
            "subnet_id": "subnet-047149ea0ff603529",
            "timeouts": null
          },
          "sensitive_attributes": [],
          "private": "eyJlMmJmYjczMC1lY2FhLTExZTYtOGY4OC0zNDM2M2JjN2M0YzAiOnsiY3JlYXRlIjozMDAwMDAwMDAwMDAsImRlbGV0ZSI6MzAwMDAwMDAwMDAwLCJ1cGRhdGUiOjEyMDAwMDAwMDAwMH19",
          "dependencies": [
            "aws_route_table.public",
            "aws_subnet.public_subnet_2a",
            "aws_vpc.main"
          ]
        }
      ]
    },
    {
      "mode": "managed",
      "type": "aws_route_table_association",
      "name": "public1",
      "provider": "provider[\"registry.terraform.io/hashicorp/aws\"]",
      "instances": [
        {
          "schema_version": 0,
          "attributes": {
            "gateway_id": "",
            "id": "rtbassoc-0955ca332b90b8e29",
            "route_table_id": "rtb-080778d1617887b20",
            "subnet_id": "subnet-0accd4778b2f81a20",
            "timeouts": null
          },
          "sensitive_attributes": [],
          "private": "eyJlMmJmYjczMC1lY2FhLTExZTYtOGY4OC0zNDM2M2JjN2M0YzAiOnsiY3JlYXRlIjozMDAwMDAwMDAwMDAsImRlbGV0ZSI6MzAwMDAwMDAwMDAwLCJ1cGRhdGUiOjEyMDAwMDAwMDAwMH19",
          "dependencies": [
            "aws_route_table.public",
            "aws_subnet.public_subnet_2b",
            "aws_vpc.main"
          ]
        }
      ]
    },
    {
      "mode": "managed",
      "type": "aws_s3_bucket",
      "name": "vprofile-s3bucket",
      "provider": "provider[\"registry.terraform.io/hashicorp/aws\"]",
      "instances": [
        {
          "schema_version": 0,
          "attributes": {
            "acceleration_status": "",
            "acl": null,
            "arn": "arn:aws:s3:::vprofile-s3bucket",
            "bucket": "vprofile-s3bucket",
            "bucket_domain_name": "vprofile-s3bucket.s3.amazonaws.com",
            "bucket_prefix": "",
            "bucket_regional_domain_name": "vprofile-s3bucket.s3.us-east-2.amazonaws.com",
            "cors_rule": [],
            "force_destroy": true,
            "grant": [
              {
                "id": "8f7d632b7113f3dfb548de18ffbbf46c03b098e4ae159328997cba89383a2b6f",
                "permissions": [
                  "FULL_CONTROL"
                ],
                "type": "CanonicalUser",
                "uri": ""
              }
            ],
            "hosted_zone_id": "Z2O1EMRO9K5GLX",
            "id": "vprofile-s3bucket",
            "lifecycle_rule": [],
            "logging": [],
            "object_lock_configuration": [],
            "object_lock_enabled": false,
            "policy": "",
            "region": "us-east-2",
            "replication_configuration": [],
            "request_payer": "BucketOwner",
            "server_side_encryption_configuration": [
              {
                "rule": [
                  {
                    "apply_server_side_encryption_by_default": [
                      {
                        "kms_master_key_id": "",
                        "sse_algorithm": "AES256"
                      }
                    ],
                    "bucket_key_enabled": false
                  }
                ]
              }
            ],
            "tags": null,
            "tags_all": {},
            "timeouts": null,
            "versioning": [
              {
                "enabled": false,
                "mfa_delete": false
              }
            ],
            "website": [],
            "website_domain": null,
            "website_endpoint": null
          },
          "sensitive_attributes": [],
          "private": "eyJlMmJmYjczMC1lY2FhLTExZTYtOGY4OC0zNDM2M2JjN2M0YzAiOnsiY3JlYXRlIjoxMjAwMDAwMDAwMDAwLCJkZWxldGUiOjM2MDAwMDAwMDAwMDAsInJlYWQiOjEyMDAwMDAwMDAwMDAsInVwZGF0ZSI6MTIwMDAwMDAwMDAwMH19"
        }
      ]
    },
    {
      "mode": "managed",
      "type": "aws_s3_bucket_versioning",
      "name": "vprofile-s3bucket",
      "provider": "provider[\"registry.terraform.io/hashicorp/aws\"]",
      "instances": [
        {
          "schema_version": 0,
          "attributes": {
            "bucket": "vprofile-s3bucket",
            "expected_bucket_owner": "",
            "id": "vprofile-s3bucket",
            "mfa": null,
            "versioning_configuration": [
              {
                "mfa_delete": "",
                "status": "Enabled"
              }
            ]
          },
          "sensitive_attributes": [],
          "private": "bnVsbA==",
          "dependencies": [
            "aws_s3_bucket.vprofile-s3bucket"
          ]
        }
      ]
    },
    {
      "mode": "managed",
      "type": "aws_security_group",
      "name": "SG-appserver",
      "provider": "provider[\"registry.terraform.io/hashicorp/aws\"]",
      "instances": [
        {
          "schema_version": 1,
          "attributes": {
            "arn": "arn:aws:ec2:us-east-2:733922282178:security-group/sg-0c466244af30f35a8",
            "description": "Managed by Terraform",
            "egress": [
              {
                "cidr_blocks": [
                  "0.0.0.0/0"
                ],
                "description": "",
                "from_port": 0,
                "ipv6_cidr_blocks": [],
                "prefix_list_ids": [],
                "protocol": "-1",
                "security_groups": [],
                "self": false,
                "to_port": 0
              }
            ],
            "id": "sg-0c466244af30f35a8",
            "ingress": [
              {
                "cidr_blocks": [
                  "0.0.0.0/0"
                ],
                "description": "",
                "from_port": 22,
                "ipv6_cidr_blocks": [],
                "prefix_list_ids": [],
                "protocol": "tcp",
                "security_groups": [],
                "self": false,
                "to_port": 22
              },
              {
                "cidr_blocks": [
                  "0.0.0.0/0"
                ],
                "description": "",
                "from_port": 8080,
                "ipv6_cidr_blocks": [],
                "prefix_list_ids": [],
                "protocol": "tcp",
                "security_groups": [],
                "self": false,
                "to_port": 8080
              }
            ],
            "name": "SG-appserver",
            "name_prefix": "",
            "owner_id": "733922282178",
            "revoke_rules_on_delete": false,
            "tags": {
              "Environment": "terraform-dev",
              "Name": "SG-appserver"
            },
            "tags_all": {
              "Environment": "terraform-dev",
              "Name": "SG-appserver"
            },
            "timeouts": null,
            "vpc_id": "vpc-0dbbec3efe6f2888d"
          },
          "sensitive_attributes": [],
          "private": "eyJlMmJmYjczMC1lY2FhLTExZTYtOGY4OC0zNDM2M2JjN2M0YzAiOnsiY3JlYXRlIjo2MDAwMDAwMDAwMDAsImRlbGV0ZSI6OTAwMDAwMDAwMDAwfSwic2NoZW1hX3ZlcnNpb24iOiIxIn0=",
          "dependencies": [
            "aws_vpc.main"
          ]
        }
      ]
    },
    {
      "mode": "managed",
      "type": "aws_security_group",
      "name": "SG-backend",
      "provider": "provider[\"registry.terraform.io/hashicorp/aws\"]",
      "instances": [
        {
          "schema_version": 1,
          "attributes": {
            "arn": "arn:aws:ec2:us-east-2:733922282178:security-group/sg-08a9a1432569bbccb",
            "description": "Managed by Terraform",
            "egress": [
              {
                "cidr_blocks": [
                  "0.0.0.0/0"
                ],
                "description": "",
                "from_port": 0,
                "ipv6_cidr_blocks": [],
                "prefix_list_ids": [],
                "protocol": "-1",
                "security_groups": [],
                "self": false,
                "to_port": 0
              }
            ],
            "id": "sg-08a9a1432569bbccb",
            "ingress": [
              {
                "cidr_blocks": [],
                "description": "",
                "from_port": 0,
                "ipv6_cidr_blocks": [],
                "prefix_list_ids": [],
                "protocol": "-1",
                "security_groups": [],
                "self": true,
                "to_port": 0
              },
              {
                "cidr_blocks": [],
                "description": "",
                "from_port": 11211,
                "ipv6_cidr_blocks": [],
                "prefix_list_ids": [],
                "protocol": "tcp",
                "security_groups": [
                  "sg-0c466244af30f35a8"
                ],
                "self": false,
                "to_port": 11211
              },
              {
                "cidr_blocks": [],
                "description": "",
                "from_port": 22,
                "ipv6_cidr_blocks": [],
                "prefix_list_ids": [],
                "protocol": "tcp",
                "security_groups": [
                  "sg-0c466244af30f35a8"
                ],
                "self": false,
                "to_port": 22
              },
              {
                "cidr_blocks": [],
                "description": "",
                "from_port": 3306,
                "ipv6_cidr_blocks": [],
                "prefix_list_ids": [],
                "protocol": "tcp",
                "security_groups": [
                  "sg-0c466244af30f35a8"
                ],
                "self": false,
                "to_port": 3306
              },
              {
                "cidr_blocks": [],
                "description": "",
                "from_port": 5672,
                "ipv6_cidr_blocks": [],
                "prefix_list_ids": [],
                "protocol": "tcp",
                "security_groups": [
                  "sg-0c466244af30f35a8"
                ],
                "self": false,
                "to_port": 5672
              }
            ],
            "name": "SG-backend",
            "name_prefix": "",
            "owner_id": "733922282178",
            "revoke_rules_on_delete": false,
            "tags": {
              "Environment": "terraform-dev",
              "Name": "SG-backend"
            },
            "tags_all": {
              "Environment": "terraform-dev",
              "Name": "SG-backend"
            },
            "timeouts": null,
            "vpc_id": "vpc-0dbbec3efe6f2888d"
          },
          "sensitive_attributes": [],
          "private": "eyJlMmJmYjczMC1lY2FhLTExZTYtOGY4OC0zNDM2M2JjN2M0YzAiOnsiY3JlYXRlIjo2MDAwMDAwMDAwMDAsImRlbGV0ZSI6OTAwMDAwMDAwMDAwfSwic2NoZW1hX3ZlcnNpb24iOiIxIn0=",
          "dependencies": [
            "aws_security_group.SG-appserver",
            "aws_vpc.main"
          ]
        }
      ]
    },
    {
      "mode": "managed",
      "type": "aws_security_group",
      "name": "SG-elb",
      "provider": "provider[\"registry.terraform.io/hashicorp/aws\"]",
      "instances": [
        {
          "schema_version": 1,
          "attributes": {
            "arn": "arn:aws:ec2:us-east-2:733922282178:security-group/sg-05dadb6b4d35e267a",
            "description": "Managed by Terraform",
            "egress": [
              {
                "cidr_blocks": [
                  "0.0.0.0/0"
                ],
                "description": "",
                "from_port": 0,
                "ipv6_cidr_blocks": [],
                "prefix_list_ids": [],
                "protocol": "-1",
                "security_groups": [],
                "self": false,
                "to_port": 0
              }
            ],
            "id": "sg-05dadb6b4d35e267a",
            "ingress": [
              {
                "cidr_blocks": [
                  "0.0.0.0/0"
                ],
                "description": "",
                "from_port": 80,
                "ipv6_cidr_blocks": [],
                "prefix_list_ids": [],
                "protocol": "tcp",
                "security_groups": [],
                "self": false,
                "to_port": 80
              }
            ],
            "name": "SG-elb",
            "name_prefix": "",
            "owner_id": "733922282178",
            "revoke_rules_on_delete": false,
            "tags": {
              "Environment": "terraform-dev",
              "Name": "SG-elb"
            },
            "tags_all": {
              "Environment": "terraform-dev",
              "Name": "SG-elb"
            },
            "timeouts": null,
            "vpc_id": "vpc-0dbbec3efe6f2888d"
          },
          "sensitive_attributes": [],
          "private": "eyJlMmJmYjczMC1lY2FhLTExZTYtOGY4OC0zNDM2M2JjN2M0YzAiOnsiY3JlYXRlIjo2MDAwMDAwMDAwMDAsImRlbGV0ZSI6OTAwMDAwMDAwMDAwfSwic2NoZW1hX3ZlcnNpb24iOiIxIn0=",
          "dependencies": [
            "aws_vpc.main"
          ]
        }
      ]
    },
    {
      "mode": "managed",
      "type": "aws_subnet",
      "name": "private_subnet_2a",
      "provider": "provider[\"registry.terraform.io/hashicorp/aws\"]",
      "instances": [
        {
          "schema_version": 1,
          "attributes": {
            "arn": "arn:aws:ec2:us-east-2:733922282178:subnet/subnet-0321e051dc97d1c53",
            "assign_ipv6_address_on_creation": false,
            "availability_zone": "us-east-2a",
            "availability_zone_id": "use2-az1",
            "cidr_block": "10.0.3.0/24",
            "customer_owned_ipv4_pool": "",
            "enable_dns64": false,
            "enable_lni_at_device_index": 0,
            "enable_resource_name_dns_a_record_on_launch": false,
            "enable_resource_name_dns_aaaa_record_on_launch": false,
            "id": "subnet-0321e051dc97d1c53",
            "ipv6_cidr_block": "",
            "ipv6_cidr_block_association_id": "",
            "ipv6_native": false,
            "map_customer_owned_ip_on_launch": false,
            "map_public_ip_on_launch": false,
            "outpost_arn": "",
            "owner_id": "733922282178",
            "private_dns_hostname_type_on_launch": "ip-name",
            "tags": {
              "Environment": "terraform-dev",
              "Name": "terraform-dev-us-east-2a-private-subnet"
            },
            "tags_all": {
              "Environment": "terraform-dev",
              "Name": "terraform-dev-us-east-2a-private-subnet"
            },
            "timeouts": null,
            "vpc_id": "vpc-0dbbec3efe6f2888d"
          },
          "sensitive_attributes": [],
          "private": "eyJlMmJmYjczMC1lY2FhLTExZTYtOGY4OC0zNDM2M2JjN2M0YzAiOnsiY3JlYXRlIjo2MDAwMDAwMDAwMDAsImRlbGV0ZSI6MTIwMDAwMDAwMDAwMH0sInNjaGVtYV92ZXJzaW9uIjoiMSJ9",
          "dependencies": [
            "aws_vpc.main"
          ]
        }
      ]
    },
    {
      "mode": "managed",
      "type": "aws_subnet",
      "name": "private_subnet_2b",
      "provider": "provider[\"registry.terraform.io/hashicorp/aws\"]",
      "instances": [
        {
          "schema_version": 1,
          "attributes": {
            "arn": "arn:aws:ec2:us-east-2:733922282178:subnet/subnet-006dca4da56d41c8e",
            "assign_ipv6_address_on_creation": false,
            "availability_zone": "us-east-2b",
            "availability_zone_id": "use2-az2",
            "cidr_block": "10.0.4.0/24",
            "customer_owned_ipv4_pool": "",
            "enable_dns64": false,
            "enable_lni_at_device_index": 0,
            "enable_resource_name_dns_a_record_on_launch": false,
            "enable_resource_name_dns_aaaa_record_on_launch": false,
            "id": "subnet-006dca4da56d41c8e",
            "ipv6_cidr_block": "",
            "ipv6_cidr_block_association_id": "",
            "ipv6_native": false,
            "map_customer_owned_ip_on_launch": false,
            "map_public_ip_on_launch": false,
            "outpost_arn": "",
            "owner_id": "733922282178",
            "private_dns_hostname_type_on_launch": "ip-name",
            "tags": {
              "Environment": "terraform-dev",
              "Name": "terraform-dev-us-east-2b-private-subnet"
            },
            "tags_all": {
              "Environment": "terraform-dev",
              "Name": "terraform-dev-us-east-2b-private-subnet"
            },
            "timeouts": null,
            "vpc_id": "vpc-0dbbec3efe6f2888d"
          },
          "sensitive_attributes": [],
          "private": "eyJlMmJmYjczMC1lY2FhLTExZTYtOGY4OC0zNDM2M2JjN2M0YzAiOnsiY3JlYXRlIjo2MDAwMDAwMDAwMDAsImRlbGV0ZSI6MTIwMDAwMDAwMDAwMH0sInNjaGVtYV92ZXJzaW9uIjoiMSJ9",
          "dependencies": [
            "aws_vpc.main"
          ]
        }
      ]
    },
    {
      "mode": "managed",
      "type": "aws_subnet",
      "name": "public_subnet_2a",
      "provider": "provider[\"registry.terraform.io/hashicorp/aws\"]",
      "instances": [
        {
          "schema_version": 1,
          "attributes": {
            "arn": "arn:aws:ec2:us-east-2:733922282178:subnet/subnet-047149ea0ff603529",
            "assign_ipv6_address_on_creation": false,
            "availability_zone": "us-east-2a",
            "availability_zone_id": "use2-az1",
            "cidr_block": "10.0.1.0/24",
            "customer_owned_ipv4_pool": "",
            "enable_dns64": false,
            "enable_lni_at_device_index": 0,
            "enable_resource_name_dns_a_record_on_launch": false,
            "enable_resource_name_dns_aaaa_record_on_launch": false,
            "id": "subnet-047149ea0ff603529",
            "ipv6_cidr_block": "",
            "ipv6_cidr_block_association_id": "",
            "ipv6_native": false,
            "map_customer_owned_ip_on_launch": false,
            "map_public_ip_on_launch": true,
            "outpost_arn": "",
            "owner_id": "733922282178",
            "private_dns_hostname_type_on_launch": "ip-name",
            "tags": {
              "Environment": "terraform-dev",
              "Name": "terraform-dev-us-east-2a-public-subnet"
            },
            "tags_all": {
              "Environment": "terraform-dev",
              "Name": "terraform-dev-us-east-2a-public-subnet"
            },
            "timeouts": null,
            "vpc_id": "vpc-0dbbec3efe6f2888d"
          },
          "sensitive_attributes": [],
          "private": "eyJlMmJmYjczMC1lY2FhLTExZTYtOGY4OC0zNDM2M2JjN2M0YzAiOnsiY3JlYXRlIjo2MDAwMDAwMDAwMDAsImRlbGV0ZSI6MTIwMDAwMDAwMDAwMH0sInNjaGVtYV92ZXJzaW9uIjoiMSJ9",
          "dependencies": [
            "aws_vpc.main"
          ]
        }
      ]
    },
    {
      "mode": "managed",
      "type": "aws_subnet",
      "name": "public_subnet_2b",
      "provider": "provider[\"registry.terraform.io/hashicorp/aws\"]",
      "instances": [
        {
          "schema_version": 1,
          "attributes": {
            "arn": "arn:aws:ec2:us-east-2:733922282178:subnet/subnet-0accd4778b2f81a20",
            "assign_ipv6_address_on_creation": false,
            "availability_zone": "us-east-2b",
            "availability_zone_id": "use2-az2",
            "cidr_block": "10.0.2.0/24",
            "customer_owned_ipv4_pool": "",
            "enable_dns64": false,
            "enable_lni_at_device_index": 0,
            "enable_resource_name_dns_a_record_on_launch": false,
            "enable_resource_name_dns_aaaa_record_on_launch": false,
            "id": "subnet-0accd4778b2f81a20",
            "ipv6_cidr_block": "",
            "ipv6_cidr_block_association_id": "",
            "ipv6_native": false,
            "map_customer_owned_ip_on_launch": false,
            "map_public_ip_on_launch": true,
            "outpost_arn": "",
            "owner_id": "733922282178",
            "private_dns_hostname_type_on_launch": "ip-name",
            "tags": {
              "Environment": "terraform-dev",
              "Name": "terraform-dev-us-east-2b-public-subnet"
            },
            "tags_all": {
              "Environment": "terraform-dev",
              "Name": "terraform-dev-us-east-2b-public-subnet"
            },
            "timeouts": null,
            "vpc_id": "vpc-0dbbec3efe6f2888d"
          },
          "sensitive_attributes": [],
          "private": "eyJlMmJmYjczMC1lY2FhLTExZTYtOGY4OC0zNDM2M2JjN2M0YzAiOnsiY3JlYXRlIjo2MDAwMDAwMDAwMDAsImRlbGV0ZSI6MTIwMDAwMDAwMDAwMH0sInNjaGVtYV92ZXJzaW9uIjoiMSJ9",
          "dependencies": [
            "aws_vpc.main"
          ]
        }
      ]
    },
    {
      "mode": "managed",
      "type": "aws_vpc",
      "name": "main",
      "provider": "provider[\"registry.terraform.io/hashicorp/aws\"]",
      "instances": [
        {
          "schema_version": 1,
          "attributes": {
            "arn": "arn:aws:ec2:us-east-2:733922282178:vpc/vpc-0dbbec3efe6f2888d",
            "assign_generated_ipv6_cidr_block": false,
            "cidr_block": "10.0.0.0/16",
            "default_network_acl_id": "acl-0ca13bd451fa692e3",
            "default_route_table_id": "rtb-0e5c4e8589dc462db",
            "default_security_group_id": "sg-06add09af9d5128c4",
            "dhcp_options_id": "dopt-0876a5158386099e6",
            "enable_dns_hostnames": true,
            "enable_dns_support": true,
            "enable_network_address_usage_metrics": false,
            "id": "vpc-0dbbec3efe6f2888d",
            "instance_tenancy": "default",
            "ipv4_ipam_pool_id": null,
            "ipv4_netmask_length": null,
            "ipv6_association_id": "",
            "ipv6_cidr_block": "",
            "ipv6_cidr_block_network_border_group": "",
            "ipv6_ipam_pool_id": "",
            "ipv6_netmask_length": 0,
            "main_route_table_id": "rtb-0e5c4e8589dc462db",
            "owner_id": "733922282178",
            "tags": {
              "Environment": "terraform-dev",
              "Name": "terraform-dev-vpc"
            },
            "tags_all": {
              "Environment": "terraform-dev",
              "Name": "terraform-dev-vpc"
            }
          },
          "sensitive_attributes": [],
          "private": "eyJzY2hlbWFfdmVyc2lvbiI6IjEifQ=="
        }
      ]
    },
    {
      "mode": "managed",
      "type": "local_file",
      "name": "hosts_cfg",
      "provider": "provider[\"registry.terraform.io/hashicorp/local\"]",
      "instances": [
        {
          "schema_version": 0,
          "attributes": {
            "content": "[vprofile-appservers]\n3.139.233.166\n\n[vprofile-memecache]\n10.0.3.254\n\n[vprofile-dbservers]\n10.0.3.214\n\n[vprofile-mqservers]\n10.0.3.15\n",
            "content_base64": null,
            "content_base64sha256": "wDIFer2/AFkzSFeLPSc7Ke7t21fZ7rhGYhlsH85l2Tw=",
            "content_base64sha512": "llR+5WpYnvzAZyOtAvLnEU1eMEUwWqDo/Y2i87BnV2j+ktJxz/nTVRwrvPn5X098VMTsfao1Nu+oC/Kgtjvfsg==",
            "content_md5": "955df25e96aae37cff1c46e9d5b3f8f5",
            "content_sha1": "8726fadd4f34c3653e47b5fb36a6c8a2d5bef498",
            "content_sha256": "c032057abdbf00593348578b3d273b29eeeddb57d9eeb84662196c1fce65d93c",
            "content_sha512": "96547ee56a589efcc06723ad02f2e7114d5e3045305aa0e8fd8da2f3b0675768fe92d271cff9d3551c2bbcf9f95f4f7c54c4ec7daa3536efa80bf2a0b63bdfb2",
            "directory_permission": "0777",
            "file_permission": "0777",
            "filename": "../ansible/inventory/aws_hosts",
            "id": "8726fadd4f34c3653e47b5fb36a6c8a2d5bef498",
            "sensitive_content": null,
            "source": null
          },
          "sensitive_attributes": [],
          "dependencies": [
            "aws_eip.nat_eip",
            "aws_instance.vprofile-appserver",
            "aws_instance.vprofile-dbserver",
            "aws_instance.vprofile-memecache",
            "aws_instance.vprofile-mqserver",
            "aws_internet_gateway.igw-terraform",
            "aws_nat_gateway.nat_gateway-terraformdev",
            "aws_security_group.SG-appserver",
            "aws_security_group.SG-backend",
            "aws_subnet.private_subnet_2a",
            "aws_subnet.public_subnet_2a",
            "aws_vpc.main"
          ]
        }
      ]
    },
    {
      "mode": "managed",
      "type": "local_file",
      "name": "test-key-private",
      "provider": "provider[\"registry.terraform.io/hashicorp/local\"]",
      "instances": [
        {
          "schema_version": 0,
          "attributes": {
            "content": "-----BEGIN RSA PRIVATE KEY-----\nMIIJKwIBAAKCAgEAtlF8PtQXOLwrjqibuAM7JQvEt9UaQ/LYGBb+q+KDYUQN00DQ\n67veZM2e0Mion0u7arEZyffbuQhp6Xetc5gHEz7KwcLIdp9PFIqWmhXsix3JnEr9\np1rT812Ewq6MSq+1zdbb9JlOuLiOd2uukx8cH6BWzGz3T9MKpTX53DdHa9Cm2KaT\npzVtkhRq5i6b/RNOii2EOp2UhhpNYvwOB0vplfab9WQTav9si06BaSqT75xJcYHQ\nixSV1wUcHntRsnW2u6wHhj2GCfZ/1I3xZnPTr3SId41eaAMvt6ejqWgFC6gXa1Nv\nZOEHTIZPas1KARXmrUN0lxnCIWvPabuTQDX5niURTG+VyQbJ/9J1j1xMRxGZHfHd\n7DCRwABQlLaUPvjWi59y0PVj+jv1vr5xpcroQsBhdUexsrCWNNyTpSqRIZSeE5ND\noUgxngNKO6XPya+zkBaaEn0BpPqgDSTL1D1XtSHfLFaETY2lHEsxpO/UU2SwwGT0\n4t6P+8HxUxzHwb7RKn0QgNa8jC41UE+sfwTLNt9GLQiJ1qD6UqVOf9hz+7zdj/qD\nnkk363SANF5ageL3eAcX5MzAi9dKn5wjpwnNjIg/LS2soqJxJ23L4LK/krwYBW9E\n9WFzSR/n/ZqSGJUmg7F780HPXfNfqiOy6Tg4SHqks62cue+zMG8IXlfflDsCAwEA\nAQKCAgEAhiQgES4FQ+YW+iiOIe6mppQpEcTGRXY4jkjk6dyII5lpvqPy027vqyUq\nk5z/i+yxoUdanSIzVMme+3rlcKZLllpd3gANdFG0Yn2xXv+Agb7R5p+6T1bhmS6W\njpLUf+MWFbPfM/FUXU7U64Kb+H0sOQzEsDYAJIg3TeUPyHoXn3juOXseKimCS7eg\nC2oBtUtuPvZMUsA8VgqmI40mWTH+VCsVBpCyRMhXuYtyZclA/Uv1MYF8ycfEk2ac\nEMVVD8PSRfTFuHwt0ci+tsoU8feIqZBJFAU8j7TAeBTssqjpBXGQgZPq4sM6lpA/\ngGo45+GQTqzR7Ja0Idjry3SKW/UaiYRAysYsBBldE+OiJLPiTI5HSmQYkoFRosgk\nq15Y+Ba7ulN+Byw+IOTFmsC6EXElKFhVenfP9NMWtm6wtS7OVTF0Sp1Jd4ltUHfk\nqZJ0/kQsy5G8/pkIUnG4hqMhYnMuSquHlbwKFHYfdchEVFWob5fOMku5aFLV+UhV\n6wRHQow10mlNUgfv8fOKz9m8Qq6Z9dK3BKRO8oKmXE0jkohmedhcpsqk/og62yQw\n+vkfLgAy4M4bOhRmOPRjwLoIECw1w7h3mqN4PRMgMKpXHSQmhmb1DtIaCLz3mhur\nzz0ihUjU83afHgtBLXHJTD4ZQaldXmObT+mBJ0Lm8kkVJuzJqEECggEBAO/Wj5MF\n+GQ8tOP+kuik1N0bppJKLvIqODuZyyCezMj+qSaUQXPc1vFnBzXPCdL3ifAhaUFR\nSWZgehTwkth6ck2lIKJc/t+sHf6ckNHmg5g1nJAY1HLmsHVpcHYZGNAYUImIdmnb\nCA7dLxXCAEosBu2zUEnQe5fzruR+JnOecGesYfQUDEodegiXpMqp7eq45GZ3tNkz\nrbTmNl9Uscs07PVUgzkTGI/NhgWoy2W0m1Ys7uvWs2PY1rVckzf/pXGMkB0s4jU6\nTkOUp+p945ITeGpFtAxT3VF4MGLy2x6AwB752CRy964v2+CnSKR/UM+G+D6hJ/oC\nwTmbV0fTaGN7N5sCggEBAMKapuiZQM3Id3n6OGLcgiJ2D9VA9NYGzD2+UCPI2OHx\nlfNlfk7uMpT+bwqXsVz0Hf3s5uxdcgdHxx8Sbkr/itIZtg2V6mZ/33r0PSQTZy68\nJhuXoQsq4/zRL1UeEDcuV0PM5pGKvHHdQ7C2iwqUWzkMukT4DQUH5OEQeI2wyo42\nj2yhsbrpYLbAl1ukDp7dbNwisPmH6ZjlZrGdBk1KQjcHgxQEwdEhHNNIqx3wPPQn\npZA5jV2VoHda4nHt9Vm5NhA3BU3P/BVa85wWt+fyOljPq3szKq50u7c6vjDGdVSo\nJdk6dcj72ILNX3d5YStvmpax7moyhPpK+rOGO4qe7+ECggEBANIMkv/Lqch4FmDb\nk2Rm//qJ/e9/QvBaI5enUOxHx8h8qD4ed9h2YFVZy0nIAq2emFMTn/BRtbwQ4Lq4\nG5O2Yac46ITqd1oDjt1v17HNdhD3WyAkbuQWwBKEfrcfsciGkvpw5mw9JSiHdHZU\nyxYqywKhGb8b9TKWe+SnyxtVdtKFeeBfMogymq8tyGiqPLFmrrpDOsNDbG3TdWk2\nbuQufR07oBV7cPZ4pFkOhNyVObpWbgVkqwXWYezCoDjaD9aLqaezqIW/g83SQuGu\n0YEcxkgktdRaGqoAXjg6w8dKMXivjioV+m+2gJaXS5qt2mN2rLGFSNLAWOQP9Xf1\nYiZGQuMCggEBALd1AjqvF2eoP/IvEO8qQEhqkpyRAv+uIudmPbiuhL/kd1+g48VX\nSzoo7tfGj784p/mVV1Gm+nOgmDhTsMRlSiKteHIwTWzZyf3ouKcE37YwS6ChfoG/\nqnTRY9TTZagPuNbDGO5GI0cYt9KlFEkh+Sm8NPIGAogmnAAM/gldjGcrSmS3voyd\nrL48q7QJ4nqj9hdFYR+soGyyfvCcPq+ofOnR3CGIJouXsswAasjrjRsDMVLY3stF\n3qQGewm6sh0mvK/mnspvc49SUexpgnBYa+cDx/56CxeyFrEy4M+smDn51syGDzot\nKjyNjh1cwV0odkzwavmUrMYk31lVB1a0ZSECggEBALnfKMN9uXRClMok8HEloMMd\nZDOMD8nVRU3p/3rE1GowYAIWk/MQWLw0FCjcxBwsG9jxIr0XCjfVgzbbhXNLRvQX\n2mfwTGkUm904Lbkl6rDToAuyV6rtwAZRnvWM+mEaCQ8hpzvRKMUpMapDrRiZ9gKz\nK6DBINFHFtCc7jbIcEswIrMrBsp5gpyDQhSS80+kmBfuIV5Nw/SpgmUlPOedbTsR\n0TevDpa+bmDOQR28ahRIL268JgJg3U91tMudMq4Rc7rXOqmwjfNQ3R+6jRKHs9TL\n4hPkcCaElcvfCNC6t+Pvx3brxS5zCdHS0hNI5xShQ5PwbtL+s0eLY9ewHiLTfYE=\n-----END RSA PRIVATE KEY-----\n",
            "content_base64": null,
            "content_base64sha256": "OKKuYhKwaz4hXmehbJH5YhnCmH5pl8b0/3fCMbqvihQ=",
            "content_base64sha512": "4L+dH4XptkvAgonfQWV0dT1qSlepTZ3erDs5SkfwioCshDG6kYWsPFSlfnJecbTiKGGFgaeSRsY83/3zhbiwnw==",
            "content_md5": "4f391c15e6b01040c12cb4c9302aca6d",
            "content_sha1": "3e6de48b6ad48b1573d10e53f0c61b63f948d52e",
            "content_sha256": "38a2ae6212b06b3e215e67a16c91f96219c2987e6997c6f4ff77c231baaf8a14",
            "content_sha512": "e0bf9d1f85e9b64bc08289df416574753d6a4a57a94d9ddeac3b394a47f08a80ac8431ba9185ac3c54a57e725e71b4e228618581a79246c63cdffdf385b8b09f",
            "directory_permission": "0777",
            "file_permission": "0777",
            "filename": "test-key.pem",
            "id": "3e6de48b6ad48b1573d10e53f0c61b63f948d52e",
            "sensitive_content": null,
            "source": null
          },
          "sensitive_attributes": [
            [
              {
                "type": "get_attr",
                "value": "content"
              }
            ]
          ],
          "dependencies": [
            "tls_private_key.rsa-private-key"
          ]
        }
      ]
    },
    {
      "mode": "managed",
      "type": "tls_private_key",
      "name": "rsa-private-key",
      "provider": "provider[\"registry.terraform.io/hashicorp/tls\"]",
      "instances": [
        {
          "schema_version": 1,
          "attributes": {
            "algorithm": "RSA",
            "ecdsa_curve": "P224",
            "id": "b5dacf34bbb1f41a00803929cb4634e96e05d2b4",
            "private_key_openssh": "-----BEGIN OPENSSH PRIVATE KEY-----\nb3BlbnNzaC1rZXktdjEAAAAABG5vbmUAAAAEbm9uZQAAAAAAAAABAAACFwAAAAdz\nc2gtcnNhAAAAAwEAAQAAAgEAtlF8PtQXOLwrjqibuAM7JQvEt9UaQ/LYGBb+q+KD\nYUQN00DQ67veZM2e0Mion0u7arEZyffbuQhp6Xetc5gHEz7KwcLIdp9PFIqWmhXs\nix3JnEr9p1rT812Ewq6MSq+1zdbb9JlOuLiOd2uukx8cH6BWzGz3T9MKpTX53DdH\na9Cm2KaTpzVtkhRq5i6b/RNOii2EOp2UhhpNYvwOB0vplfab9WQTav9si06BaSqT\n75xJcYHQixSV1wUcHntRsnW2u6wHhj2GCfZ/1I3xZnPTr3SId41eaAMvt6ejqWgF\nC6gXa1NvZOEHTIZPas1KARXmrUN0lxnCIWvPabuTQDX5niURTG+VyQbJ/9J1j1xM\nRxGZHfHd7DCRwABQlLaUPvjWi59y0PVj+jv1vr5xpcroQsBhdUexsrCWNNyTpSqR\nIZSeE5NDoUgxngNKO6XPya+zkBaaEn0BpPqgDSTL1D1XtSHfLFaETY2lHEsxpO/U\nU2SwwGT04t6P+8HxUxzHwb7RKn0QgNa8jC41UE+sfwTLNt9GLQiJ1qD6UqVOf9hz\n+7zdj/qDnkk363SANF5ageL3eAcX5MzAi9dKn5wjpwnNjIg/LS2soqJxJ23L4LK/\nkrwYBW9E9WFzSR/n/ZqSGJUmg7F780HPXfNfqiOy6Tg4SHqks62cue+zMG8IXlff\nlDsAAAc4u8bPkrvGz5IAAAAHc3NoLXJzYQAAAgEAtlF8PtQXOLwrjqibuAM7JQvE\nt9UaQ/LYGBb+q+KDYUQN00DQ67veZM2e0Mion0u7arEZyffbuQhp6Xetc5gHEz7K\nwcLIdp9PFIqWmhXsix3JnEr9p1rT812Ewq6MSq+1zdbb9JlOuLiOd2uukx8cH6BW\nzGz3T9MKpTX53DdHa9Cm2KaTpzVtkhRq5i6b/RNOii2EOp2UhhpNYvwOB0vplfab\n9WQTav9si06BaSqT75xJcYHQixSV1wUcHntRsnW2u6wHhj2GCfZ/1I3xZnPTr3SI\nd41eaAMvt6ejqWgFC6gXa1NvZOEHTIZPas1KARXmrUN0lxnCIWvPabuTQDX5niUR\nTG+VyQbJ/9J1j1xMRxGZHfHd7DCRwABQlLaUPvjWi59y0PVj+jv1vr5xpcroQsBh\ndUexsrCWNNyTpSqRIZSeE5NDoUgxngNKO6XPya+zkBaaEn0BpPqgDSTL1D1XtSHf\nLFaETY2lHEsxpO/UU2SwwGT04t6P+8HxUxzHwb7RKn0QgNa8jC41UE+sfwTLNt9G\nLQiJ1qD6UqVOf9hz+7zdj/qDnkk363SANF5ageL3eAcX5MzAi9dKn5wjpwnNjIg/\nLS2soqJxJ23L4LK/krwYBW9E9WFzSR/n/ZqSGJUmg7F780HPXfNfqiOy6Tg4SHqk\ns62cue+zMG8IXlfflDsAAAADAQABAAACAQCGJCARLgVD5hb6KI4h7qamlCkRxMZF\ndjiOSOTp3IgjmWm+o/LTbu+rJSqTnP+L7LGhR1qdIjNUyZ77euVwpkuWWl3eAA10\nUbRifbFe/4CBvtHmn7pPVuGZLpaOktR/4xYVs98z8VRdTtTrgpv4fSw5DMSwNgAk\niDdN5Q/IehefeO45ex4qKYJLt6ALagG1S24+9kxSwDxWCqYjjSZZMf5UKxUGkLJE\nyFe5i3JlyUD9S/UxgXzJx8STZpwQxVUPw9JF9MW4fC3RyL62yhTx94ipkEkUBTyP\ntMB4FOyyqOkFcZCBk+riwzqWkD+Aajjn4ZBOrNHslrQh2OvLdIpb9RqJhEDKxiwE\nGV0T46Iks+JMjkdKZBiSgVGiyCSrXlj4Fru6U34HLD4g5MWawLoRcSUoWFV6d8/0\n0xa2brC1Ls5VMXRKnUl3iW1Qd+SpknT+RCzLkbz+mQhScbiGoyFicy5Kq4eVvAoU\ndh91yERUVahvl84yS7loUtX5SFXrBEdCjDXSaU1SB+/x84rP2bxCrpn10rcEpE7y\ngqZcTSOSiGZ52FymyqT+iDrbJDD6+R8uADLgzhs6FGY49GPAuggQLDXDuHeao3g9\nEyAwqlcdJCaGZvUO0hoIvPeaG6vPPSKFSNTzdp8eC0EtcclMPhlBqV1eY5tP6YEn\nQubySRUm7MmoQQAAAQEAud8ow325dEKUyiTwcSWgwx1kM4wPydVFTen/esTUajBg\nAhaT8xBYvDQUKNzEHCwb2PEivRcKN9WDNtuFc0tG9BfaZ/BMaRSb3TgtuSXqsNOg\nC7JXqu3ABlGe9Yz6YRoJDyGnO9EoxSkxqkOtGJn2ArMroMEg0UcW0JzuNshwSzAi\nsysGynmCnINCFJLzT6SYF+4hXk3D9KmCZSU8551tOxHRN68Olr5uYM5BHbxqFEgv\nbrwmAmDdT3W0y50yrhFzutc6qbCN81DdH7qNEoez1MviE+RwJoSVy98I0Lq34+/H\nduvFLnMJ0dLSE0jnFKFDk/Bu0v6zR4tj17AeItN9gQAAAQEA79aPkwX4ZDy04/6S\n6KTU3Rumkkou8io4O5nLIJ7MyP6pJpRBc9zW8WcHNc8J0veJ8CFpQVFJZmB6FPCS\n2HpyTaUgolz+36wd/pyQ0eaDmDWckBjUcuawdWlwdhkY0BhQiYh2adsIDt0vFcIA\nSiwG7bNQSdB7l/Ou5H4mc55wZ6xh9BQMSh16CJekyqnt6rjkZne02TOttOY2X1Sx\nyzTs9VSDORMYj82GBajLZbSbVizu69azY9jWtVyTN/+lcYyQHSziNTpOQ5Sn6n3j\nkhN4akW0DFPdUXgwYvLbHoDAHvnYJHL3ri/b4KdIpH9Qz4b4PqEn+gLBOZtXR9No\nY3s3mwAAAQEAwpqm6JlAzch3efo4YtyCInYP1UD01gbMPb5QI8jY4fGV82V+Tu4y\nlP5vCpexXPQd/ezm7F1yB0fHHxJuSv+K0hm2DZXqZn/fevQ9JBNnLrwmG5ehCyrj\n/NEvVR4QNy5XQ8zmkYq8cd1DsLaLCpRbOQy6RPgNBQfk4RB4jbDKjjaPbKGxuulg\ntsCXW6QOnt1s3CKw+YfpmOVmsZ0GTUpCNweDFATB0SEc00irHfA89CelkDmNXZWg\nd1rice31Wbk2EDcFTc/8FVrznBa35/I6WM+rezMqrnS7tzq+MMZ1VKgl2Tp1yPvY\ngs1fd3lhK2+alrHuajKE+kr6s4Y7ip7v4QAAAAAB\n-----END OPENSSH PRIVATE KEY-----\n",
            "private_key_pem": "-----BEGIN RSA PRIVATE KEY-----\nMIIJKwIBAAKCAgEAtlF8PtQXOLwrjqibuAM7JQvEt9UaQ/LYGBb+q+KDYUQN00DQ\n67veZM2e0Mion0u7arEZyffbuQhp6Xetc5gHEz7KwcLIdp9PFIqWmhXsix3JnEr9\np1rT812Ewq6MSq+1zdbb9JlOuLiOd2uukx8cH6BWzGz3T9MKpTX53DdHa9Cm2KaT\npzVtkhRq5i6b/RNOii2EOp2UhhpNYvwOB0vplfab9WQTav9si06BaSqT75xJcYHQ\nixSV1wUcHntRsnW2u6wHhj2GCfZ/1I3xZnPTr3SId41eaAMvt6ejqWgFC6gXa1Nv\nZOEHTIZPas1KARXmrUN0lxnCIWvPabuTQDX5niURTG+VyQbJ/9J1j1xMRxGZHfHd\n7DCRwABQlLaUPvjWi59y0PVj+jv1vr5xpcroQsBhdUexsrCWNNyTpSqRIZSeE5ND\noUgxngNKO6XPya+zkBaaEn0BpPqgDSTL1D1XtSHfLFaETY2lHEsxpO/UU2SwwGT0\n4t6P+8HxUxzHwb7RKn0QgNa8jC41UE+sfwTLNt9GLQiJ1qD6UqVOf9hz+7zdj/qD\nnkk363SANF5ageL3eAcX5MzAi9dKn5wjpwnNjIg/LS2soqJxJ23L4LK/krwYBW9E\n9WFzSR/n/ZqSGJUmg7F780HPXfNfqiOy6Tg4SHqks62cue+zMG8IXlfflDsCAwEA\nAQKCAgEAhiQgES4FQ+YW+iiOIe6mppQpEcTGRXY4jkjk6dyII5lpvqPy027vqyUq\nk5z/i+yxoUdanSIzVMme+3rlcKZLllpd3gANdFG0Yn2xXv+Agb7R5p+6T1bhmS6W\njpLUf+MWFbPfM/FUXU7U64Kb+H0sOQzEsDYAJIg3TeUPyHoXn3juOXseKimCS7eg\nC2oBtUtuPvZMUsA8VgqmI40mWTH+VCsVBpCyRMhXuYtyZclA/Uv1MYF8ycfEk2ac\nEMVVD8PSRfTFuHwt0ci+tsoU8feIqZBJFAU8j7TAeBTssqjpBXGQgZPq4sM6lpA/\ngGo45+GQTqzR7Ja0Idjry3SKW/UaiYRAysYsBBldE+OiJLPiTI5HSmQYkoFRosgk\nq15Y+Ba7ulN+Byw+IOTFmsC6EXElKFhVenfP9NMWtm6wtS7OVTF0Sp1Jd4ltUHfk\nqZJ0/kQsy5G8/pkIUnG4hqMhYnMuSquHlbwKFHYfdchEVFWob5fOMku5aFLV+UhV\n6wRHQow10mlNUgfv8fOKz9m8Qq6Z9dK3BKRO8oKmXE0jkohmedhcpsqk/og62yQw\n+vkfLgAy4M4bOhRmOPRjwLoIECw1w7h3mqN4PRMgMKpXHSQmhmb1DtIaCLz3mhur\nzz0ihUjU83afHgtBLXHJTD4ZQaldXmObT+mBJ0Lm8kkVJuzJqEECggEBAO/Wj5MF\n+GQ8tOP+kuik1N0bppJKLvIqODuZyyCezMj+qSaUQXPc1vFnBzXPCdL3ifAhaUFR\nSWZgehTwkth6ck2lIKJc/t+sHf6ckNHmg5g1nJAY1HLmsHVpcHYZGNAYUImIdmnb\nCA7dLxXCAEosBu2zUEnQe5fzruR+JnOecGesYfQUDEodegiXpMqp7eq45GZ3tNkz\nrbTmNl9Uscs07PVUgzkTGI/NhgWoy2W0m1Ys7uvWs2PY1rVckzf/pXGMkB0s4jU6\nTkOUp+p945ITeGpFtAxT3VF4MGLy2x6AwB752CRy964v2+CnSKR/UM+G+D6hJ/oC\nwTmbV0fTaGN7N5sCggEBAMKapuiZQM3Id3n6OGLcgiJ2D9VA9NYGzD2+UCPI2OHx\nlfNlfk7uMpT+bwqXsVz0Hf3s5uxdcgdHxx8Sbkr/itIZtg2V6mZ/33r0PSQTZy68\nJhuXoQsq4/zRL1UeEDcuV0PM5pGKvHHdQ7C2iwqUWzkMukT4DQUH5OEQeI2wyo42\nj2yhsbrpYLbAl1ukDp7dbNwisPmH6ZjlZrGdBk1KQjcHgxQEwdEhHNNIqx3wPPQn\npZA5jV2VoHda4nHt9Vm5NhA3BU3P/BVa85wWt+fyOljPq3szKq50u7c6vjDGdVSo\nJdk6dcj72ILNX3d5YStvmpax7moyhPpK+rOGO4qe7+ECggEBANIMkv/Lqch4FmDb\nk2Rm//qJ/e9/QvBaI5enUOxHx8h8qD4ed9h2YFVZy0nIAq2emFMTn/BRtbwQ4Lq4\nG5O2Yac46ITqd1oDjt1v17HNdhD3WyAkbuQWwBKEfrcfsciGkvpw5mw9JSiHdHZU\nyxYqywKhGb8b9TKWe+SnyxtVdtKFeeBfMogymq8tyGiqPLFmrrpDOsNDbG3TdWk2\nbuQufR07oBV7cPZ4pFkOhNyVObpWbgVkqwXWYezCoDjaD9aLqaezqIW/g83SQuGu\n0YEcxkgktdRaGqoAXjg6w8dKMXivjioV+m+2gJaXS5qt2mN2rLGFSNLAWOQP9Xf1\nYiZGQuMCggEBALd1AjqvF2eoP/IvEO8qQEhqkpyRAv+uIudmPbiuhL/kd1+g48VX\nSzoo7tfGj784p/mVV1Gm+nOgmDhTsMRlSiKteHIwTWzZyf3ouKcE37YwS6ChfoG/\nqnTRY9TTZagPuNbDGO5GI0cYt9KlFEkh+Sm8NPIGAogmnAAM/gldjGcrSmS3voyd\nrL48q7QJ4nqj9hdFYR+soGyyfvCcPq+ofOnR3CGIJouXsswAasjrjRsDMVLY3stF\n3qQGewm6sh0mvK/mnspvc49SUexpgnBYa+cDx/56CxeyFrEy4M+smDn51syGDzot\nKjyNjh1cwV0odkzwavmUrMYk31lVB1a0ZSECggEBALnfKMN9uXRClMok8HEloMMd\nZDOMD8nVRU3p/3rE1GowYAIWk/MQWLw0FCjcxBwsG9jxIr0XCjfVgzbbhXNLRvQX\n2mfwTGkUm904Lbkl6rDToAuyV6rtwAZRnvWM+mEaCQ8hpzvRKMUpMapDrRiZ9gKz\nK6DBINFHFtCc7jbIcEswIrMrBsp5gpyDQhSS80+kmBfuIV5Nw/SpgmUlPOedbTsR\n0TevDpa+bmDOQR28ahRIL268JgJg3U91tMudMq4Rc7rXOqmwjfNQ3R+6jRKHs9TL\n4hPkcCaElcvfCNC6t+Pvx3brxS5zCdHS0hNI5xShQ5PwbtL+s0eLY9ewHiLTfYE=\n-----END RSA PRIVATE KEY-----\n",
            "private_key_pem_pkcs8": "-----BEGIN PRIVATE KEY-----\nMIIJRQIBADANBgkqhkiG9w0BAQEFAASCCS8wggkrAgEAAoICAQC2UXw+1Bc4vCuO\nqJu4AzslC8S31RpD8tgYFv6r4oNhRA3TQNDru95kzZ7QyKifS7tqsRnJ99u5CGnp\nd61zmAcTPsrBwsh2n08UipaaFeyLHcmcSv2nWtPzXYTCroxKr7XN1tv0mU64uI53\na66THxwfoFbMbPdP0wqlNfncN0dr0KbYppOnNW2SFGrmLpv9E06KLYQ6nZSGGk1i\n/A4HS+mV9pv1ZBNq/2yLToFpKpPvnElxgdCLFJXXBRwee1Gydba7rAeGPYYJ9n/U\njfFmc9OvdIh3jV5oAy+3p6OpaAULqBdrU29k4QdMhk9qzUoBFeatQ3SXGcIha89p\nu5NANfmeJRFMb5XJBsn/0nWPXExHEZkd8d3sMJHAAFCUtpQ++NaLn3LQ9WP6O/W+\nvnGlyuhCwGF1R7GysJY03JOlKpEhlJ4Tk0OhSDGeA0o7pc/Jr7OQFpoSfQGk+qAN\nJMvUPVe1Id8sVoRNjaUcSzGk79RTZLDAZPTi3o/7wfFTHMfBvtEqfRCA1ryMLjVQ\nT6x/BMs230YtCInWoPpSpU5/2HP7vN2P+oOeSTfrdIA0XlqB4vd4BxfkzMCL10qf\nnCOnCc2MiD8tLayionEnbcvgsr+SvBgFb0T1YXNJH+f9mpIYlSaDsXvzQc9d81+q\nI7LpODhIeqSzrZy577MwbwheV9+UOwIDAQABAoICAQCGJCARLgVD5hb6KI4h7qam\nlCkRxMZFdjiOSOTp3IgjmWm+o/LTbu+rJSqTnP+L7LGhR1qdIjNUyZ77euVwpkuW\nWl3eAA10UbRifbFe/4CBvtHmn7pPVuGZLpaOktR/4xYVs98z8VRdTtTrgpv4fSw5\nDMSwNgAkiDdN5Q/IehefeO45ex4qKYJLt6ALagG1S24+9kxSwDxWCqYjjSZZMf5U\nKxUGkLJEyFe5i3JlyUD9S/UxgXzJx8STZpwQxVUPw9JF9MW4fC3RyL62yhTx94ip\nkEkUBTyPtMB4FOyyqOkFcZCBk+riwzqWkD+Aajjn4ZBOrNHslrQh2OvLdIpb9RqJ\nhEDKxiwEGV0T46Iks+JMjkdKZBiSgVGiyCSrXlj4Fru6U34HLD4g5MWawLoRcSUo\nWFV6d8/00xa2brC1Ls5VMXRKnUl3iW1Qd+SpknT+RCzLkbz+mQhScbiGoyFicy5K\nq4eVvAoUdh91yERUVahvl84yS7loUtX5SFXrBEdCjDXSaU1SB+/x84rP2bxCrpn1\n0rcEpE7ygqZcTSOSiGZ52FymyqT+iDrbJDD6+R8uADLgzhs6FGY49GPAuggQLDXD\nuHeao3g9EyAwqlcdJCaGZvUO0hoIvPeaG6vPPSKFSNTzdp8eC0EtcclMPhlBqV1e\nY5tP6YEnQubySRUm7MmoQQKCAQEA79aPkwX4ZDy04/6S6KTU3Rumkkou8io4O5nL\nIJ7MyP6pJpRBc9zW8WcHNc8J0veJ8CFpQVFJZmB6FPCS2HpyTaUgolz+36wd/pyQ\n0eaDmDWckBjUcuawdWlwdhkY0BhQiYh2adsIDt0vFcIASiwG7bNQSdB7l/Ou5H4m\nc55wZ6xh9BQMSh16CJekyqnt6rjkZne02TOttOY2X1SxyzTs9VSDORMYj82GBajL\nZbSbVizu69azY9jWtVyTN/+lcYyQHSziNTpOQ5Sn6n3jkhN4akW0DFPdUXgwYvLb\nHoDAHvnYJHL3ri/b4KdIpH9Qz4b4PqEn+gLBOZtXR9NoY3s3mwKCAQEAwpqm6JlA\nzch3efo4YtyCInYP1UD01gbMPb5QI8jY4fGV82V+Tu4ylP5vCpexXPQd/ezm7F1y\nB0fHHxJuSv+K0hm2DZXqZn/fevQ9JBNnLrwmG5ehCyrj/NEvVR4QNy5XQ8zmkYq8\ncd1DsLaLCpRbOQy6RPgNBQfk4RB4jbDKjjaPbKGxuulgtsCXW6QOnt1s3CKw+Yfp\nmOVmsZ0GTUpCNweDFATB0SEc00irHfA89CelkDmNXZWgd1rice31Wbk2EDcFTc/8\nFVrznBa35/I6WM+rezMqrnS7tzq+MMZ1VKgl2Tp1yPvYgs1fd3lhK2+alrHuajKE\n+kr6s4Y7ip7v4QKCAQEA0gyS/8upyHgWYNuTZGb/+on9739C8Fojl6dQ7EfHyHyo\nPh532HZgVVnLScgCrZ6YUxOf8FG1vBDgurgbk7ZhpzjohOp3WgOO3W/Xsc12EPdb\nICRu5BbAEoR+tx+xyIaS+nDmbD0lKId0dlTLFirLAqEZvxv1MpZ75KfLG1V20oV5\n4F8yiDKary3IaKo8sWauukM6w0NsbdN1aTZu5C59HTugFXtw9nikWQ6E3JU5ulZu\nBWSrBdZh7MKgONoP1oupp7Oohb+DzdJC4a7RgRzGSCS11FoaqgBeODrDx0oxeK+O\nKhX6b7aAlpdLmq3aY3assYVI0sBY5A/1d/ViJkZC4wKCAQEAt3UCOq8XZ6g/8i8Q\n7ypASGqSnJEC/64i52Y9uK6Ev+R3X6DjxVdLOiju18aPvzin+ZVXUab6c6CYOFOw\nxGVKIq14cjBNbNnJ/ei4pwTftjBLoKF+gb+qdNFj1NNlqA+41sMY7kYjRxi30qUU\nSSH5Kbw08gYCiCacAAz+CV2MZytKZLe+jJ2svjyrtAnieqP2F0VhH6ygbLJ+8Jw+\nr6h86dHcIYgmi5eyzABqyOuNGwMxUtjey0XepAZ7CbqyHSa8r+aeym9zj1JR7GmC\ncFhr5wPH/noLF7IWsTLgz6yYOfnWzIYPOi0qPI2OHVzBXSh2TPBq+ZSsxiTfWVUH\nVrRlIQKCAQEAud8ow325dEKUyiTwcSWgwx1kM4wPydVFTen/esTUajBgAhaT8xBY\nvDQUKNzEHCwb2PEivRcKN9WDNtuFc0tG9BfaZ/BMaRSb3TgtuSXqsNOgC7JXqu3A\nBlGe9Yz6YRoJDyGnO9EoxSkxqkOtGJn2ArMroMEg0UcW0JzuNshwSzAisysGynmC\nnINCFJLzT6SYF+4hXk3D9KmCZSU8551tOxHRN68Olr5uYM5BHbxqFEgvbrwmAmDd\nT3W0y50yrhFzutc6qbCN81DdH7qNEoez1MviE+RwJoSVy98I0Lq34+/HduvFLnMJ\n0dLSE0jnFKFDk/Bu0v6zR4tj17AeItN9gQ==\n-----END PRIVATE KEY-----\n",
            "public_key_fingerprint_md5": "2e:69:07:66:b8:24:19:c0:e4:41:f1:c7:54:3d:3d:8e",
            "public_key_fingerprint_sha256": "SHA256:MeUUNwzgVzlVwRmlwrl3fex26nL85mERfoepBszYItE",
            "public_key_openssh": "ssh-rsa AAAAB3NzaC1yc2EAAAADAQABAAACAQC2UXw+1Bc4vCuOqJu4AzslC8S31RpD8tgYFv6r4oNhRA3TQNDru95kzZ7QyKifS7tqsRnJ99u5CGnpd61zmAcTPsrBwsh2n08UipaaFeyLHcmcSv2nWtPzXYTCroxKr7XN1tv0mU64uI53a66THxwfoFbMbPdP0wqlNfncN0dr0KbYppOnNW2SFGrmLpv9E06KLYQ6nZSGGk1i/A4HS+mV9pv1ZBNq/2yLToFpKpPvnElxgdCLFJXXBRwee1Gydba7rAeGPYYJ9n/UjfFmc9OvdIh3jV5oAy+3p6OpaAULqBdrU29k4QdMhk9qzUoBFeatQ3SXGcIha89pu5NANfmeJRFMb5XJBsn/0nWPXExHEZkd8d3sMJHAAFCUtpQ++NaLn3LQ9WP6O/W+vnGlyuhCwGF1R7GysJY03JOlKpEhlJ4Tk0OhSDGeA0o7pc/Jr7OQFpoSfQGk+qANJMvUPVe1Id8sVoRNjaUcSzGk79RTZLDAZPTi3o/7wfFTHMfBvtEqfRCA1ryMLjVQT6x/BMs230YtCInWoPpSpU5/2HP7vN2P+oOeSTfrdIA0XlqB4vd4BxfkzMCL10qfnCOnCc2MiD8tLayionEnbcvgsr+SvBgFb0T1YXNJH+f9mpIYlSaDsXvzQc9d81+qI7LpODhIeqSzrZy577MwbwheV9+UOw==\n",
            "public_key_pem": "-----BEGIN PUBLIC KEY-----\nMIICIjANBgkqhkiG9w0BAQEFAAOCAg8AMIICCgKCAgEAtlF8PtQXOLwrjqibuAM7\nJQvEt9UaQ/LYGBb+q+KDYUQN00DQ67veZM2e0Mion0u7arEZyffbuQhp6Xetc5gH\nEz7KwcLIdp9PFIqWmhXsix3JnEr9p1rT812Ewq6MSq+1zdbb9JlOuLiOd2uukx8c\nH6BWzGz3T9MKpTX53DdHa9Cm2KaTpzVtkhRq5i6b/RNOii2EOp2UhhpNYvwOB0vp\nlfab9WQTav9si06BaSqT75xJcYHQixSV1wUcHntRsnW2u6wHhj2GCfZ/1I3xZnPT\nr3SId41eaAMvt6ejqWgFC6gXa1NvZOEHTIZPas1KARXmrUN0lxnCIWvPabuTQDX5\nniURTG+VyQbJ/9J1j1xMRxGZHfHd7DCRwABQlLaUPvjWi59y0PVj+jv1vr5xpcro\nQsBhdUexsrCWNNyTpSqRIZSeE5NDoUgxngNKO6XPya+zkBaaEn0BpPqgDSTL1D1X\ntSHfLFaETY2lHEsxpO/UU2SwwGT04t6P+8HxUxzHwb7RKn0QgNa8jC41UE+sfwTL\nNt9GLQiJ1qD6UqVOf9hz+7zdj/qDnkk363SANF5ageL3eAcX5MzAi9dKn5wjpwnN\njIg/LS2soqJxJ23L4LK/krwYBW9E9WFzSR/n/ZqSGJUmg7F780HPXfNfqiOy6Tg4\nSHqks62cue+zMG8IXlfflDsCAwEAAQ==\n-----END PUBLIC KEY-----\n",
            "rsa_bits": 4096
          },
          "sensitive_attributes": []
        }
      ]
    }
  ],
  "check_results": null
}
